// !$*UTF8*$!
{
	archiveVersion = 1;
	classes = {
	};
	objectVersion = 55;
	objects = {

/* Begin PBXBuildFile section */
		49A794BBD34BFBD94C32EBA4 /* Pods_ypimage.framework in Frameworks */ = {isa = PBXBuildFile; fileRef = 67ADEBDD61133BC019F11CDD /* Pods_ypimage.framework */; };
		DA6051E028BF998B00C2DF13 /* ypimageApp.swift in Sources */ = {isa = PBXBuildFile; fileRef = DA6051DF28BF998B00C2DF13 /* ypimageApp.swift */; };
		DA6051E228BF998B00C2DF13 /* ContentView.swift in Sources */ = {isa = PBXBuildFile; fileRef = DA6051E128BF998B00C2DF13 /* ContentView.swift */; };
		DA6051E428BF998B00C2DF13 /* Assets.xcassets in Resources */ = {isa = PBXBuildFile; fileRef = DA6051E328BF998B00C2DF13 /* Assets.xcassets */; };
		DA6051E728BF998B00C2DF13 /* Preview Assets.xcassets in Resources */ = {isa = PBXBuildFile; fileRef = DA6051E628BF998B00C2DF13 /* Preview Assets.xcassets */; };
		DA6052D128BF9EFE00C2DF13 /* MediaPicker.swift in Sources */ = {isa = PBXBuildFile; fileRef = DA6052D028BF9EFE00C2DF13 /* MediaPicker.swift */; };
/* End PBXBuildFile section */

/* Begin PBXFileReference section */
		67ADEBDD61133BC019F11CDD /* Pods_ypimage.framework */ = {isa = PBXFileReference; explicitFileType = wrapper.framework; includeInIndex = 0; path = Pods_ypimage.framework; sourceTree = BUILT_PRODUCTS_DIR; };
		BE319A0BE672742717695CBD /* Pods-ypimage.debug.xcconfig */ = {isa = PBXFileReference; includeInIndex = 1; lastKnownFileType = text.xcconfig; name = "Pods-ypimage.debug.xcconfig"; path = "Target Support Files/Pods-ypimage/Pods-ypimage.debug.xcconfig"; sourceTree = "<group>"; };
		C78FF83B3C06EE13A29C5F85 /* Pods-ypimage.release.xcconfig */ = {isa = PBXFileReference; includeInIndex = 1; lastKnownFileType = text.xcconfig; name = "Pods-ypimage.release.xcconfig"; path = "Target Support Files/Pods-ypimage/Pods-ypimage.release.xcconfig"; sourceTree = "<group>"; };
		DA6051DC28BF998B00C2DF13 /* ypimage.app */ = {isa = PBXFileReference; explicitFileType = wrapper.application; includeInIndex = 0; path = ypimage.app; sourceTree = BUILT_PRODUCTS_DIR; };
		DA6051DF28BF998B00C2DF13 /* ypimageApp.swift */ = {isa = PBXFileReference; lastKnownFileType = sourcecode.swift; path = ypimageApp.swift; sourceTree = "<group>"; };
		DA6051E128BF998B00C2DF13 /* ContentView.swift */ = {isa = PBXFileReference; lastKnownFileType = sourcecode.swift; path = ContentView.swift; sourceTree = "<group>"; };
		DA6051E328BF998B00C2DF13 /* Assets.xcassets */ = {isa = PBXFileReference; lastKnownFileType = folder.assetcatalog; path = Assets.xcassets; sourceTree = "<group>"; };
		DA6051E628BF998B00C2DF13 /* Preview Assets.xcassets */ = {isa = PBXFileReference; lastKnownFileType = folder.assetcatalog; path = "Preview Assets.xcassets"; sourceTree = "<group>"; };
		DA6052D028BF9EFE00C2DF13 /* MediaPicker.swift */ = {isa = PBXFileReference; lastKnownFileType = sourcecode.swift; path = MediaPicker.swift; sourceTree = "<group>"; };
/* End PBXFileReference section */

/* Begin PBXFrameworksBuildPhase section */
		DA6051D928BF998B00C2DF13 /* Frameworks */ = {
			isa = PBXFrameworksBuildPhase;
			buildActionMask = 2147483647;
			files = (
				49A794BBD34BFBD94C32EBA4 /* Pods_ypimage.framework in Frameworks */,
			);
			runOnlyForDeploymentPostprocessing = 0;
		};
/* End PBXFrameworksBuildPhase section */

/* Begin PBXGroup section */
		19D4D7E60EC28A1227155C2D /* Frameworks */ = {
			isa = PBXGroup;
			children = (
				67ADEBDD61133BC019F11CDD /* Pods_ypimage.framework */,
			);
			name = Frameworks;
			sourceTree = "<group>";
		};
		DA6051D328BF998B00C2DF13 = {
			isa = PBXGroup;
			children = (
				DA6051DE28BF998B00C2DF13 /* ypimage */,
				DA6051DD28BF998B00C2DF13 /* Products */,
				F65C9411D3A327BFA8EDC87C /* Pods */,
				19D4D7E60EC28A1227155C2D /* Frameworks */,
			);
			sourceTree = "<group>";
		};
		DA6051DD28BF998B00C2DF13 /* Products */ = {
			isa = PBXGroup;
			children = (
				DA6051DC28BF998B00C2DF13 /* ypimage.app */,
			);
			name = Products;
			sourceTree = "<group>";
		};
		DA6051DE28BF998B00C2DF13 /* ypimage */ = {
			isa = PBXGroup;
			children = (
				DA6051DF28BF998B00C2DF13 /* ypimageApp.swift */,
				DA6051E128BF998B00C2DF13 /* ContentView.swift */,
				DA6052D028BF9EFE00C2DF13 /* MediaPicker.swift */,
				DA6051E328BF998B00C2DF13 /* Assets.xcassets */,
				DA6051E528BF998B00C2DF13 /* Preview Content */,
			);
			path = ypimage;
			sourceTree = "<group>";
		};
		DA6051E528BF998B00C2DF13 /* Preview Content */ = {
			isa = PBXGroup;
			children = (
				DA6051E628BF998B00C2DF13 /* Preview Assets.xcassets */,
			);
			path = "Preview Content";
			sourceTree = "<group>";
		};
		F65C9411D3A327BFA8EDC87C /* Pods */ = {
			isa = PBXGroup;
			children = (
				BE319A0BE672742717695CBD /* Pods-ypimage.debug.xcconfig */,
				C78FF83B3C06EE13A29C5F85 /* Pods-ypimage.release.xcconfig */,
			);
			path = Pods;
			sourceTree = "<group>";
		};
/* End PBXGroup section */

/* Begin PBXNativeTarget section */
		DA6051DB28BF998B00C2DF13 /* ypimage */ = {
			isa = PBXNativeTarget;
			buildConfigurationList = DA6051EA28BF998B00C2DF13 /* Build configuration list for PBXNativeTarget "ypimage" */;
			buildPhases = (
				DF87FA5A9D573BEAFA3CA0E1 /* [CP] Check Pods Manifest.lock */,
				DA6051D828BF998B00C2DF13 /* Sources */,
				DA6051D928BF998B00C2DF13 /* Frameworks */,
				DA6051DA28BF998B00C2DF13 /* Resources */,
				41431B890AAFDCB5B4D13A98 /* [CP] Embed Pods Frameworks */,
			);
			buildRules = (
			);
			dependencies = (
			);
			name = ypimage;
			productName = ypimage;
			productReference = DA6051DC28BF998B00C2DF13 /* ypimage.app */;
			productType = "com.apple.product-type.application";
		};
/* End PBXNativeTarget section */

/* Begin PBXProject section */
		DA6051D428BF998B00C2DF13 /* Project object */ = {
			isa = PBXProject;
			attributes = {
				BuildIndependentTargetsInParallel = 1;
				LastSwiftUpdateCheck = 1320;
				LastUpgradeCheck = 1320;
				TargetAttributes = {
					DA6051DB28BF998B00C2DF13 = {
						CreatedOnToolsVersion = 13.2.1;
					};
				};
			};
			buildConfigurationList = DA6051D728BF998B00C2DF13 /* Build configuration list for PBXProject "ypimage" */;
			compatibilityVersion = "Xcode 13.0";
			developmentRegion = en;
			hasScannedForEncodings = 0;
			knownRegions = (
				en,
				Base,
				de,
				ar,
				"zh-Hans",
				ja,
				fa,
				nb,
				es,
				da,
				it,
				bg,
				sv,
				cs,
				km,
				ko,
				"zh-Hant",
				"km-KH",
				tr,
				pl,
				"pt-BR",
				vi,
				ru,
				fr,
				id,
				nl,
				th,
				"pt-PT",
				ro,
			);
			mainGroup = DA6051D328BF998B00C2DF13;
			productRefGroup = DA6051DD28BF998B00C2DF13 /* Products */;
			projectDirPath = "";
			projectRoot = "";
			targets = (
				DA6051DB28BF998B00C2DF13 /* ypimage */,
			);
		};
/* End PBXProject section */

/* Begin PBXResourcesBuildPhase section */
		DA6051DA28BF998B00C2DF13 /* Resources */ = {
			isa = PBXResourcesBuildPhase;
			buildActionMask = 2147483647;
			files = (
				DA6051E728BF998B00C2DF13 /* Preview Assets.xcassets in Resources */,
				DA6051E428BF998B00C2DF13 /* Assets.xcassets in Resources */,
			);
			runOnlyForDeploymentPostprocessing = 0;
		};
/* End PBXResourcesBuildPhase section */

/* Begin PBXShellScriptBuildPhase section */
		41431B890AAFDCB5B4D13A98 /* [CP] Embed Pods Frameworks */ = {
			isa = PBXShellScriptBuildPhase;
			buildActionMask = 2147483647;
			files = (
			);
			inputFileListPaths = (
				"${PODS_ROOT}/Target Support Files/Pods-ypimage/Pods-ypimage-frameworks-${CONFIGURATION}-input-files.xcfilelist",
			);
			name = "[CP] Embed Pods Frameworks";
			outputFileListPaths = (
				"${PODS_ROOT}/Target Support Files/Pods-ypimage/Pods-ypimage-frameworks-${CONFIGURATION}-output-files.xcfilelist",
			);
			runOnlyForDeploymentPostprocessing = 0;
			shellPath = /bin/sh;
			shellScript = "\"${PODS_ROOT}/Target Support Files/Pods-ypimage/Pods-ypimage-frameworks.sh\"\n";
			showEnvVarsInLog = 0;
		};
		DF87FA5A9D573BEAFA3CA0E1 /* [CP] Check Pods Manifest.lock */ = {
			isa = PBXShellScriptBuildPhase;
			buildActionMask = 2147483647;
			files = (
			);
			inputFileListPaths = (
			);
			inputPaths = (
				"${PODS_PODFILE_DIR_PATH}/Podfile.lock",
				"${PODS_ROOT}/Manifest.lock",
			);
			name = "[CP] Check Pods Manifest.lock";
			outputFileListPaths = (
			);
			outputPaths = (
				"$(DERIVED_FILE_DIR)/Pods-ypimage-checkManifestLockResult.txt",
			);
			runOnlyForDeploymentPostprocessing = 0;
			shellPath = /bin/sh;
			shellScript = "diff \"${PODS_PODFILE_DIR_PATH}/Podfile.lock\" \"${PODS_ROOT}/Manifest.lock\" > /dev/null\nif [ $? != 0 ] ; then\n    # print error to STDERR\n    echo \"error: The sandbox is not in sync with the Podfile.lock. Run 'pod install' or update your CocoaPods installation.\" >&2\n    exit 1\nfi\n# This output is used by Xcode 'outputs' to avoid re-running this script phase.\necho \"SUCCESS\" > \"${SCRIPT_OUTPUT_FILE_0}\"\n";
			showEnvVarsInLog = 0;
		};
/* End PBXShellScriptBuildPhase section */

/* Begin PBXSourcesBuildPhase section */
		DA6051D828BF998B00C2DF13 /* Sources */ = {
			isa = PBXSourcesBuildPhase;
			buildActionMask = 2147483647;
			files = (
				DA6051E228BF998B00C2DF13 /* ContentView.swift in Sources */,
				DA6052D128BF9EFE00C2DF13 /* MediaPicker.swift in Sources */,
				DA6051E028BF998B00C2DF13 /* ypimageApp.swift in Sources */,
			);
			runOnlyForDeploymentPostprocessing = 0;
		};
/* End PBXSourcesBuildPhase section */

/* Begin XCBuildConfiguration section */
		DA6051E828BF998B00C2DF13 /* Debug */ = {
			isa = XCBuildConfiguration;
			buildSettings = {
				ALWAYS_SEARCH_USER_PATHS = NO;
				CLANG_ANALYZER_NONNULL = YES;
				CLANG_ANALYZER_NUMBER_OBJECT_CONVERSION = YES_AGGRESSIVE;
				CLANG_CXX_LANGUAGE_STANDARD = "gnu++17";
				CLANG_CXX_LIBRARY = "libc++";
				CLANG_ENABLE_MODULES = YES;
				CLANG_ENABLE_OBJC_ARC = YES;
				CLANG_ENABLE_OBJC_WEAK = YES;
				CLANG_WARN_BLOCK_CAPTURE_AUTORELEASING = YES;
				CLANG_WARN_BOOL_CONVERSION = YES;
				CLANG_WARN_COMMA = YES;
				CLANG_WARN_CONSTANT_CONVERSION = YES;
				CLANG_WARN_DEPRECATED_OBJC_IMPLEMENTATIONS = YES;
				CLANG_WARN_DIRECT_OBJC_ISA_USAGE = YES_ERROR;
				CLANG_WARN_DOCUMENTATION_COMMENTS = YES;
				CLANG_WARN_EMPTY_BODY = YES;
				CLANG_WARN_ENUM_CONVERSION = YES;
				CLANG_WARN_INFINITE_RECURSION = YES;
				CLANG_WARN_INT_CONVERSION = YES;
				CLANG_WARN_NON_LITERAL_NULL_CONVERSION = YES;
				CLANG_WARN_OBJC_IMPLICIT_RETAIN_SELF = YES;
				CLANG_WARN_OBJC_LITERAL_CONVERSION = YES;
				CLANG_WARN_OBJC_ROOT_CLASS = YES_ERROR;
				CLANG_WARN_QUOTED_INCLUDE_IN_FRAMEWORK_HEADER = YES;
				CLANG_WARN_RANGE_LOOP_ANALYSIS = YES;
				CLANG_WARN_STRICT_PROTOTYPES = YES;
				CLANG_WARN_SUSPICIOUS_MOVE = YES;
				CLANG_WARN_UNGUARDED_AVAILABILITY = YES_AGGRESSIVE;
				CLANG_WARN_UNREACHABLE_CODE = YES;
				CLANG_WARN__DUPLICATE_METHOD_MATCH = YES;
				COPY_PHASE_STRIP = NO;
				DEBUG_INFORMATION_FORMAT = dwarf;
				ENABLE_STRICT_OBJC_MSGSEND = YES;
				ENABLE_TESTABILITY = YES;
				GCC_C_LANGUAGE_STANDARD = gnu11;
				GCC_DYNAMIC_NO_PIC = NO;
				GCC_NO_COMMON_BLOCKS = YES;
				GCC_OPTIMIZATION_LEVEL = 0;
				GCC_PREPROCESSOR_DEFINITIONS = (
					"DEBUG=1",
					"$(inherited)",
				);
				GCC_WARN_64_TO_32_BIT_CONVERSION = YES;
				GCC_WARN_ABOUT_RETURN_TYPE = YES_ERROR;
				GCC_WARN_UNDECLARED_SELECTOR = YES;
				GCC_WARN_UNINITIALIZED_AUTOS = YES_AGGRESSIVE;
				GCC_WARN_UNUSED_FUNCTION = YES;
				GCC_WARN_UNUSED_VARIABLE = YES;
				IPHONEOS_DEPLOYMENT_TARGET = 15.2;
				MTL_ENABLE_DEBUG_INFO = INCLUDE_SOURCE;
				MTL_FAST_MATH = YES;
				ONLY_ACTIVE_ARCH = YES;
				SDKROOT = iphoneos;
				SWIFT_ACTIVE_COMPILATION_CONDITIONS = DEBUG;
				SWIFT_OPTIMIZATION_LEVEL = "-Onone";
			};
			name = Debug;
		};
		DA6051E928BF998B00C2DF13 /* Release */ = {
			isa = XCBuildConfiguration;
			buildSettings = {
				ALWAYS_SEARCH_USER_PATHS = NO;
				CLANG_ANALYZER_NONNULL = YES;
				CLANG_ANALYZER_NUMBER_OBJECT_CONVERSION = YES_AGGRESSIVE;
				CLANG_CXX_LANGUAGE_STANDARD = "gnu++17";
				CLANG_CXX_LIBRARY = "libc++";
				CLANG_ENABLE_MODULES = YES;
				CLANG_ENABLE_OBJC_ARC = YES;
				CLANG_ENABLE_OBJC_WEAK = YES;
				CLANG_WARN_BLOCK_CAPTURE_AUTORELEASING = YES;
				CLANG_WARN_BOOL_CONVERSION = YES;
				CLANG_WARN_COMMA = YES;
				CLANG_WARN_CONSTANT_CONVERSION = YES;
				CLANG_WARN_DEPRECATED_OBJC_IMPLEMENTATIONS = YES;
				CLANG_WARN_DIRECT_OBJC_ISA_USAGE = YES_ERROR;
				CLANG_WARN_DOCUMENTATION_COMMENTS = YES;
				CLANG_WARN_EMPTY_BODY = YES;
				CLANG_WARN_ENUM_CONVERSION = YES;
				CLANG_WARN_INFINITE_RECURSION = YES;
				CLANG_WARN_INT_CONVERSION = YES;
				CLANG_WARN_NON_LITERAL_NULL_CONVERSION = YES;
				CLANG_WARN_OBJC_IMPLICIT_RETAIN_SELF = YES;
				CLANG_WARN_OBJC_LITERAL_CONVERSION = YES;
				CLANG_WARN_OBJC_ROOT_CLASS = YES_ERROR;
				CLANG_WARN_QUOTED_INCLUDE_IN_FRAMEWORK_HEADER = YES;
				CLANG_WARN_RANGE_LOOP_ANALYSIS = YES;
				CLANG_WARN_STRICT_PROTOTYPES = YES;
				CLANG_WARN_SUSPICIOUS_MOVE = YES;
				CLANG_WARN_UNGUARDED_AVAILABILITY = YES_AGGRESSIVE;
				CLANG_WARN_UNREACHABLE_CODE = YES;
				CLANG_WARN__DUPLICATE_METHOD_MATCH = YES;
				COPY_PHASE_STRIP = NO;
				DEBUG_INFORMATION_FORMAT = "dwarf-with-dsym";
				ENABLE_NS_ASSERTIONS = NO;
				ENABLE_STRICT_OBJC_MSGSEND = YES;
				GCC_C_LANGUAGE_STANDARD = gnu11;
				GCC_NO_COMMON_BLOCKS = YES;
				GCC_WARN_64_TO_32_BIT_CONVERSION = YES;
				GCC_WARN_ABOUT_RETURN_TYPE = YES_ERROR;
				GCC_WARN_UNDECLARED_SELECTOR = YES;
				GCC_WARN_UNINITIALIZED_AUTOS = YES_AGGRESSIVE;
				GCC_WARN_UNUSED_FUNCTION = YES;
				GCC_WARN_UNUSED_VARIABLE = YES;
				IPHONEOS_DEPLOYMENT_TARGET = 15.2;
				MTL_ENABLE_DEBUG_INFO = NO;
				MTL_FAST_MATH = YES;
				SDKROOT = iphoneos;
				SWIFT_COMPILATION_MODE = wholemodule;
				SWIFT_OPTIMIZATION_LEVEL = "-O";
				VALIDATE_PRODUCT = YES;
			};
			name = Release;
		};
		DA6051EB28BF998B00C2DF13 /* Debug */ = {
			isa = XCBuildConfiguration;
			baseConfigurationReference = BE319A0BE672742717695CBD /* Pods-ypimage.debug.xcconfig */;
			buildSettings = {
				ASSETCATALOG_COMPILER_APPICON_NAME = AppIcon;
				ASSETCATALOG_COMPILER_GLOBAL_ACCENT_COLOR_NAME = AccentColor;
				CODE_SIGN_STYLE = Automatic;
				CURRENT_PROJECT_VERSION = 1;
				DEVELOPMENT_ASSET_PATHS = "\"ypimage/Preview Content\"";
				DEVELOPMENT_TEAM = 8SLPVCR4L7;
				ENABLE_PREVIEWS = YES;
				GENERATE_INFOPLIST_FILE = YES;
				INFOPLIST_KEY_NSCameraUsageDescription = photo;
				INFOPLIST_KEY_NSMicrophoneUsageDescription = video;
				INFOPLIST_KEY_NSPhotoLibraryUsageDescription = library;
				INFOPLIST_KEY_UIApplicationSceneManifest_Generation = YES;
				INFOPLIST_KEY_UIApplicationSupportsIndirectInputEvents = YES;
				INFOPLIST_KEY_UILaunchScreen_Generation = YES;
				INFOPLIST_KEY_UISupportedInterfaceOrientations_iPad = "UIInterfaceOrientationPortrait UIInterfaceOrientationPortraitUpsideDown UIInterfaceOrientationLandscapeLeft UIInterfaceOrientationLandscapeRight";
				INFOPLIST_KEY_UISupportedInterfaceOrientations_iPhone = "UIInterfaceOrientationPortrait UIInterfaceOrientationLandscapeLeft UIInterfaceOrientationLandscapeRight";
				LD_RUNPATH_SEARCH_PATHS = (
					"$(inherited)",
					"@executable_path/Frameworks",
				);
				MARKETING_VERSION = 1.0;
				PRODUCT_BUNDLE_IDENTIFIER = choraeng.ypimage;
				PRODUCT_NAME = "$(TARGET_NAME)";
				SWIFT_EMIT_LOC_STRINGS = YES;
				SWIFT_VERSION = 5.0;
				TARGETED_DEVICE_FAMILY = "1,2";
			};
			name = Debug;
		};
		DA6051EC28BF998B00C2DF13 /* Release */ = {
			isa = XCBuildConfiguration;
			baseConfigurationReference = C78FF83B3C06EE13A29C5F85 /* Pods-ypimage.release.xcconfig */;
			buildSettings = {
				ASSETCATALOG_COMPILER_APPICON_NAME = AppIcon;
				ASSETCATALOG_COMPILER_GLOBAL_ACCENT_COLOR_NAME = AccentColor;
				CODE_SIGN_STYLE = Automatic;
				CURRENT_PROJECT_VERSION = 1;
				DEVELOPMENT_ASSET_PATHS = "\"ypimage/Preview Content\"";
				DEVELOPMENT_TEAM = 8SLPVCR4L7;
				ENABLE_PREVIEWS = YES;
				GENERATE_INFOPLIST_FILE = YES;
				INFOPLIST_KEY_NSCameraUsageDescription = photo;
				INFOPLIST_KEY_NSMicrophoneUsageDescription = video;
				INFOPLIST_KEY_NSPhotoLibraryUsageDescription = library;
				INFOPLIST_KEY_UIApplicationSceneManifest_Generation = YES;
				INFOPLIST_KEY_UIApplicationSupportsIndirectInputEvents = YES;
				INFOPLIST_KEY_UILaunchScreen_Generation = YES;
				INFOPLIST_KEY_UISupportedInterfaceOrientations_iPad = "UIInterfaceOrientationPortrait UIInterfaceOrientationPortraitUpsideDown UIInterfaceOrientationLandscapeLeft UIInterfaceOrientationLandscapeRight";
				INFOPLIST_KEY_UISupportedInterfaceOrientations_iPhone = "UIInterfaceOrientationPortrait UIInterfaceOrientationLandscapeLeft UIInterfaceOrientationLandscapeRight";
				LD_RUNPATH_SEARCH_PATHS = (
					"$(inherited)",
					"@executable_path/Frameworks",
				);
				MARKETING_VERSION = 1.0;
				PRODUCT_BUNDLE_IDENTIFIER = choraeng.ypimage;
				PRODUCT_NAME = "$(TARGET_NAME)";
				SWIFT_EMIT_LOC_STRINGS = YES;
				SWIFT_VERSION = 5.0;
				TARGETED_DEVICE_FAMILY = "1,2";
			};
			name = Release;
		};
/* End XCBuildConfiguration section */

/* Begin XCConfigurationList section */
		DA6051D728BF998B00C2DF13 /* Build configuration list for PBXProject "ypimage" */ = {
			isa = XCConfigurationList;
			buildConfigurations = (
				DA6051E828BF998B00C2DF13 /* Debug */,
				DA6051E928BF998B00C2DF13 /* Release */,
			);
			defaultConfigurationIsVisible = 0;
			defaultConfigurationName = Release;
		};
		DA6051EA28BF998B00C2DF13 /* Build configuration list for PBXNativeTarget "ypimage" */ = {
			isa = XCConfigurationList;
			buildConfigurations = (
				DA6051EB28BF998B00C2DF13 /* Debug */,
				DA6051EC28BF998B00C2DF13 /* Release */,
			);
			defaultConfigurationIsVisible = 0;
			defaultConfigurationName = Release;
		};
/* End XCConfigurationList section */
	};
	rootObject = DA6051D428BF998B00C2DF13 /* Project object */;
}
