// !$*UTF8*$!
{
	archiveVersion = 1;
	classes = {
	};
	objectVersion = 50;
	objects = {

/* Begin PBXBuildFile section */
		DA7C138A26E8C6BD009EB448 /* uikit_studyApp.swift in Sources */ = {isa = PBXBuildFile; fileRef = DA7C138926E8C6BD009EB448 /* uikit_studyApp.swift */; };
		DA7C138C26E8C6BD009EB448 /* ContentView.swift in Sources */ = {isa = PBXBuildFile; fileRef = DA7C138B26E8C6BD009EB448 /* ContentView.swift */; };
		DA7C138E26E8C6BD009EB448 /* Assets.xcassets in Resources */ = {isa = PBXBuildFile; fileRef = DA7C138D26E8C6BD009EB448 /* Assets.xcassets */; };
		DA7C139126E8C6BD009EB448 /* Preview Assets.xcassets in Resources */ = {isa = PBXBuildFile; fileRef = DA7C139026E8C6BD009EB448 /* Preview Assets.xcassets */; };
		DA7C139326E8C6BD009EB448 /* Persistence.swift in Sources */ = {isa = PBXBuildFile; fileRef = DA7C139226E8C6BD009EB448 /* Persistence.swift */; };
		DA7C139626E8C6BD009EB448 /* uikit_study.xcdatamodeld in Sources */ = {isa = PBXBuildFile; fileRef = DA7C139426E8C6BD009EB448 /* uikit_study.xcdatamodeld */; };
		DA7C139E26E8D68C009EB448 /* kitview.swift in Sources */ = {isa = PBXBuildFile; fileRef = DA7C139D26E8D68C009EB448 /* kitview.swift */; };
/* End PBXBuildFile section */

/* Begin PBXFileReference section */
		DA7C138626E8C6BD009EB448 /* uikit_study.app */ = {isa = PBXFileReference; explicitFileType = wrapper.application; includeInIndex = 0; path = uikit_study.app; sourceTree = BUILT_PRODUCTS_DIR; };
		DA7C138926E8C6BD009EB448 /* uikit_studyApp.swift */ = {isa = PBXFileReference; lastKnownFileType = sourcecode.swift; path = uikit_studyApp.swift; sourceTree = "<group>"; };
		DA7C138B26E8C6BD009EB448 /* ContentView.swift */ = {isa = PBXFileReference; lastKnownFileType = sourcecode.swift; path = ContentView.swift; sourceTree = "<group>"; };
		DA7C138D26E8C6BD009EB448 /* Assets.xcassets */ = {isa = PBXFileReference; lastKnownFileType = folder.assetcatalog; path = Assets.xcassets; sourceTree = "<group>"; };
		DA7C139026E8C6BD009EB448 /* Preview Assets.xcassets */ = {isa = PBXFileReference; lastKnownFileType = folder.assetcatalog; path = "Preview Assets.xcassets"; sourceTree = "<group>"; };
		DA7C139226E8C6BD009EB448 /* Persistence.swift */ = {isa = PBXFileReference; lastKnownFileType = sourcecode.swift; path = Persistence.swift; sourceTree = "<group>"; };
		DA7C139526E8C6BD009EB448 /* uikit_study.xcdatamodel */ = {isa = PBXFileReference; lastKnownFileType = wrapper.xcdatamodel; path = uikit_study.xcdatamodel; sourceTree = "<group>"; };
		DA7C139726E8C6BD009EB448 /* Info.plist */ = {isa = PBXFileReference; lastKnownFileType = text.plist.xml; path = Info.plist; sourceTree = "<group>"; };
		DA7C139D26E8D68C009EB448 /* kitview.swift */ = {isa = PBXFileReference; lastKnownFileType = sourcecode.swift; path = kitview.swift; sourceTree = "<group>"; };
/* End PBXFileReference section */

/* Begin PBXFrameworksBuildPhase section */
		DA7C138326E8C6BD009EB448 /* Frameworks */ = {
			isa = PBXFrameworksBuildPhase;
			buildActionMask = 2147483647;
			files = (
			);
			runOnlyForDeploymentPostprocessing = 0;
		};
/* End PBXFrameworksBuildPhase section */

/* Begin PBXGroup section */
		DA7C137D26E8C6BD009EB448 = {
			isa = PBXGroup;
			children = (
				DA7C138826E8C6BD009EB448 /* uikit_study */,
				DA7C138726E8C6BD009EB448 /* Products */,
			);
			sourceTree = "<group>";
		};
		DA7C138726E8C6BD009EB448 /* Products */ = {
			isa = PBXGroup;
			children = (
				DA7C138626E8C6BD009EB448 /* uikit_study.app */,
			);
			name = Products;
			sourceTree = "<group>";
		};
		DA7C138826E8C6BD009EB448 /* uikit_study */ = {
			isa = PBXGroup;
			children = (
				DA7C138926E8C6BD009EB448 /* uikit_studyApp.swift */,
				DA7C138B26E8C6BD009EB448 /* ContentView.swift */,
				DA7C138D26E8C6BD009EB448 /* Assets.xcassets */,
				DA7C139226E8C6BD009EB448 /* Persistence.swift */,
				DA7C139726E8C6BD009EB448 /* Info.plist */,
				DA7C139426E8C6BD009EB448 /* uikit_study.xcdatamodeld */,
				DA7C138F26E8C6BD009EB448 /* Preview Content */,
				DA7C139D26E8D68C009EB448 /* kitview.swift */,
			);
			path = uikit_study;
			sourceTree = "<group>";
		};
		DA7C138F26E8C6BD009EB448 /* Preview Content */ = {
			isa = PBXGroup;
			children = (
				DA7C139026E8C6BD009EB448 /* Preview Assets.xcassets */,
			);
			path = "Preview Content";
			sourceTree = "<group>";
		};
/* End PBXGroup section */

/* Begin PBXNativeTarget section */
		DA7C138526E8C6BD009EB448 /* uikit_study */ = {
			isa = PBXNativeTarget;
			buildConfigurationList = DA7C139A26E8C6BD009EB448 /* Build configuration list for PBXNativeTarget "uikit_study" */;
			buildPhases = (
				DA7C138226E8C6BD009EB448 /* Sources */,
				DA7C138326E8C6BD009EB448 /* Frameworks */,
				DA7C138426E8C6BD009EB448 /* Resources */,
			);
			buildRules = (
			);
			dependencies = (
			);
			name = uikit_study;
			productName = uikit_study;
			productReference = DA7C138626E8C6BD009EB448 /* uikit_study.app */;
			productType = "com.apple.product-type.application";
		};
/* End PBXNativeTarget section */

/* Begin PBXProject section */
		DA7C137E26E8C6BD009EB448 /* Project object */ = {
			isa = PBXProject;
			attributes = {
				LastSwiftUpdateCheck = 1250;
				LastUpgradeCheck = 1250;
				TargetAttributes = {
					DA7C138526E8C6BD009EB448 = {
						CreatedOnToolsVersion = 12.5.1;
					};
				};
			};
			buildConfigurationList = DA7C138126E8C6BD009EB448 /* Build configuration list for PBXProject "uikit_study" */;
			compatibilityVersion = "Xcode 9.3";
			developmentRegion = en;
			hasScannedForEncodings = 0;
			knownRegions = (
				en,
				Base,
			);
			mainGroup = DA7C137D26E8C6BD009EB448;
			productRefGroup = DA7C138726E8C6BD009EB448 /* Products */;
			projectDirPath = "";
			projectRoot = "";
			targets = (
				DA7C138526E8C6BD009EB448 /* uikit_study */,
			);
		};
/* End PBXProject section */

/* Begin PBXResourcesBuildPhase section */
		DA7C138426E8C6BD009EB448 /* Resources */ = {
			isa = PBXResourcesBuildPhase;
			buildActionMask = 2147483647;
			files = (
				DA7C139126E8C6BD009EB448 /* Preview Assets.xcassets in Resources */,
				DA7C138E26E8C6BD009EB448 /* Assets.xcassets in Resources */,
			);
			runOnlyForDeploymentPostprocessing = 0;
		};
/* End PBXResourcesBuildPhase section */

/* Begin PBXSourcesBuildPhase section */
		DA7C138226E8C6BD009EB448 /* Sources */ = {
			isa = PBXSourcesBuildPhase;
			buildActionMask = 2147483647;
			files = (
				DA7C139E26E8D68C009EB448 /* kitview.swift in Sources */,
				DA7C139326E8C6BD009EB448 /* Persistence.swift in Sources */,
				DA7C138C26E8C6BD009EB448 /* ContentView.swift in Sources */,
				DA7C139626E8C6BD009EB448 /* uikit_study.xcdatamodeld in Sources */,
				DA7C138A26E8C6BD009EB448 /* uikit_studyApp.swift in Sources */,
			);
			runOnlyForDeploymentPostprocessing = 0;
		};
/* End PBXSourcesBuildPhase section */

/* Begin XCBuildConfiguration section */
		DA7C139826E8C6BD009EB448 /* Debug */ = {
			isa = XCBuildConfiguration;
			buildSettings = {
				ALWAYS_SEARCH_USER_PATHS = NO;
				CLANG_ANALYZER_NONNULL = YES;
				CLANG_ANALYZER_NUMBER_OBJECT_CONVERSION = YES_AGGRESSIVE;
				CLANG_CXX_LANGUAGE_STANDARD = "gnu++14";
				CLANG_CXX_LIBRARY = "libc++";
				CLANG_ENABLE_MODULES = YES;
				CLANG_ENABLE_OBJC_ARC = YES;
				CLANG_ENABLE_OBJC_WEAK = YES;
				CLANG_WARN_BLOCK_CAPTURE_AUTORELEASING = YES;
				CLANG_WARN_BOOL_CONVERSION = YES;
				CLANG_WARN_COMMA = YES;
				CLANG_WARN_CONSTANT_CONVERSION = YES;
				CLANG_WARN_DEPRECATED_OBJC_IMPLEMENTATIONS = YES;
				CLANG_WARN_DIRECT_OBJC_ISA_USAGE = YES_ERROR;
				CLANG_WARN_DOCUMENTATION_COMMENTS = YES;
				CLANG_WARN_EMPTY_BODY = YES;
				CLANG_WARN_ENUM_CONVERSION = YES;
				CLANG_WARN_INFINITE_RECURSION = YES;
				CLANG_WARN_INT_CONVERSION = YES;
				CLANG_WARN_NON_LITERAL_NULL_CONVERSION = YES;
				CLANG_WARN_OBJC_IMPLICIT_RETAIN_SELF = YES;
				CLANG_WARN_OBJC_LITERAL_CONVERSION = YES;
				CLANG_WARN_OBJC_ROOT_CLASS = YES_ERROR;
				CLANG_WARN_QUOTED_INCLUDE_IN_FRAMEWORK_HEADER = YES;
				CLANG_WARN_RANGE_LOOP_ANALYSIS = YES;
				CLANG_WARN_STRICT_PROTOTYPES = YES;
				CLANG_WARN_SUSPICIOUS_MOVE = YES;
				CLANG_WARN_UNGUARDED_AVAILABILITY = YES_AGGRESSIVE;
				CLANG_WARN_UNREACHABLE_CODE = YES;
				CLANG_WARN__DUPLICATE_METHOD_MATCH = YES;
				COPY_PHASE_STRIP = NO;
				DEBUG_INFORMATION_FORMAT = dwarf;
				ENABLE_STRICT_OBJC_MSGSEND = YES;
				ENABLE_TESTABILITY = YES;
				GCC_C_LANGUAGE_STANDARD = gnu11;
				GCC_DYNAMIC_NO_PIC = NO;
				GCC_NO_COMMON_BLOCKS = YES;
				GCC_OPTIMIZATION_LEVEL = 0;
				GCC_PREPROCESSOR_DEFINITIONS = (
					"DEBUG=1",
					"$(inherited)",
				);
				GCC_WARN_64_TO_32_BIT_CONVERSION = YES;
				GCC_WARN_ABOUT_RETURN_TYPE = YES_ERROR;
				GCC_WARN_UNDECLARED_SELECTOR = YES;
				GCC_WARN_UNINITIALIZED_AUTOS = YES_AGGRESSIVE;
				GCC_WARN_UNUSED_FUNCTION = YES;
				GCC_WARN_UNUSED_VARIABLE = YES;
				IPHONEOS_DEPLOYMENT_TARGET = 14.5;
				MTL_ENABLE_DEBUG_INFO = INCLUDE_SOURCE;
				MTL_FAST_MATH = YES;
				ONLY_ACTIVE_ARCH = YES;
				SDKROOT = iphoneos;
				SWIFT_ACTIVE_COMPILATION_CONDITIONS = DEBUG;
				SWIFT_OPTIMIZATION_LEVEL = "-Onone";
			};
			name = Debug;
		};
		DA7C139926E8C6BD009EB448 /* Release */ = {
			isa = XCBuildConfiguration;
			buildSettings = {
				ALWAYS_SEARCH_USER_PATHS = NO;
				CLANG_ANALYZER_NONNULL = YES;
				CLANG_ANALYZER_NUMBER_OBJECT_CONVERSION = YES_AGGRESSIVE;
				CLANG_CXX_LANGUAGE_STANDARD = "gnu++14";
				CLANG_CXX_LIBRARY = "libc++";
				CLANG_ENABLE_MODULES = YES;
				CLANG_ENABLE_OBJC_ARC = YES;
				CLANG_ENABLE_OBJC_WEAK = YES;
				CLANG_WARN_BLOCK_CAPTURE_AUTORELEASING = YES;
				CLANG_WARN_BOOL_CONVERSION = YES;
				CLANG_WARN_COMMA = YES;
				CLANG_WARN_CONSTANT_CONVERSION = YES;
				CLANG_WARN_DEPRECATED_OBJC_IMPLEMENTATIONS = YES;
				CLANG_WARN_DIRECT_OBJC_ISA_USAGE = YES_ERROR;
				CLANG_WARN_DOCUMENTATION_COMMENTS = YES;
				CLANG_WARN_EMPTY_BODY = YES;
				CLANG_WARN_ENUM_CONVERSION = YES;
				CLANG_WARN_INFINITE_RECURSION = YES;
				CLANG_WARN_INT_CONVERSION = YES;
				CLANG_WARN_NON_LITERAL_NULL_CONVERSION = YES;
				CLANG_WARN_OBJC_IMPLICIT_RETAIN_SELF = YES;
				CLANG_WARN_OBJC_LITERAL_CONVERSION = YES;
				CLANG_WARN_OBJC_ROOT_CLASS = YES_ERROR;
				CLANG_WARN_QUOTED_INCLUDE_IN_FRAMEWORK_HEADER = YES;
				CLANG_WARN_RANGE_LOOP_ANALYSIS = YES;
				CLANG_WARN_STRICT_PROTOTYPES = YES;
				CLANG_WARN_SUSPICIOUS_MOVE = YES;
				CLANG_WARN_UNGUARDED_AVAILABILITY = YES_AGGRESSIVE;
				CLANG_WARN_UNREACHABLE_CODE = YES;
				CLANG_WARN__DUPLICATE_METHOD_MATCH = YES;
				COPY_PHASE_STRIP = NO;
				DEBUG_INFORMATION_FORMAT = "dwarf-with-dsym";
				ENABLE_NS_ASSERTIONS = NO;
				ENABLE_STRICT_OBJC_MSGSEND = YES;
				GCC_C_LANGUAGE_STANDARD = gnu11;
				GCC_NO_COMMON_BLOCKS = YES;
				GCC_WARN_64_TO_32_BIT_CONVERSION = YES;
				GCC_WARN_ABOUT_RETURN_TYPE = YES_ERROR;
				GCC_WARN_UNDECLARED_SELECTOR = YES;
				GCC_WARN_UNINITIALIZED_AUTOS = YES_AGGRESSIVE;
				GCC_WARN_UNUSED_FUNCTION = YES;
				GCC_WARN_UNUSED_VARIABLE = YES;
				IPHONEOS_DEPLOYMENT_TARGET = 14.5;
				MTL_ENABLE_DEBUG_INFO = NO;
				MTL_FAST_MATH = YES;
				SDKROOT = iphoneos;
				SWIFT_COMPILATION_MODE = wholemodule;
				SWIFT_OPTIMIZATION_LEVEL = "-O";
				VALIDATE_PRODUCT = YES;
			};
			name = Release;
		};
		DA7C139B26E8C6BD009EB448 /* Debug */ = {
			isa = XCBuildConfiguration;
			buildSettings = {
				ASSETCATALOG_COMPILER_APPICON_NAME = AppIcon;
				ASSETCATALOG_COMPILER_GLOBAL_ACCENT_COLOR_NAME = AccentColor;
				CODE_SIGN_STYLE = Automatic;
				DEVELOPMENT_ASSET_PATHS = "\"uikit_study/Preview Content\"";
				DEVELOPMENT_TEAM = 8SLPVCR4L7;
				ENABLE_PREVIEWS = YES;
				INFOPLIST_FILE = uikit_study/Info.plist;
				IPHONEOS_DEPLOYMENT_TARGET = 14.0;
				LD_RUNPATH_SEARCH_PATHS = (
					"$(inherited)",
					"@executable_path/Frameworks",
				);
				PRODUCT_BUNDLE_IDENTIFIER = "choraeng.uikit-study";
				PRODUCT_NAME = "$(TARGET_NAME)";
				SWIFT_VERSION = 5.0;
				TARGETED_DEVICE_FAMILY = "1,2";
			};
			name = Debug;
		};
		DA7C139C26E8C6BD009EB448 /* Release */ = {
			isa = XCBuildConfiguration;
			buildSettings = {
				ASSETCATALOG_COMPILER_APPICON_NAME = AppIcon;
				ASSETCATALOG_COMPILER_GLOBAL_ACCENT_COLOR_NAME = AccentColor;
				CODE_SIGN_STYLE = Automatic;
				DEVELOPMENT_ASSET_PATHS = "\"uikit_study/Preview Content\"";
				DEVELOPMENT_TEAM = 8SLPVCR4L7;
				ENABLE_PREVIEWS = YES;
				INFOPLIST_FILE = uikit_study/Info.plist;
				IPHONEOS_DEPLOYMENT_TARGET = 14.0;
				LD_RUNPATH_SEARCH_PATHS = (
					"$(inherited)",
					"@executable_path/Frameworks",
				);
				PRODUCT_BUNDLE_IDENTIFIER = "choraeng.uikit-study";
				PRODUCT_NAME = "$(TARGET_NAME)";
				SWIFT_VERSION = 5.0;
				TARGETED_DEVICE_FAMILY = "1,2";
			};
			name = Release;
		};
/* End XCBuildConfiguration section */

/* Begin XCConfigurationList section */
		DA7C138126E8C6BD009EB448 /* Build configuration list for PBXProject "uikit_study" */ = {
			isa = XCConfigurationList;
			buildConfigurations = (
				DA7C139826E8C6BD009EB448 /* Debug */,
				DA7C139926E8C6BD009EB448 /* Release */,
			);
			defaultConfigurationIsVisible = 0;
			defaultConfigurationName = Release;
		};
		DA7C139A26E8C6BD009EB448 /* Build configuration list for PBXNativeTarget "uikit_study" */ = {
			isa = XCConfigurationList;
			buildConfigurations = (
				DA7C139B26E8C6BD009EB448 /* Debug */,
				DA7C139C26E8C6BD009EB448 /* Release */,
			);
			defaultConfigurationIsVisible = 0;
			defaultConfigurationName = Release;
		};
/* End XCConfigurationList section */

/* Begin XCVersionGroup section */
		DA7C139426E8C6BD009EB448 /* uikit_study.xcdatamodeld */ = {
			isa = XCVersionGroup;
			children = (
				DA7C139526E8C6BD009EB448 /* uikit_study.xcdatamodel */,
			);
			currentVersion = DA7C139526E8C6BD009EB448 /* uikit_study.xcdatamodel */;
			path = uikit_study.xcdatamodeld;
			sourceTree = "<group>";
			versionGroupType = wrapper.xcdatamodel;
		};
/* End XCVersionGroup section */
	};
	rootObject = DA7C137E26E8C6BD009EB448 /* Project object */;
}
