// !$*UTF8*$!
{
	archiveVersion = 1;
	classes = {
	};
	objectVersion = 55;
	objects = {

/* Begin PBXBuildFile section */
		DA5D6D8328C4E5FD00126C14 /* FloatingButton.docc in Sources */ = {isa = PBXBuildFile; fileRef = DA5D6D8228C4E5FD00126C14 /* FloatingButton.docc */; };
		DA5D6D8928C4E5FD00126C14 /* FloatingButton.framework in Frameworks */ = {isa = PBXBuildFile; fileRef = DA5D6D7E28C4E5FD00126C14 /* FloatingButton.framework */; };
		DA5D6D8E28C4E5FD00126C14 /* FloatingButtonTests.swift in Sources */ = {isa = PBXBuildFile; fileRef = DA5D6D8D28C4E5FD00126C14 /* FloatingButtonTests.swift */; };
		DA5D6D8F28C4E5FD00126C14 /* FloatingButton.h in Headers */ = {isa = PBXBuildFile; fileRef = DA5D6D8128C4E5FD00126C14 /* FloatingButton.h */; settings = {ATTRIBUTES = (Public, ); }; };
		DA5D6D9928C4E62200126C14 /* FloatingButton.swift in Sources */ = {isa = PBXBuildFile; fileRef = DA5D6D9828C4E62200126C14 /* FloatingButton.swift */; };
/* End PBXBuildFile section */

/* Begin PBXContainerItemProxy section */
		DA5D6D8A28C4E5FD00126C14 /* PBXContainerItemProxy */ = {
			isa = PBXContainerItemProxy;
			containerPortal = DA5D6D7528C4E5FD00126C14 /* Project object */;
			proxyType = 1;
			remoteGlobalIDString = DA5D6D7D28C4E5FD00126C14;
			remoteInfo = FloatingButton;
		};
/* End PBXContainerItemProxy section */

/* Begin PBXFileReference section */
		DA5D6D7E28C4E5FD00126C14 /* FloatingButton.framework */ = {isa = PBXFileReference; explicitFileType = wrapper.framework; includeInIndex = 0; path = FloatingButton.framework; sourceTree = BUILT_PRODUCTS_DIR; };
		DA5D6D8128C4E5FD00126C14 /* FloatingButton.h */ = {isa = PBXFileReference; lastKnownFileType = sourcecode.c.h; path = FloatingButton.h; sourceTree = "<group>"; };
		DA5D6D8228C4E5FD00126C14 /* FloatingButton.docc */ = {isa = PBXFileReference; lastKnownFileType = folder.documentationcatalog; path = FloatingButton.docc; sourceTree = "<group>"; };
		DA5D6D8828C4E5FD00126C14 /* FloatingButtonTests.xctest */ = {isa = PBXFileReference; explicitFileType = wrapper.cfbundle; includeInIndex = 0; path = FloatingButtonTests.xctest; sourceTree = BUILT_PRODUCTS_DIR; };
		DA5D6D8D28C4E5FD00126C14 /* FloatingButtonTests.swift */ = {isa = PBXFileReference; lastKnownFileType = sourcecode.swift; path = FloatingButtonTests.swift; sourceTree = "<group>"; };
		DA5D6D9828C4E62200126C14 /* FloatingButton.swift */ = {isa = PBXFileReference; lastKnownFileType = sourcecode.swift; path = FloatingButton.swift; sourceTree = "<group>"; };
/* End PBXFileReference section */

/* Begin PBXFrameworksBuildPhase section */
		DA5D6D7B28C4E5FD00126C14 /* Frameworks */ = {
			isa = PBXFrameworksBuildPhase;
			buildActionMask = 2147483647;
			files = (
			);
			runOnlyForDeploymentPostprocessing = 0;
		};
		DA5D6D8528C4E5FD00126C14 /* Frameworks */ = {
			isa = PBXFrameworksBuildPhase;
			buildActionMask = 2147483647;
			files = (
				DA5D6D8928C4E5FD00126C14 /* FloatingButton.framework in Frameworks */,
			);
			runOnlyForDeploymentPostprocessing = 0;
		};
/* End PBXFrameworksBuildPhase section */

/* Begin PBXGroup section */
		DA5D6D7428C4E5FD00126C14 = {
			isa = PBXGroup;
			children = (
				DA5D6D8028C4E5FD00126C14 /* FloatingButton */,
				DA5D6D8C28C4E5FD00126C14 /* FloatingButtonTests */,
				DA5D6D7F28C4E5FD00126C14 /* Products */,
			);
			sourceTree = "<group>";
		};
		DA5D6D7F28C4E5FD00126C14 /* Products */ = {
			isa = PBXGroup;
			children = (
				DA5D6D7E28C4E5FD00126C14 /* FloatingButton.framework */,
				DA5D6D8828C4E5FD00126C14 /* FloatingButtonTests.xctest */,
			);
			name = Products;
			sourceTree = "<group>";
		};
		DA5D6D8028C4E5FD00126C14 /* FloatingButton */ = {
			isa = PBXGroup;
			children = (
				DA5D6D8128C4E5FD00126C14 /* FloatingButton.h */,
				DA5D6D8228C4E5FD00126C14 /* FloatingButton.docc */,
				DA5D6D9828C4E62200126C14 /* FloatingButton.swift */,
			);
			path = FloatingButton;
			sourceTree = "<group>";
		};
		DA5D6D8C28C4E5FD00126C14 /* FloatingButtonTests */ = {
			isa = PBXGroup;
			children = (
				DA5D6D8D28C4E5FD00126C14 /* FloatingButtonTests.swift */,
			);
			path = FloatingButtonTests;
			sourceTree = "<group>";
		};
/* End PBXGroup section */

/* Begin PBXHeadersBuildPhase section */
		DA5D6D7928C4E5FD00126C14 /* Headers */ = {
			isa = PBXHeadersBuildPhase;
			buildActionMask = 2147483647;
			files = (
				DA5D6D8F28C4E5FD00126C14 /* FloatingButton.h in Headers */,
			);
			runOnlyForDeploymentPostprocessing = 0;
		};
/* End PBXHeadersBuildPhase section */

/* Begin PBXNativeTarget section */
		DA5D6D7D28C4E5FD00126C14 /* FloatingButton */ = {
			isa = PBXNativeTarget;
			buildConfigurationList = DA5D6D9228C4E5FD00126C14 /* Build configuration list for PBXNativeTarget "FloatingButton" */;
			buildPhases = (
				DA5D6D7928C4E5FD00126C14 /* Headers */,
				DA5D6D7A28C4E5FD00126C14 /* Sources */,
				DA5D6D7B28C4E5FD00126C14 /* Frameworks */,
				DA5D6D7C28C4E5FD00126C14 /* Resources */,
			);
			buildRules = (
			);
			dependencies = (
			);
			name = FloatingButton;
			productName = FloatingButton;
			productReference = DA5D6D7E28C4E5FD00126C14 /* FloatingButton.framework */;
			productType = "com.apple.product-type.framework";
		};
		DA5D6D8728C4E5FD00126C14 /* FloatingButtonTests */ = {
			isa = PBXNativeTarget;
			buildConfigurationList = DA5D6D9528C4E5FD00126C14 /* Build configuration list for PBXNativeTarget "FloatingButtonTests" */;
			buildPhases = (
				DA5D6D8428C4E5FD00126C14 /* Sources */,
				DA5D6D8528C4E5FD00126C14 /* Frameworks */,
				DA5D6D8628C4E5FD00126C14 /* Resources */,
			);
			buildRules = (
			);
			dependencies = (
				DA5D6D8B28C4E5FD00126C14 /* PBXTargetDependency */,
			);
			name = FloatingButtonTests;
			productName = FloatingButtonTests;
			productReference = DA5D6D8828C4E5FD00126C14 /* FloatingButtonTests.xctest */;
			productType = "com.apple.product-type.bundle.unit-test";
		};
/* End PBXNativeTarget section */

/* Begin PBXProject section */
		DA5D6D7528C4E5FD00126C14 /* Project object */ = {
			isa = PBXProject;
			attributes = {
				BuildIndependentTargetsInParallel = 1;
				LastSwiftUpdateCheck = 1320;
				LastUpgradeCheck = 1320;
				TargetAttributes = {
					DA5D6D7D28C4E5FD00126C14 = {
						CreatedOnToolsVersion = 13.2.1;
					};
					DA5D6D8728C4E5FD00126C14 = {
						CreatedOnToolsVersion = 13.2.1;
					};
				};
			};
			buildConfigurationList = DA5D6D7828C4E5FD00126C14 /* Build configuration list for PBXProject "FloatingButton" */;
			compatibilityVersion = "Xcode 13.0";
			developmentRegion = en;
			hasScannedForEncodings = 0;
			knownRegions = (
				en,
				Base,
			);
			mainGroup = DA5D6D7428C4E5FD00126C14;
			productRefGroup = DA5D6D7F28C4E5FD00126C14 /* Products */;
			projectDirPath = "";
			projectRoot = "";
			targets = (
				DA5D6D7D28C4E5FD00126C14 /* FloatingButton */,
				DA5D6D8728C4E5FD00126C14 /* FloatingButtonTests */,
			);
		};
/* End PBXProject section */

/* Begin PBXResourcesBuildPhase section */
		DA5D6D7C28C4E5FD00126C14 /* Resources */ = {
			isa = PBXResourcesBuildPhase;
			buildActionMask = 2147483647;
			files = (
			);
			runOnlyForDeploymentPostprocessing = 0;
		};
		DA5D6D8628C4E5FD00126C14 /* Resources */ = {
			isa = PBXResourcesBuildPhase;
			buildActionMask = 2147483647;
			files = (
			);
			runOnlyForDeploymentPostprocessing = 0;
		};
/* End PBXResourcesBuildPhase section */

/* Begin PBXSourcesBuildPhase section */
		DA5D6D7A28C4E5FD00126C14 /* Sources */ = {
			isa = PBXSourcesBuildPhase;
			buildActionMask = 2147483647;
			files = (
				DA5D6D8328C4E5FD00126C14 /* FloatingButton.docc in Sources */,
				DA5D6D9928C4E62200126C14 /* FloatingButton.swift in Sources */,
			);
			runOnlyForDeploymentPostprocessing = 0;
		};
		DA5D6D8428C4E5FD00126C14 /* Sources */ = {
			isa = PBXSourcesBuildPhase;
			buildActionMask = 2147483647;
			files = (
				DA5D6D8E28C4E5FD00126C14 /* FloatingButtonTests.swift in Sources */,
			);
			runOnlyForDeploymentPostprocessing = 0;
		};
/* End PBXSourcesBuildPhase section */

/* Begin PBXTargetDependency section */
		DA5D6D8B28C4E5FD00126C14 /* PBXTargetDependency */ = {
			isa = PBXTargetDependency;
			target = DA5D6D7D28C4E5FD00126C14 /* FloatingButton */;
			targetProxy = DA5D6D8A28C4E5FD00126C14 /* PBXContainerItemProxy */;
		};
/* End PBXTargetDependency section */

/* Begin XCBuildConfiguration section */
		DA5D6D9028C4E5FD00126C14 /* Debug */ = {
			isa = XCBuildConfiguration;
			buildSettings = {
				ALWAYS_SEARCH_USER_PATHS = NO;
				CLANG_ANALYZER_NONNULL = YES;
				CLANG_ANALYZER_NUMBER_OBJECT_CONVERSION = YES_AGGRESSIVE;
				CLANG_CXX_LANGUAGE_STANDARD = "gnu++17";
				CLANG_CXX_LIBRARY = "libc++";
				CLANG_ENABLE_MODULES = YES;
				CLANG_ENABLE_OBJC_ARC = YES;
				CLANG_ENABLE_OBJC_WEAK = YES;
				CLANG_WARN_BLOCK_CAPTURE_AUTORELEASING = YES;
				CLANG_WARN_BOOL_CONVERSION = YES;
				CLANG_WARN_COMMA = YES;
				CLANG_WARN_CONSTANT_CONVERSION = YES;
				CLANG_WARN_DEPRECATED_OBJC_IMPLEMENTATIONS = YES;
				CLANG_WARN_DIRECT_OBJC_ISA_USAGE = YES_ERROR;
				CLANG_WARN_DOCUMENTATION_COMMENTS = YES;
				CLANG_WARN_EMPTY_BODY = YES;
				CLANG_WARN_ENUM_CONVERSION = YES;
				CLANG_WARN_INFINITE_RECURSION = YES;
				CLANG_WARN_INT_CONVERSION = YES;
				CLANG_WARN_NON_LITERAL_NULL_CONVERSION = YES;
				CLANG_WARN_OBJC_IMPLICIT_RETAIN_SELF = YES;
				CLANG_WARN_OBJC_LITERAL_CONVERSION = YES;
				CLANG_WARN_OBJC_ROOT_CLASS = YES_ERROR;
				CLANG_WARN_QUOTED_INCLUDE_IN_FRAMEWORK_HEADER = YES;
				CLANG_WARN_RANGE_LOOP_ANALYSIS = YES;
				CLANG_WARN_STRICT_PROTOTYPES = YES;
				CLANG_WARN_SUSPICIOUS_MOVE = YES;
				CLANG_WARN_UNGUARDED_AVAILABILITY = YES_AGGRESSIVE;
				CLANG_WARN_UNREACHABLE_CODE = YES;
				CLANG_WARN__DUPLICATE_METHOD_MATCH = YES;
				COPY_PHASE_STRIP = NO;
				CURRENT_PROJECT_VERSION = 1;
				DEBUG_INFORMATION_FORMAT = dwarf;
				ENABLE_STRICT_OBJC_MSGSEND = YES;
				ENABLE_TESTABILITY = YES;
				GCC_C_LANGUAGE_STANDARD = gnu11;
				GCC_DYNAMIC_NO_PIC = NO;
				GCC_NO_COMMON_BLOCKS = YES;
				GCC_OPTIMIZATION_LEVEL = 0;
				GCC_PREPROCESSOR_DEFINITIONS = (
					"DEBUG=1",
					"$(inherited)",
				);
				GCC_WARN_64_TO_32_BIT_CONVERSION = YES;
				GCC_WARN_ABOUT_RETURN_TYPE = YES_ERROR;
				GCC_WARN_UNDECLARED_SELECTOR = YES;
				GCC_WARN_UNINITIALIZED_AUTOS = YES_AGGRESSIVE;
				GCC_WARN_UNUSED_FUNCTION = YES;
				GCC_WARN_UNUSED_VARIABLE = YES;
				IPHONEOS_DEPLOYMENT_TARGET = 15.2;
				MTL_ENABLE_DEBUG_INFO = INCLUDE_SOURCE;
				MTL_FAST_MATH = YES;
				ONLY_ACTIVE_ARCH = YES;
				SDKROOT = iphoneos;
				SWIFT_ACTIVE_COMPILATION_CONDITIONS = DEBUG;
				SWIFT_OPTIMIZATION_LEVEL = "-Onone";
				VERSIONING_SYSTEM = "apple-generic";
				VERSION_INFO_PREFIX = "";
			};
			name = Debug;
		};
		DA5D6D9128C4E5FD00126C14 /* Release */ = {
			isa = XCBuildConfiguration;
			buildSettings = {
				ALWAYS_SEARCH_USER_PATHS = NO;
				CLANG_ANALYZER_NONNULL = YES;
				CLANG_ANALYZER_NUMBER_OBJECT_CONVERSION = YES_AGGRESSIVE;
				CLANG_CXX_LANGUAGE_STANDARD = "gnu++17";
				CLANG_CXX_LIBRARY = "libc++";
				CLANG_ENABLE_MODULES = YES;
				CLANG_ENABLE_OBJC_ARC = YES;
				CLANG_ENABLE_OBJC_WEAK = YES;
				CLANG_WARN_BLOCK_CAPTURE_AUTORELEASING = YES;
				CLANG_WARN_BOOL_CONVERSION = YES;
				CLANG_WARN_COMMA = YES;
				CLANG_WARN_CONSTANT_CONVERSION = YES;
				CLANG_WARN_DEPRECATED_OBJC_IMPLEMENTATIONS = YES;
				CLANG_WARN_DIRECT_OBJC_ISA_USAGE = YES_ERROR;
				CLANG_WARN_DOCUMENTATION_COMMENTS = YES;
				CLANG_WARN_EMPTY_BODY = YES;
				CLANG_WARN_ENUM_CONVERSION = YES;
				CLANG_WARN_INFINITE_RECURSION = YES;
				CLANG_WARN_INT_CONVERSION = YES;
				CLANG_WARN_NON_LITERAL_NULL_CONVERSION = YES;
				CLANG_WARN_OBJC_IMPLICIT_RETAIN_SELF = YES;
				CLANG_WARN_OBJC_LITERAL_CONVERSION = YES;
				CLANG_WARN_OBJC_ROOT_CLASS = YES_ERROR;
				CLANG_WARN_QUOTED_INCLUDE_IN_FRAMEWORK_HEADER = YES;
				CLANG_WARN_RANGE_LOOP_ANALYSIS = YES;
				CLANG_WARN_STRICT_PROTOTYPES = YES;
				CLANG_WARN_SUSPICIOUS_MOVE = YES;
				CLANG_WARN_UNGUARDED_AVAILABILITY = YES_AGGRESSIVE;
				CLANG_WARN_UNREACHABLE_CODE = YES;
				CLANG_WARN__DUPLICATE_METHOD_MATCH = YES;
				COPY_PHASE_STRIP = NO;
				CURRENT_PROJECT_VERSION = 1;
				DEBUG_INFORMATION_FORMAT = "dwarf-with-dsym";
				ENABLE_NS_ASSERTIONS = NO;
				ENABLE_STRICT_OBJC_MSGSEND = YES;
				GCC_C_LANGUAGE_STANDARD = gnu11;
				GCC_NO_COMMON_BLOCKS = YES;
				GCC_WARN_64_TO_32_BIT_CONVERSION = YES;
				GCC_WARN_ABOUT_RETURN_TYPE = YES_ERROR;
				GCC_WARN_UNDECLARED_SELECTOR = YES;
				GCC_WARN_UNINITIALIZED_AUTOS = YES_AGGRESSIVE;
				GCC_WARN_UNUSED_FUNCTION = YES;
				GCC_WARN_UNUSED_VARIABLE = YES;
				IPHONEOS_DEPLOYMENT_TARGET = 15.2;
				MTL_ENABLE_DEBUG_INFO = NO;
				MTL_FAST_MATH = YES;
				SDKROOT = iphoneos;
				SWIFT_COMPILATION_MODE = wholemodule;
				SWIFT_OPTIMIZATION_LEVEL = "-O";
				VALIDATE_PRODUCT = YES;
				VERSIONING_SYSTEM = "apple-generic";
				VERSION_INFO_PREFIX = "";
			};
			name = Release;
		};
		DA5D6D9328C4E5FD00126C14 /* Debug */ = {
			isa = XCBuildConfiguration;
			buildSettings = {
				CODE_SIGN_STYLE = Automatic;
				CURRENT_PROJECT_VERSION = 1;
				DEFINES_MODULE = YES;
				DEVELOPMENT_TEAM = 8SLPVCR4L7;
				DYLIB_COMPATIBILITY_VERSION = 1;
				DYLIB_CURRENT_VERSION = 1;
				DYLIB_INSTALL_NAME_BASE = "@rpath";
				GENERATE_INFOPLIST_FILE = YES;
				INFOPLIST_KEY_NSHumanReadableCopyright = "";
				INSTALL_PATH = "$(LOCAL_LIBRARY_DIR)/Frameworks";
				LD_RUNPATH_SEARCH_PATHS = (
					"$(inherited)",
					"@executable_path/Frameworks",
					"@loader_path/Frameworks",
				);
				MARKETING_VERSION = 1.0;
				PRODUCT_BUNDLE_IDENTIFIER = choraeng.FloatingButton;
				PRODUCT_NAME = "$(TARGET_NAME:c99extidentifier)";
				SKIP_INSTALL = YES;
				SWIFT_EMIT_LOC_STRINGS = YES;
				SWIFT_VERSION = 5.0;
				TARGETED_DEVICE_FAMILY = "1,2";
			};
			name = Debug;
		};
		DA5D6D9428C4E5FD00126C14 /* Release */ = {
			isa = XCBuildConfiguration;
			buildSettings = {
				CODE_SIGN_STYLE = Automatic;
				CURRENT_PROJECT_VERSION = 1;
				DEFINES_MODULE = YES;
				DEVELOPMENT_TEAM = 8SLPVCR4L7;
				DYLIB_COMPATIBILITY_VERSION = 1;
				DYLIB_CURRENT_VERSION = 1;
				DYLIB_INSTALL_NAME_BASE = "@rpath";
				GENERATE_INFOPLIST_FILE = YES;
				INFOPLIST_KEY_NSHumanReadableCopyright = "";
				INSTALL_PATH = "$(LOCAL_LIBRARY_DIR)/Frameworks";
				LD_RUNPATH_SEARCH_PATHS = (
					"$(inherited)",
					"@executable_path/Frameworks",
					"@loader_path/Frameworks",
				);
				MARKETING_VERSION = 1.0;
				PRODUCT_BUNDLE_IDENTIFIER = choraeng.FloatingButton;
				PRODUCT_NAME = "$(TARGET_NAME:c99extidentifier)";
				SKIP_INSTALL = YES;
				SWIFT_EMIT_LOC_STRINGS = YES;
				SWIFT_VERSION = 5.0;
				TARGETED_DEVICE_FAMILY = "1,2";
			};
			name = Release;
		};
		DA5D6D9628C4E5FD00126C14 /* Debug */ = {
			isa = XCBuildConfiguration;
			buildSettings = {
				ALWAYS_EMBED_SWIFT_STANDARD_LIBRARIES = YES;
				CODE_SIGN_STYLE = Automatic;
				CURRENT_PROJECT_VERSION = 1;
				DEVELOPMENT_TEAM = 8SLPVCR4L7;
				GENERATE_INFOPLIST_FILE = YES;
				MARKETING_VERSION = 1.0;
				PRODUCT_BUNDLE_IDENTIFIER = choraeng.FloatingButtonTests;
				PRODUCT_NAME = "$(TARGET_NAME)";
				SWIFT_EMIT_LOC_STRINGS = NO;
				SWIFT_VERSION = 5.0;
				TARGETED_DEVICE_FAMILY = "1,2";
			};
			name = Debug;
		};
		DA5D6D9728C4E5FD00126C14 /* Release */ = {
			isa = XCBuildConfiguration;
			buildSettings = {
				ALWAYS_EMBED_SWIFT_STANDARD_LIBRARIES = YES;
				CODE_SIGN_STYLE = Automatic;
				CURRENT_PROJECT_VERSION = 1;
				DEVELOPMENT_TEAM = 8SLPVCR4L7;
				GENERATE_INFOPLIST_FILE = YES;
				MARKETING_VERSION = 1.0;
				PRODUCT_BUNDLE_IDENTIFIER = choraeng.FloatingButtonTests;
				PRODUCT_NAME = "$(TARGET_NAME)";
				SWIFT_EMIT_LOC_STRINGS = NO;
				SWIFT_VERSION = 5.0;
				TARGETED_DEVICE_FAMILY = "1,2";
			};
			name = Release;
		};
/* End XCBuildConfiguration section */

/* Begin XCConfigurationList section */
		DA5D6D7828C4E5FD00126C14 /* Build configuration list for PBXProject "FloatingButton" */ = {
			isa = XCConfigurationList;
			buildConfigurations = (
				DA5D6D9028C4E5FD00126C14 /* Debug */,
				DA5D6D9128C4E5FD00126C14 /* Release */,
			);
			defaultConfigurationIsVisible = 0;
			defaultConfigurationName = Release;
		};
		DA5D6D9228C4E5FD00126C14 /* Build configuration list for PBXNativeTarget "FloatingButton" */ = {
			isa = XCConfigurationList;
			buildConfigurations = (
				DA5D6D9328C4E5FD00126C14 /* Debug */,
				DA5D6D9428C4E5FD00126C14 /* Release */,
			);
			defaultConfigurationIsVisible = 0;
			defaultConfigurationName = Release;
		};
		DA5D6D9528C4E5FD00126C14 /* Build configuration list for PBXNativeTarget "FloatingButtonTests" */ = {
			isa = XCConfigurationList;
			buildConfigurations = (
				DA5D6D9628C4E5FD00126C14 /* Debug */,
				DA5D6D9728C4E5FD00126C14 /* Release */,
			);
			defaultConfigurationIsVisible = 0;
			defaultConfigurationName = Release;
		};
/* End XCConfigurationList section */
	};
	rootObject = DA5D6D7528C4E5FD00126C14 /* Project object */;
}
