// !$*UTF8*$!
{
	archiveVersion = 1;
	classes = {
	};
	objectVersion = 52;
	objects = {

/* Begin PBXBuildFile section */
		DA071B81270F00DF00FBA69F /* AlertToast in Frameworks */ = {isa = PBXBuildFile; productRef = DA071B80270F00DF00FBA69F /* AlertToast */; };
		DA0E183D271D78CD000B53FB /* GlobalValue.swift in Sources */ = {isa = PBXBuildFile; fileRef = DA0E183C271D78CD000B53FB /* GlobalValue.swift */; };
		DA0E63F2271D9ACD003682D5 /* PasswordModel.swift in Sources */ = {isa = PBXBuildFile; fileRef = DA0E63F1271D9ACC003682D5 /* PasswordModel.swift */; };
		DA0E63F4271DA48F003682D5 /* KeyboardView.swift in Sources */ = {isa = PBXBuildFile; fileRef = DA0E63F3271DA48F003682D5 /* KeyboardView.swift */; };
		DA1A35002704B31D00146994 /* AppLockViewModel.swift in Sources */ = {isa = PBXBuildFile; fileRef = DA1A34FF2704B31D00146994 /* AppLockViewModel.swift */; };
		DA1A35042705666800146994 /* AppLockView.swift in Sources */ = {isa = PBXBuildFile; fileRef = DA1A35032705666800146994 /* AppLockView.swift */; };
		DA2ED1102700B2C500ACACD6 /* passwordApp.swift in Sources */ = {isa = PBXBuildFile; fileRef = DA2ED10F2700B2C500ACACD6 /* passwordApp.swift */; };
		DA2ED1122700B2C500ACACD6 /* ContentView.swift in Sources */ = {isa = PBXBuildFile; fileRef = DA2ED1112700B2C500ACACD6 /* ContentView.swift */; };
		DA2ED1142700B2C700ACACD6 /* Assets.xcassets in Resources */ = {isa = PBXBuildFile; fileRef = DA2ED1132700B2C700ACACD6 /* Assets.xcassets */; };
		DA2ED1172700B2C700ACACD6 /* Preview Assets.xcassets in Resources */ = {isa = PBXBuildFile; fileRef = DA2ED1162700B2C700ACACD6 /* Preview Assets.xcassets */; };
		DA2ED1192700B2C700ACACD6 /* Persistence.swift in Sources */ = {isa = PBXBuildFile; fileRef = DA2ED1182700B2C700ACACD6 /* Persistence.swift */; };
		DA2ED11C2700B2C700ACACD6 /* password.xcdatamodeld in Sources */ = {isa = PBXBuildFile; fileRef = DA2ED11A2700B2C700ACACD6 /* password.xcdatamodeld */; };
		DAA2984927218F2500FFCB0D /* NumberView.swift in Sources */ = {isa = PBXBuildFile; fileRef = DAA2984827218F2500FFCB0D /* NumberView.swift */; };
		DAA2984B27240E0C00FFCB0D /* AppStateModel.swift in Sources */ = {isa = PBXBuildFile; fileRef = DAA2984A27240E0C00FFCB0D /* AppStateModel.swift */; };
		DABC016E270830DB004B61EF /* SetPasswordView.swift in Sources */ = {isa = PBXBuildFile; fileRef = DABC016D270830DB004B61EF /* SetPasswordView.swift */; };
		DABC0171270DDED6004B61EF /* PincodeView.swift in Sources */ = {isa = PBXBuildFile; fileRef = DABC0170270DDED6004B61EF /* PincodeView.swift */; };
		DABC0173270DDEE4004B61EF /* StringView.swift in Sources */ = {isa = PBXBuildFile; fileRef = DABC0172270DDEE4004B61EF /* StringView.swift */; };
/* End PBXBuildFile section */

/* Begin PBXFileReference section */
		DA0E183C271D78CD000B53FB /* GlobalValue.swift */ = {isa = PBXFileReference; lastKnownFileType = sourcecode.swift; path = GlobalValue.swift; sourceTree = "<group>"; };
		DA0E63F1271D9ACC003682D5 /* PasswordModel.swift */ = {isa = PBXFileReference; lastKnownFileType = sourcecode.swift; path = PasswordModel.swift; sourceTree = "<group>"; };
		DA0E63F3271DA48F003682D5 /* KeyboardView.swift */ = {isa = PBXFileReference; lastKnownFileType = sourcecode.swift; path = KeyboardView.swift; sourceTree = "<group>"; };
		DA1A34FF2704B31D00146994 /* AppLockViewModel.swift */ = {isa = PBXFileReference; lastKnownFileType = sourcecode.swift; path = AppLockViewModel.swift; sourceTree = "<group>"; };
		DA1A35032705666800146994 /* AppLockView.swift */ = {isa = PBXFileReference; lastKnownFileType = sourcecode.swift; path = AppLockView.swift; sourceTree = "<group>"; };
		DA2ED10C2700B2C500ACACD6 /* password.app */ = {isa = PBXFileReference; explicitFileType = wrapper.application; includeInIndex = 0; path = password.app; sourceTree = BUILT_PRODUCTS_DIR; };
		DA2ED10F2700B2C500ACACD6 /* passwordApp.swift */ = {isa = PBXFileReference; lastKnownFileType = sourcecode.swift; path = passwordApp.swift; sourceTree = "<group>"; };
		DA2ED1112700B2C500ACACD6 /* ContentView.swift */ = {isa = PBXFileReference; lastKnownFileType = sourcecode.swift; path = ContentView.swift; sourceTree = "<group>"; };
		DA2ED1132700B2C700ACACD6 /* Assets.xcassets */ = {isa = PBXFileReference; lastKnownFileType = folder.assetcatalog; path = Assets.xcassets; sourceTree = "<group>"; };
		DA2ED1162700B2C700ACACD6 /* Preview Assets.xcassets */ = {isa = PBXFileReference; lastKnownFileType = folder.assetcatalog; path = "Preview Assets.xcassets"; sourceTree = "<group>"; };
		DA2ED1182700B2C700ACACD6 /* Persistence.swift */ = {isa = PBXFileReference; lastKnownFileType = sourcecode.swift; path = Persistence.swift; sourceTree = "<group>"; };
		DA2ED11B2700B2C700ACACD6 /* password.xcdatamodel */ = {isa = PBXFileReference; lastKnownFileType = wrapper.xcdatamodel; path = password.xcdatamodel; sourceTree = "<group>"; };
		DA2ED11D2700B2C700ACACD6 /* Info.plist */ = {isa = PBXFileReference; lastKnownFileType = text.plist.xml; path = Info.plist; sourceTree = "<group>"; };
		DAA2984827218F2500FFCB0D /* NumberView.swift */ = {isa = PBXFileReference; lastKnownFileType = sourcecode.swift; path = NumberView.swift; sourceTree = "<group>"; };
		DAA2984A27240E0C00FFCB0D /* AppStateModel.swift */ = {isa = PBXFileReference; lastKnownFileType = sourcecode.swift; path = AppStateModel.swift; sourceTree = "<group>"; };
		DABC016D270830DB004B61EF /* SetPasswordView.swift */ = {isa = PBXFileReference; lastKnownFileType = sourcecode.swift; path = SetPasswordView.swift; sourceTree = "<group>"; };
		DABC0170270DDED6004B61EF /* PincodeView.swift */ = {isa = PBXFileReference; lastKnownFileType = sourcecode.swift; path = PincodeView.swift; sourceTree = "<group>"; };
		DABC0172270DDEE4004B61EF /* StringView.swift */ = {isa = PBXFileReference; lastKnownFileType = sourcecode.swift; path = StringView.swift; sourceTree = "<group>"; };
/* End PBXFileReference section */

/* Begin PBXFrameworksBuildPhase section */
		DA2ED1092700B2C500ACACD6 /* Frameworks */ = {
			isa = PBXFrameworksBuildPhase;
			buildActionMask = 2147483647;
			files = (
				DA071B81270F00DF00FBA69F /* AlertToast in Frameworks */,
			);
			runOnlyForDeploymentPostprocessing = 0;
		};
/* End PBXFrameworksBuildPhase section */

/* Begin PBXGroup section */
		DA071B822714FF0F00FBA69F /* model */ = {
			isa = PBXGroup;
			children = (
				DA1A34FF2704B31D00146994 /* AppLockViewModel.swift */,
				DA0E183C271D78CD000B53FB /* GlobalValue.swift */,
				DA0E63F1271D9ACC003682D5 /* PasswordModel.swift */,
				DAA2984A27240E0C00FFCB0D /* AppStateModel.swift */,
			);
			path = model;
			sourceTree = "<group>";
		};
		DA2ED1032700B2C500ACACD6 = {
			isa = PBXGroup;
			children = (
				DA2ED10E2700B2C500ACACD6 /* password */,
				DA2ED10D2700B2C500ACACD6 /* Products */,
			);
			sourceTree = "<group>";
		};
		DA2ED10D2700B2C500ACACD6 /* Products */ = {
			isa = PBXGroup;
			children = (
				DA2ED10C2700B2C500ACACD6 /* password.app */,
			);
			name = Products;
			sourceTree = "<group>";
		};
		DA2ED10E2700B2C500ACACD6 /* password */ = {
			isa = PBXGroup;
			children = (
				DA071B822714FF0F00FBA69F /* model */,
				DABC016F270DDE0E004B61EF /* views */,
				DA2ED10F2700B2C500ACACD6 /* passwordApp.swift */,
				DA2ED1132700B2C700ACACD6 /* Assets.xcassets */,
				DA2ED1182700B2C700ACACD6 /* Persistence.swift */,
				DA2ED11D2700B2C700ACACD6 /* Info.plist */,
				DA2ED11A2700B2C700ACACD6 /* password.xcdatamodeld */,
				DA2ED1152700B2C700ACACD6 /* Preview Content */,
			);
			path = password;
			sourceTree = "<group>";
		};
		DA2ED1152700B2C700ACACD6 /* Preview Content */ = {
			isa = PBXGroup;
			children = (
				DA2ED1162700B2C700ACACD6 /* Preview Assets.xcassets */,
			);
			path = "Preview Content";
			sourceTree = "<group>";
		};
		DAA2984C2724157C00FFCB0D /* password view */ = {
			isa = PBXGroup;
			children = (
				DABC0172270DDEE4004B61EF /* StringView.swift */,
				DABC0170270DDED6004B61EF /* PincodeView.swift */,
			);
			path = "password view";
			sourceTree = "<group>";
		};
		DABC016F270DDE0E004B61EF /* views */ = {
			isa = PBXGroup;
			children = (
				DA2ED1112700B2C500ACACD6 /* ContentView.swift */,
				DAA2984C2724157C00FFCB0D /* password view */,
				DA1A35032705666800146994 /* AppLockView.swift */,
				DABC016D270830DB004B61EF /* SetPasswordView.swift */,
				DAA2984827218F2500FFCB0D /* NumberView.swift */,
				DA0E63F3271DA48F003682D5 /* KeyboardView.swift */,
			);
			path = views;
			sourceTree = "<group>";
		};
/* End PBXGroup section */

/* Begin PBXNativeTarget section */
		DA2ED10B2700B2C500ACACD6 /* password */ = {
			isa = PBXNativeTarget;
			buildConfigurationList = DA2ED1202700B2C700ACACD6 /* Build configuration list for PBXNativeTarget "password" */;
			buildPhases = (
				DA2ED1082700B2C500ACACD6 /* Sources */,
				DA2ED1092700B2C500ACACD6 /* Frameworks */,
				DA2ED10A2700B2C500ACACD6 /* Resources */,
			);
			buildRules = (
			);
			dependencies = (
			);
			name = password;
			packageProductDependencies = (
				DA071B80270F00DF00FBA69F /* AlertToast */,
			);
			productName = password;
			productReference = DA2ED10C2700B2C500ACACD6 /* password.app */;
			productType = "com.apple.product-type.application";
		};
/* End PBXNativeTarget section */

/* Begin PBXProject section */
		DA2ED1042700B2C500ACACD6 /* Project object */ = {
			isa = PBXProject;
			attributes = {
				LastSwiftUpdateCheck = 1250;
				LastUpgradeCheck = 1250;
				TargetAttributes = {
					DA2ED10B2700B2C500ACACD6 = {
						CreatedOnToolsVersion = 12.5.1;
					};
				};
			};
			buildConfigurationList = DA2ED1072700B2C500ACACD6 /* Build configuration list for PBXProject "password" */;
			compatibilityVersion = "Xcode 9.3";
			developmentRegion = en;
			hasScannedForEncodings = 0;
			knownRegions = (
				en,
				Base,
			);
			mainGroup = DA2ED1032700B2C500ACACD6;
			packageReferences = (
				DA071B7F270F00DF00FBA69F /* XCRemoteSwiftPackageReference "AlertToast" */,
			);
			productRefGroup = DA2ED10D2700B2C500ACACD6 /* Products */;
			projectDirPath = "";
			projectRoot = "";
			targets = (
				DA2ED10B2700B2C500ACACD6 /* password */,
			);
		};
/* End PBXProject section */

/* Begin PBXResourcesBuildPhase section */
		DA2ED10A2700B2C500ACACD6 /* Resources */ = {
			isa = PBXResourcesBuildPhase;
			buildActionMask = 2147483647;
			files = (
				DA2ED1172700B2C700ACACD6 /* Preview Assets.xcassets in Resources */,
				DA2ED1142700B2C700ACACD6 /* Assets.xcassets in Resources */,
			);
			runOnlyForDeploymentPostprocessing = 0;
		};
/* End PBXResourcesBuildPhase section */

/* Begin PBXSourcesBuildPhase section */
		DA2ED1082700B2C500ACACD6 /* Sources */ = {
			isa = PBXSourcesBuildPhase;
			buildActionMask = 2147483647;
			files = (
				DAA2984927218F2500FFCB0D /* NumberView.swift in Sources */,
				DA1A35042705666800146994 /* AppLockView.swift in Sources */,
				DA2ED11C2700B2C700ACACD6 /* password.xcdatamodeld in Sources */,
				DA1A35002704B31D00146994 /* AppLockViewModel.swift in Sources */,
				DABC016E270830DB004B61EF /* SetPasswordView.swift in Sources */,
				DA2ED1192700B2C700ACACD6 /* Persistence.swift in Sources */,
				DA0E183D271D78CD000B53FB /* GlobalValue.swift in Sources */,
				DA2ED1122700B2C500ACACD6 /* ContentView.swift in Sources */,
				DABC0173270DDEE4004B61EF /* StringView.swift in Sources */,
				DA2ED1102700B2C500ACACD6 /* passwordApp.swift in Sources */,
				DA0E63F4271DA48F003682D5 /* KeyboardView.swift in Sources */,
				DAA2984B27240E0C00FFCB0D /* AppStateModel.swift in Sources */,
				DABC0171270DDED6004B61EF /* PincodeView.swift in Sources */,
				DA0E63F2271D9ACD003682D5 /* PasswordModel.swift in Sources */,
			);
			runOnlyForDeploymentPostprocessing = 0;
		};
/* End PBXSourcesBuildPhase section */

/* Begin XCBuildConfiguration section */
		DA2ED11E2700B2C700ACACD6 /* Debug */ = {
			isa = XCBuildConfiguration;
			buildSettings = {
				ALWAYS_SEARCH_USER_PATHS = NO;
				CLANG_ANALYZER_NONNULL = YES;
				CLANG_ANALYZER_NUMBER_OBJECT_CONVERSION = YES_AGGRESSIVE;
				CLANG_CXX_LANGUAGE_STANDARD = "gnu++14";
				CLANG_CXX_LIBRARY = "libc++";
				CLANG_ENABLE_MODULES = YES;
				CLANG_ENABLE_OBJC_ARC = YES;
				CLANG_ENABLE_OBJC_WEAK = YES;
				CLANG_WARN_BLOCK_CAPTURE_AUTORELEASING = YES;
				CLANG_WARN_BOOL_CONVERSION = YES;
				CLANG_WARN_COMMA = YES;
				CLANG_WARN_CONSTANT_CONVERSION = YES;
				CLANG_WARN_DEPRECATED_OBJC_IMPLEMENTATIONS = YES;
				CLANG_WARN_DIRECT_OBJC_ISA_USAGE = YES_ERROR;
				CLANG_WARN_DOCUMENTATION_COMMENTS = YES;
				CLANG_WARN_EMPTY_BODY = YES;
				CLANG_WARN_ENUM_CONVERSION = YES;
				CLANG_WARN_INFINITE_RECURSION = YES;
				CLANG_WARN_INT_CONVERSION = YES;
				CLANG_WARN_NON_LITERAL_NULL_CONVERSION = YES;
				CLANG_WARN_OBJC_IMPLICIT_RETAIN_SELF = YES;
				CLANG_WARN_OBJC_LITERAL_CONVERSION = YES;
				CLANG_WARN_OBJC_ROOT_CLASS = YES_ERROR;
				CLANG_WARN_QUOTED_INCLUDE_IN_FRAMEWORK_HEADER = YES;
				CLANG_WARN_RANGE_LOOP_ANALYSIS = YES;
				CLANG_WARN_STRICT_PROTOTYPES = YES;
				CLANG_WARN_SUSPICIOUS_MOVE = YES;
				CLANG_WARN_UNGUARDED_AVAILABILITY = YES_AGGRESSIVE;
				CLANG_WARN_UNREACHABLE_CODE = YES;
				CLANG_WARN__DUPLICATE_METHOD_MATCH = YES;
				COPY_PHASE_STRIP = NO;
				DEBUG_INFORMATION_FORMAT = dwarf;
				ENABLE_STRICT_OBJC_MSGSEND = YES;
				ENABLE_TESTABILITY = YES;
				GCC_C_LANGUAGE_STANDARD = gnu11;
				GCC_DYNAMIC_NO_PIC = NO;
				GCC_NO_COMMON_BLOCKS = YES;
				GCC_OPTIMIZATION_LEVEL = 0;
				GCC_PREPROCESSOR_DEFINITIONS = (
					"DEBUG=1",
					"$(inherited)",
				);
				GCC_WARN_64_TO_32_BIT_CONVERSION = YES;
				GCC_WARN_ABOUT_RETURN_TYPE = YES_ERROR;
				GCC_WARN_UNDECLARED_SELECTOR = YES;
				GCC_WARN_UNINITIALIZED_AUTOS = YES_AGGRESSIVE;
				GCC_WARN_UNUSED_FUNCTION = YES;
				GCC_WARN_UNUSED_VARIABLE = YES;
				IPHONEOS_DEPLOYMENT_TARGET = 14.5;
				MTL_ENABLE_DEBUG_INFO = INCLUDE_SOURCE;
				MTL_FAST_MATH = YES;
				ONLY_ACTIVE_ARCH = YES;
				SDKROOT = iphoneos;
				SWIFT_ACTIVE_COMPILATION_CONDITIONS = DEBUG;
				SWIFT_OPTIMIZATION_LEVEL = "-Onone";
			};
			name = Debug;
		};
		DA2ED11F2700B2C700ACACD6 /* Release */ = {
			isa = XCBuildConfiguration;
			buildSettings = {
				ALWAYS_SEARCH_USER_PATHS = NO;
				CLANG_ANALYZER_NONNULL = YES;
				CLANG_ANALYZER_NUMBER_OBJECT_CONVERSION = YES_AGGRESSIVE;
				CLANG_CXX_LANGUAGE_STANDARD = "gnu++14";
				CLANG_CXX_LIBRARY = "libc++";
				CLANG_ENABLE_MODULES = YES;
				CLANG_ENABLE_OBJC_ARC = YES;
				CLANG_ENABLE_OBJC_WEAK = YES;
				CLANG_WARN_BLOCK_CAPTURE_AUTORELEASING = YES;
				CLANG_WARN_BOOL_CONVERSION = YES;
				CLANG_WARN_COMMA = YES;
				CLANG_WARN_CONSTANT_CONVERSION = YES;
				CLANG_WARN_DEPRECATED_OBJC_IMPLEMENTATIONS = YES;
				CLANG_WARN_DIRECT_OBJC_ISA_USAGE = YES_ERROR;
				CLANG_WARN_DOCUMENTATION_COMMENTS = YES;
				CLANG_WARN_EMPTY_BODY = YES;
				CLANG_WARN_ENUM_CONVERSION = YES;
				CLANG_WARN_INFINITE_RECURSION = YES;
				CLANG_WARN_INT_CONVERSION = YES;
				CLANG_WARN_NON_LITERAL_NULL_CONVERSION = YES;
				CLANG_WARN_OBJC_IMPLICIT_RETAIN_SELF = YES;
				CLANG_WARN_OBJC_LITERAL_CONVERSION = YES;
				CLANG_WARN_OBJC_ROOT_CLASS = YES_ERROR;
				CLANG_WARN_QUOTED_INCLUDE_IN_FRAMEWORK_HEADER = YES;
				CLANG_WARN_RANGE_LOOP_ANALYSIS = YES;
				CLANG_WARN_STRICT_PROTOTYPES = YES;
				CLANG_WARN_SUSPICIOUS_MOVE = YES;
				CLANG_WARN_UNGUARDED_AVAILABILITY = YES_AGGRESSIVE;
				CLANG_WARN_UNREACHABLE_CODE = YES;
				CLANG_WARN__DUPLICATE_METHOD_MATCH = YES;
				COPY_PHASE_STRIP = NO;
				DEBUG_INFORMATION_FORMAT = "dwarf-with-dsym";
				ENABLE_NS_ASSERTIONS = NO;
				ENABLE_STRICT_OBJC_MSGSEND = YES;
				GCC_C_LANGUAGE_STANDARD = gnu11;
				GCC_NO_COMMON_BLOCKS = YES;
				GCC_WARN_64_TO_32_BIT_CONVERSION = YES;
				GCC_WARN_ABOUT_RETURN_TYPE = YES_ERROR;
				GCC_WARN_UNDECLARED_SELECTOR = YES;
				GCC_WARN_UNINITIALIZED_AUTOS = YES_AGGRESSIVE;
				GCC_WARN_UNUSED_FUNCTION = YES;
				GCC_WARN_UNUSED_VARIABLE = YES;
				IPHONEOS_DEPLOYMENT_TARGET = 14.5;
				MTL_ENABLE_DEBUG_INFO = NO;
				MTL_FAST_MATH = YES;
				SDKROOT = iphoneos;
				SWIFT_COMPILATION_MODE = wholemodule;
				SWIFT_OPTIMIZATION_LEVEL = "-O";
				VALIDATE_PRODUCT = YES;
			};
			name = Release;
		};
		DA2ED1212700B2C700ACACD6 /* Debug */ = {
			isa = XCBuildConfiguration;
			buildSettings = {
				ASSETCATALOG_COMPILER_APPICON_NAME = AppIcon;
				ASSETCATALOG_COMPILER_GLOBAL_ACCENT_COLOR_NAME = AccentColor;
				CODE_SIGN_STYLE = Automatic;
				DEVELOPMENT_ASSET_PATHS = "\"password/Preview Content\"";
				DEVELOPMENT_TEAM = 8SLPVCR4L7;
				ENABLE_PREVIEWS = YES;
				GCC_NO_COMMON_BLOCKS = NO;
				INFOPLIST_FILE = password/Info.plist;
				IPHONEOS_DEPLOYMENT_TARGET = 14.0;
				LD_RUNPATH_SEARCH_PATHS = (
					"$(inherited)",
					"@executable_path/Frameworks",
				);
				PRODUCT_BUNDLE_IDENTIFIER = choraeng.password;
				PRODUCT_NAME = "$(TARGET_NAME)";
				SWIFT_VERSION = 5.0;
				TARGETED_DEVICE_FAMILY = "1,2";
			};
			name = Debug;
		};
		DA2ED1222700B2C700ACACD6 /* Release */ = {
			isa = XCBuildConfiguration;
			buildSettings = {
				ASSETCATALOG_COMPILER_APPICON_NAME = AppIcon;
				ASSETCATALOG_COMPILER_GLOBAL_ACCENT_COLOR_NAME = AccentColor;
				CODE_SIGN_STYLE = Automatic;
				DEVELOPMENT_ASSET_PATHS = "\"password/Preview Content\"";
				DEVELOPMENT_TEAM = 8SLPVCR4L7;
				ENABLE_PREVIEWS = YES;
				GCC_NO_COMMON_BLOCKS = NO;
				INFOPLIST_FILE = password/Info.plist;
				IPHONEOS_DEPLOYMENT_TARGET = 14.0;
				LD_RUNPATH_SEARCH_PATHS = (
					"$(inherited)",
					"@executable_path/Frameworks",
				);
				PRODUCT_BUNDLE_IDENTIFIER = choraeng.password;
				PRODUCT_NAME = "$(TARGET_NAME)";
				SWIFT_VERSION = 5.0;
				TARGETED_DEVICE_FAMILY = "1,2";
			};
			name = Release;
		};
/* End XCBuildConfiguration section */

/* Begin XCConfigurationList section */
		DA2ED1072700B2C500ACACD6 /* Build configuration list for PBXProject "password" */ = {
			isa = XCConfigurationList;
			buildConfigurations = (
				DA2ED11E2700B2C700ACACD6 /* Debug */,
				DA2ED11F2700B2C700ACACD6 /* Release */,
			);
			defaultConfigurationIsVisible = 0;
			defaultConfigurationName = Release;
		};
		DA2ED1202700B2C700ACACD6 /* Build configuration list for PBXNativeTarget "password" */ = {
			isa = XCConfigurationList;
			buildConfigurations = (
				DA2ED1212700B2C700ACACD6 /* Debug */,
				DA2ED1222700B2C700ACACD6 /* Release */,
			);
			defaultConfigurationIsVisible = 0;
			defaultConfigurationName = Release;
		};
/* End XCConfigurationList section */

/* Begin XCRemoteSwiftPackageReference section */
		DA071B7F270F00DF00FBA69F /* XCRemoteSwiftPackageReference "AlertToast" */ = {
			isa = XCRemoteSwiftPackageReference;
			repositoryURL = "https://github.com/elai950/AlertToast.git";
			requirement = {
				kind = upToNextMajorVersion;
				minimumVersion = 1.0.0;
			};
		};
/* End XCRemoteSwiftPackageReference section */

/* Begin XCSwiftPackageProductDependency section */
		DA071B80270F00DF00FBA69F /* AlertToast */ = {
			isa = XCSwiftPackageProductDependency;
			package = DA071B7F270F00DF00FBA69F /* XCRemoteSwiftPackageReference "AlertToast" */;
			productName = AlertToast;
		};
/* End XCSwiftPackageProductDependency section */

/* Begin XCVersionGroup section */
		DA2ED11A2700B2C700ACACD6 /* password.xcdatamodeld */ = {
			isa = XCVersionGroup;
			children = (
				DA2ED11B2700B2C700ACACD6 /* password.xcdatamodel */,
			);
			currentVersion = DA2ED11B2700B2C700ACACD6 /* password.xcdatamodel */;
			path = password.xcdatamodeld;
			sourceTree = "<group>";
			versionGroupType = wrapper.xcdatamodel;
		};
/* End XCVersionGroup section */
	};
	rootObject = DA2ED1042700B2C500ACACD6 /* Project object */;
}
