// !$*UTF8*$!
{
	archiveVersion = 1;
	classes = {
	};
	objectVersion = 55;
	objects = {

/* Begin PBXBuildFile section */
		DA5D6C6E28C2526800126C14 /* YPImagePicker.swift in Sources */ = {isa = PBXBuildFile; fileRef = DA5D6C6D28C2526800126C14 /* YPImagePicker.swift */; };
		DA5D6CBE28C4A8D300126C14 /* YPImagePicker in Frameworks */ = {isa = PBXBuildFile; productRef = DA5D6CBD28C4A8D300126C14 /* YPImagePicker */; };
		DA5D6D5028C4B94A00126C14 /* Persistence.swift in Sources */ = {isa = PBXBuildFile; fileRef = DA90979B28A9435600BFB340 /* Persistence.swift */; };
		DA5D6D5128C4B94A00126C14 /* photoLock.xcdatamodeld in Sources */ = {isa = PBXBuildFile; fileRef = DA90979D28A9435600BFB340 /* photoLock.xcdatamodeld */; };
		DA5D6D5228C4B94A00126C14 /* ContentView.swift in Sources */ = {isa = PBXBuildFile; fileRef = DA9097AB28A9440100BFB340 /* ContentView.swift */; };
		DA5D6D5328C4B94A00126C14 /* YPImagePicker.swift in Sources */ = {isa = PBXBuildFile; fileRef = DA5D6C6D28C2526800126C14 /* YPImagePicker.swift */; };
		DA5D6D5428C4B94A00126C14 /* mainView.swift in Sources */ = {isa = PBXBuildFile; fileRef = DA9097AA28A9440100BFB340 /* mainView.swift */; };
		DA5D6D5528C4B94A00126C14 /* photoLockApp.swift in Sources */ = {isa = PBXBuildFile; fileRef = DA90979228A9435500BFB340 /* photoLockApp.swift */; };
		DA5D6D5928C4B94A00126C14 /* YPImagePicker in Frameworks */ = {isa = PBXBuildFile; productRef = DA5D6D4D28C4B94A00126C14 /* YPImagePicker */; };
		DA5D6D5C28C4B94A00126C14 /* Preview Assets.xcassets in Resources */ = {isa = PBXBuildFile; fileRef = DA90979928A9435600BFB340 /* Preview Assets.xcassets */; };
		DA5D6D5D28C4B94A00126C14 /* Assets.xcassets in Resources */ = {isa = PBXBuildFile; fileRef = DA90979628A9435600BFB340 /* Assets.xcassets */; };
		DA5D6D7128C4C42600126C14 /* SwiftUIBottomSheet in Frameworks */ = {isa = PBXBuildFile; productRef = DA5D6D7028C4C42600126C14 /* SwiftUIBottomSheet */; };
		DA5D6D7328C4C44E00126C14 /* SwiftUIBottomSheet in Frameworks */ = {isa = PBXBuildFile; productRef = DA5D6D7228C4C44E00126C14 /* SwiftUIBottomSheet */; };
		DA5D6DA328C4E74900126C14 /* FloatingButton.framework in Frameworks */ = {isa = PBXBuildFile; fileRef = DA5D6DA028C4E73800126C14 /* FloatingButton.framework */; };
		DA5D6DA428C4E74900126C14 /* FloatingButton.framework in Embed Frameworks */ = {isa = PBXBuildFile; fileRef = DA5D6DA028C4E73800126C14 /* FloatingButton.framework */; settings = {ATTRIBUTES = (CodeSignOnCopy, RemoveHeadersOnCopy, ); }; };
		DA5D6DA528C4E75200126C14 /* FloatingButton.framework in Frameworks */ = {isa = PBXBuildFile; fileRef = DA5D6DA028C4E73800126C14 /* FloatingButton.framework */; };
		DA5D6DA628C4E75200126C14 /* FloatingButton.framework in Embed Frameworks */ = {isa = PBXBuildFile; fileRef = DA5D6DA028C4E73800126C14 /* FloatingButton.framework */; settings = {ATTRIBUTES = (CodeSignOnCopy, RemoveHeadersOnCopy, ); }; };
		DA90979328A9435500BFB340 /* photoLockApp.swift in Sources */ = {isa = PBXBuildFile; fileRef = DA90979228A9435500BFB340 /* photoLockApp.swift */; };
		DA90979728A9435600BFB340 /* Assets.xcassets in Resources */ = {isa = PBXBuildFile; fileRef = DA90979628A9435600BFB340 /* Assets.xcassets */; };
		DA90979A28A9435600BFB340 /* Preview Assets.xcassets in Resources */ = {isa = PBXBuildFile; fileRef = DA90979928A9435600BFB340 /* Preview Assets.xcassets */; };
		DA90979C28A9435600BFB340 /* Persistence.swift in Sources */ = {isa = PBXBuildFile; fileRef = DA90979B28A9435600BFB340 /* Persistence.swift */; };
		DA90979F28A9435600BFB340 /* photoLock.xcdatamodeld in Sources */ = {isa = PBXBuildFile; fileRef = DA90979D28A9435600BFB340 /* photoLock.xcdatamodeld */; };
		DA9097AF28A9440100BFB340 /* mainView.swift in Sources */ = {isa = PBXBuildFile; fileRef = DA9097AA28A9440100BFB340 /* mainView.swift */; };
		DA9097B028A9440100BFB340 /* ContentView.swift in Sources */ = {isa = PBXBuildFile; fileRef = DA9097AB28A9440100BFB340 /* ContentView.swift */; };
/* End PBXBuildFile section */

/* Begin PBXContainerItemProxy section */
		DA5D6D9F28C4E73800126C14 /* PBXContainerItemProxy */ = {
			isa = PBXContainerItemProxy;
			containerPortal = DA5D6D9A28C4E73800126C14 /* FloatingButton.xcodeproj */;
			proxyType = 2;
			remoteGlobalIDString = DA5D6D7E28C4E5FD00126C14;
			remoteInfo = FloatingButton;
		};
		DA5D6DA128C4E73800126C14 /* PBXContainerItemProxy */ = {
			isa = PBXContainerItemProxy;
			containerPortal = DA5D6D9A28C4E73800126C14 /* FloatingButton.xcodeproj */;
			proxyType = 2;
			remoteGlobalIDString = DA5D6D8828C4E5FD00126C14;
			remoteInfo = FloatingButtonTests;
		};
/* End PBXContainerItemProxy section */

/* Begin PBXCopyFilesBuildPhase section */
		DA5D6D4928C4B88800126C14 /* Embed Frameworks */ = {
			isa = PBXCopyFilesBuildPhase;
			buildActionMask = 2147483647;
			dstPath = "";
			dstSubfolderSpec = 10;
			files = (
				DA5D6DA428C4E74900126C14 /* FloatingButton.framework in Embed Frameworks */,
			);
			name = "Embed Frameworks";
			runOnlyForDeploymentPostprocessing = 0;
		};
		DA5D6DA728C4E75200126C14 /* Embed Frameworks */ = {
			isa = PBXCopyFilesBuildPhase;
			buildActionMask = 2147483647;
			dstPath = "";
			dstSubfolderSpec = 10;
			files = (
				DA5D6DA628C4E75200126C14 /* FloatingButton.framework in Embed Frameworks */,
			);
			name = "Embed Frameworks";
			runOnlyForDeploymentPostprocessing = 0;
		};
/* End PBXCopyFilesBuildPhase section */

/* Begin PBXFileReference section */
		DA5D6C6D28C2526800126C14 /* YPImagePicker.swift */ = {isa = PBXFileReference; lastKnownFileType = sourcecode.swift; path = YPImagePicker.swift; sourceTree = "<group>"; };
		DA5D6D6328C4B94A00126C14 /* photoLock-dev.app */ = {isa = PBXFileReference; explicitFileType = wrapper.application; includeInIndex = 0; path = "photoLock-dev.app"; sourceTree = BUILT_PRODUCTS_DIR; };
		DA5D6D6428C4B94B00126C14 /* photoLock-dev.plist */ = {isa = PBXFileReference; lastKnownFileType = text.plist.xml; name = "photoLock-dev.plist"; path = "/Users/cho/Desktop/swiftui/photolock/photoLock/photoLock-dev.plist"; sourceTree = "<absolute>"; };
		DA5D6D9A28C4E73800126C14 /* FloatingButton.xcodeproj */ = {isa = PBXFileReference; lastKnownFileType = "wrapper.pb-project"; name = FloatingButton.xcodeproj; path = FloatingButton/FloatingButton.xcodeproj; sourceTree = "<group>"; };
		DA604FD228BBAECF00C2DF13 /* Info.plist */ = {isa = PBXFileReference; lastKnownFileType = text.plist; path = Info.plist; sourceTree = "<group>"; };
		DA90978F28A9435500BFB340 /* photoLock.app */ = {isa = PBXFileReference; explicitFileType = wrapper.application; includeInIndex = 0; path = photoLock.app; sourceTree = BUILT_PRODUCTS_DIR; };
		DA90979228A9435500BFB340 /* photoLockApp.swift */ = {isa = PBXFileReference; lastKnownFileType = sourcecode.swift; path = photoLockApp.swift; sourceTree = "<group>"; };
		DA90979628A9435600BFB340 /* Assets.xcassets */ = {isa = PBXFileReference; lastKnownFileType = folder.assetcatalog; path = Assets.xcassets; sourceTree = "<group>"; };
		DA90979928A9435600BFB340 /* Preview Assets.xcassets */ = {isa = PBXFileReference; lastKnownFileType = folder.assetcatalog; path = "Preview Assets.xcassets"; sourceTree = "<group>"; };
		DA90979B28A9435600BFB340 /* Persistence.swift */ = {isa = PBXFileReference; lastKnownFileType = sourcecode.swift; path = Persistence.swift; sourceTree = "<group>"; };
		DA90979E28A9435600BFB340 /* photoLock.xcdatamodel */ = {isa = PBXFileReference; lastKnownFileType = wrapper.xcdatamodel; path = photoLock.xcdatamodel; sourceTree = "<group>"; };
		DA9097AA28A9440100BFB340 /* mainView.swift */ = {isa = PBXFileReference; fileEncoding = 4; lastKnownFileType = sourcecode.swift; path = mainView.swift; sourceTree = "<group>"; };
		DA9097AB28A9440100BFB340 /* ContentView.swift */ = {isa = PBXFileReference; fileEncoding = 4; lastKnownFileType = sourcecode.swift; path = ContentView.swift; sourceTree = "<group>"; };
/* End PBXFileReference section */

/* Begin PBXFrameworksBuildPhase section */
		DA5D6D5728C4B94A00126C14 /* Frameworks */ = {
			isa = PBXFrameworksBuildPhase;
			buildActionMask = 2147483647;
			files = (
				DA5D6D5928C4B94A00126C14 /* YPImagePicker in Frameworks */,
				DA5D6D7328C4C44E00126C14 /* SwiftUIBottomSheet in Frameworks */,
				DA5D6DA528C4E75200126C14 /* FloatingButton.framework in Frameworks */,
			);
			runOnlyForDeploymentPostprocessing = 0;
		};
		DA90978C28A9435500BFB340 /* Frameworks */ = {
			isa = PBXFrameworksBuildPhase;
			buildActionMask = 2147483647;
			files = (
				DA5D6CBE28C4A8D300126C14 /* YPImagePicker in Frameworks */,
				DA5D6D7128C4C42600126C14 /* SwiftUIBottomSheet in Frameworks */,
				DA5D6DA328C4E74900126C14 /* FloatingButton.framework in Frameworks */,
			);
			runOnlyForDeploymentPostprocessing = 0;
		};
/* End PBXFrameworksBuildPhase section */

/* Begin PBXGroup section */
		DA51148028B120C400B326AC /* modules */ = {
			isa = PBXGroup;
			children = (
				DA5D6C6D28C2526800126C14 /* YPImagePicker.swift */,
			);
			path = modules;
			sourceTree = "<group>";
		};
		DA5D6D3D28C4B81300126C14 /* Frameworks */ = {
			isa = PBXGroup;
			children = (
				DA5D6D9A28C4E73800126C14 /* FloatingButton.xcodeproj */,
			);
			path = Frameworks;
			sourceTree = "<group>";
		};
		DA5D6D9B28C4E73800126C14 /* Products */ = {
			isa = PBXGroup;
			children = (
				DA5D6DA028C4E73800126C14 /* FloatingButton.framework */,
				DA5D6DA228C4E73800126C14 /* FloatingButtonTests.xctest */,
			);
			name = Products;
			sourceTree = "<group>";
		};
		DA90978628A9435500BFB340 = {
			isa = PBXGroup;
			children = (
				DA5D6D3D28C4B81300126C14 /* Frameworks */,
				DA90979128A9435500BFB340 /* photoLock */,
				DA90979028A9435500BFB340 /* Products */,
				DA5D6D6428C4B94B00126C14 /* photoLock-dev.plist */,
			);
			sourceTree = "<group>";
		};
		DA90979028A9435500BFB340 /* Products */ = {
			isa = PBXGroup;
			children = (
				DA90978F28A9435500BFB340 /* photoLock.app */,
				DA5D6D6328C4B94A00126C14 /* photoLock-dev.app */,
			);
			name = Products;
			sourceTree = "<group>";
		};
		DA90979128A9435500BFB340 /* photoLock */ = {
			isa = PBXGroup;
			children = (
				DA604FD228BBAECF00C2DF13 /* Info.plist */,
				DA51148028B120C400B326AC /* modules */,
				DA9097B328A9448200BFB340 /* AppDelegate */,
				DA9097B228A9447600BFB340 /* Resources */,
				DA9097B128A9445300BFB340 /* Models */,
				DA9097AC28A9440100BFB340 /* Utils */,
				DA9097AD28A9440100BFB340 /* ViewModels */,
				DA9097A528A9440100BFB340 /* Views */,
				DA90979828A9435600BFB340 /* Preview Content */,
			);
			path = photoLock;
			sourceTree = "<group>";
		};
		DA90979828A9435600BFB340 /* Preview Content */ = {
			isa = PBXGroup;
			children = (
				DA90979928A9435600BFB340 /* Preview Assets.xcassets */,
			);
			path = "Preview Content";
			sourceTree = "<group>";
		};
		DA9097A528A9440100BFB340 /* Views */ = {
			isa = PBXGroup;
			children = (
				DA9097A628A9440100BFB340 /* Commons */,
				DA9097A828A9440100BFB340 /* Details */,
				DA9097A928A9440100BFB340 /* Main */,
				DA9097AB28A9440100BFB340 /* ContentView.swift */,
			);
			path = Views;
			sourceTree = "<group>";
		};
		DA9097A628A9440100BFB340 /* Commons */ = {
			isa = PBXGroup;
			children = (
			);
			path = Commons;
			sourceTree = "<group>";
		};
		DA9097A828A9440100BFB340 /* Details */ = {
			isa = PBXGroup;
			children = (
			);
			path = Details;
			sourceTree = "<group>";
		};
		DA9097A928A9440100BFB340 /* Main */ = {
			isa = PBXGroup;
			children = (
				DA9097AA28A9440100BFB340 /* mainView.swift */,
			);
			path = Main;
			sourceTree = "<group>";
		};
		DA9097AC28A9440100BFB340 /* Utils */ = {
			isa = PBXGroup;
			children = (
			);
			path = Utils;
			sourceTree = "<group>";
		};
		DA9097AD28A9440100BFB340 /* ViewModels */ = {
			isa = PBXGroup;
			children = (
			);
			path = ViewModels;
			sourceTree = "<group>";
		};
		DA9097B128A9445300BFB340 /* Models */ = {
			isa = PBXGroup;
			children = (
				DA90979D28A9435600BFB340 /* photoLock.xcdatamodeld */,
			);
			path = Models;
			sourceTree = "<group>";
		};
		DA9097B228A9447600BFB340 /* Resources */ = {
			isa = PBXGroup;
			children = (
				DA90979628A9435600BFB340 /* Assets.xcassets */,
			);
			path = Resources;
			sourceTree = "<group>";
		};
		DA9097B328A9448200BFB340 /* AppDelegate */ = {
			isa = PBXGroup;
			children = (
				DA90979228A9435500BFB340 /* photoLockApp.swift */,
				DA90979B28A9435600BFB340 /* Persistence.swift */,
			);
			path = AppDelegate;
			sourceTree = "<group>";
		};
/* End PBXGroup section */

/* Begin PBXNativeTarget section */
		DA5D6D4A28C4B94A00126C14 /* photoLock-dev */ = {
			isa = PBXNativeTarget;
			buildConfigurationList = DA5D6D6028C4B94A00126C14 /* Build configuration list for PBXNativeTarget "photoLock-dev" */;
			buildPhases = (
				DA5D6D4F28C4B94A00126C14 /* Sources */,
				DA5D6D5728C4B94A00126C14 /* Frameworks */,
				DA5D6D5B28C4B94A00126C14 /* Resources */,
				DA5D6DA728C4E75200126C14 /* Embed Frameworks */,
			);
			buildRules = (
			);
			dependencies = (
			);
			name = "photoLock-dev";
			packageProductDependencies = (
				DA5D6D4D28C4B94A00126C14 /* YPImagePicker */,
				DA5D6D7228C4C44E00126C14 /* SwiftUIBottomSheet */,
			);
			productName = photoLock;
			productReference = DA5D6D6328C4B94A00126C14 /* photoLock-dev.app */;
			productType = "com.apple.product-type.application";
		};
		DA90978E28A9435500BFB340 /* photoLock */ = {
			isa = PBXNativeTarget;
			buildConfigurationList = DA9097A228A9435600BFB340 /* Build configuration list for PBXNativeTarget "photoLock" */;
			buildPhases = (
				DA90978B28A9435500BFB340 /* Sources */,
				DA90978C28A9435500BFB340 /* Frameworks */,
				DA90978D28A9435500BFB340 /* Resources */,
				DA5D6D4928C4B88800126C14 /* Embed Frameworks */,
			);
			buildRules = (
			);
			dependencies = (
			);
			name = photoLock;
			packageProductDependencies = (
				DA5D6CBD28C4A8D300126C14 /* YPImagePicker */,
				DA5D6D7028C4C42600126C14 /* SwiftUIBottomSheet */,
			);
			productName = photoLock;
			productReference = DA90978F28A9435500BFB340 /* photoLock.app */;
			productType = "com.apple.product-type.application";
		};
/* End PBXNativeTarget section */

/* Begin PBXProject section */
		DA90978728A9435500BFB340 /* Project object */ = {
			isa = PBXProject;
			attributes = {
				BuildIndependentTargetsInParallel = 1;
				LastSwiftUpdateCheck = 1320;
				LastUpgradeCheck = 1320;
				TargetAttributes = {
					DA90978E28A9435500BFB340 = {
						CreatedOnToolsVersion = 13.2.1;
					};
				};
			};
			buildConfigurationList = DA90978A28A9435500BFB340 /* Build configuration list for PBXProject "photoLock" */;
			compatibilityVersion = "Xcode 13.0";
			developmentRegion = en;
			hasScannedForEncodings = 0;
			knownRegions = (
				en,
				Base,
			);
			mainGroup = DA90978628A9435500BFB340;
			packageReferences = (
				DA5D6CBC28C4A8D300126C14 /* XCRemoteSwiftPackageReference "YPImagePicker" */,
				DA5D6D6F28C4C42600126C14 /* XCRemoteSwiftPackageReference "SwiftUIBottomSheet" */,
			);
			productRefGroup = DA90979028A9435500BFB340 /* Products */;
			projectDirPath = "";
			projectReferences = (
				{
					ProductGroup = DA5D6D9B28C4E73800126C14 /* Products */;
					ProjectRef = DA5D6D9A28C4E73800126C14 /* FloatingButton.xcodeproj */;
				},
			);
			projectRoot = "";
			targets = (
				DA90978E28A9435500BFB340 /* photoLock */,
				DA5D6D4A28C4B94A00126C14 /* photoLock-dev */,
			);
		};
/* End PBXProject section */

/* Begin PBXReferenceProxy section */
		DA5D6DA028C4E73800126C14 /* FloatingButton.framework */ = {
			isa = PBXReferenceProxy;
			fileType = wrapper.framework;
			path = FloatingButton.framework;
			remoteRef = DA5D6D9F28C4E73800126C14 /* PBXContainerItemProxy */;
			sourceTree = BUILT_PRODUCTS_DIR;
		};
		DA5D6DA228C4E73800126C14 /* FloatingButtonTests.xctest */ = {
			isa = PBXReferenceProxy;
			fileType = wrapper.cfbundle;
			path = FloatingButtonTests.xctest;
			remoteRef = DA5D6DA128C4E73800126C14 /* PBXContainerItemProxy */;
			sourceTree = BUILT_PRODUCTS_DIR;
		};
/* End PBXReferenceProxy section */

/* Begin PBXResourcesBuildPhase section */
		DA5D6D5B28C4B94A00126C14 /* Resources */ = {
			isa = PBXResourcesBuildPhase;
			buildActionMask = 2147483647;
			files = (
				DA5D6D5C28C4B94A00126C14 /* Preview Assets.xcassets in Resources */,
				DA5D6D5D28C4B94A00126C14 /* Assets.xcassets in Resources */,
			);
			runOnlyForDeploymentPostprocessing = 0;
		};
		DA90978D28A9435500BFB340 /* Resources */ = {
			isa = PBXResourcesBuildPhase;
			buildActionMask = 2147483647;
			files = (
				DA90979A28A9435600BFB340 /* Preview Assets.xcassets in Resources */,
				DA90979728A9435600BFB340 /* Assets.xcassets in Resources */,
			);
			runOnlyForDeploymentPostprocessing = 0;
		};
/* End PBXResourcesBuildPhase section */

/* Begin PBXSourcesBuildPhase section */
		DA5D6D4F28C4B94A00126C14 /* Sources */ = {
			isa = PBXSourcesBuildPhase;
			buildActionMask = 2147483647;
			files = (
				DA5D6D5028C4B94A00126C14 /* Persistence.swift in Sources */,
				DA5D6D5128C4B94A00126C14 /* photoLock.xcdatamodeld in Sources */,
				DA5D6D5228C4B94A00126C14 /* ContentView.swift in Sources */,
				DA5D6D5328C4B94A00126C14 /* YPImagePicker.swift in Sources */,
				DA5D6D5428C4B94A00126C14 /* mainView.swift in Sources */,
				DA5D6D5528C4B94A00126C14 /* photoLockApp.swift in Sources */,
			);
			runOnlyForDeploymentPostprocessing = 0;
		};
		DA90978B28A9435500BFB340 /* Sources */ = {
			isa = PBXSourcesBuildPhase;
			buildActionMask = 2147483647;
			files = (
				DA90979C28A9435600BFB340 /* Persistence.swift in Sources */,
				DA90979F28A9435600BFB340 /* photoLock.xcdatamodeld in Sources */,
				DA9097B028A9440100BFB340 /* ContentView.swift in Sources */,
				DA5D6C6E28C2526800126C14 /* YPImagePicker.swift in Sources */,
				DA9097AF28A9440100BFB340 /* mainView.swift in Sources */,
				DA90979328A9435500BFB340 /* photoLockApp.swift in Sources */,
			);
			runOnlyForDeploymentPostprocessing = 0;
		};
/* End PBXSourcesBuildPhase section */

/* Begin XCBuildConfiguration section */
		DA5D6D6128C4B94A00126C14 /* Debug */ = {
			isa = XCBuildConfiguration;
			buildSettings = {
				ASSETCATALOG_COMPILER_APPICON_NAME = AppIcon;
				ASSETCATALOG_COMPILER_GLOBAL_ACCENT_COLOR_NAME = AccentColor;
				CODE_SIGN_STYLE = Automatic;
				CURRENT_PROJECT_VERSION = 1;
				DEVELOPMENT_ASSET_PATHS = "\"photoLock/Preview Content\"";
				DEVELOPMENT_TEAM = 8SLPVCR4L7;
				ENABLE_PREVIEWS = YES;
				GENERATE_INFOPLIST_FILE = YES;
				INFOPLIST_FILE = "photoLock-dev.plist";
				INFOPLIST_KEY_NSCameraUsageDescription = camera;
				INFOPLIST_KEY_NSMicrophoneUsageDescription = mic;
				INFOPLIST_KEY_NSPhotoLibraryUsageDescription = photo;
				INFOPLIST_KEY_UIApplicationSceneManifest_Generation = YES;
				INFOPLIST_KEY_UIApplicationSupportsIndirectInputEvents = YES;
				INFOPLIST_KEY_UILaunchScreen_Generation = YES;
				INFOPLIST_KEY_UISupportedInterfaceOrientations_iPad = "UIInterfaceOrientationPortrait UIInterfaceOrientationPortraitUpsideDown UIInterfaceOrientationLandscapeLeft UIInterfaceOrientationLandscapeRight";
				INFOPLIST_KEY_UISupportedInterfaceOrientations_iPhone = "UIInterfaceOrientationPortrait UIInterfaceOrientationLandscapeLeft UIInterfaceOrientationLandscapeRight";
				LD_RUNPATH_SEARCH_PATHS = (
					"$(inherited)",
					"@executable_path/Frameworks",
				);
				MARKETING_VERSION = 1.0;
				"OTHER_SWIFT_FLAGS[arch=*]" = "-D DEV";
				PRODUCT_BUNDLE_IDENTIFIER = choraeng.photoLock;
				PRODUCT_NAME = "$(TARGET_NAME)";
				SWIFT_EMIT_LOC_STRINGS = YES;
				SWIFT_VERSION = 5.0;
				TARGETED_DEVICE_FAMILY = "1,2";
			};
			name = Debug;
		};
		DA5D6D6228C4B94A00126C14 /* Release */ = {
			isa = XCBuildConfiguration;
			buildSettings = {
				ASSETCATALOG_COMPILER_APPICON_NAME = AppIcon;
				ASSETCATALOG_COMPILER_GLOBAL_ACCENT_COLOR_NAME = AccentColor;
				CODE_SIGN_STYLE = Automatic;
				CURRENT_PROJECT_VERSION = 1;
				DEVELOPMENT_ASSET_PATHS = "\"photoLock/Preview Content\"";
				DEVELOPMENT_TEAM = 8SLPVCR4L7;
				ENABLE_PREVIEWS = YES;
				GENERATE_INFOPLIST_FILE = YES;
				INFOPLIST_FILE = "photoLock-dev.plist";
				INFOPLIST_KEY_NSCameraUsageDescription = camera;
				INFOPLIST_KEY_NSMicrophoneUsageDescription = mic;
				INFOPLIST_KEY_NSPhotoLibraryUsageDescription = photo;
				INFOPLIST_KEY_UIApplicationSceneManifest_Generation = YES;
				INFOPLIST_KEY_UIApplicationSupportsIndirectInputEvents = YES;
				INFOPLIST_KEY_UILaunchScreen_Generation = YES;
				INFOPLIST_KEY_UISupportedInterfaceOrientations_iPad = "UIInterfaceOrientationPortrait UIInterfaceOrientationPortraitUpsideDown UIInterfaceOrientationLandscapeLeft UIInterfaceOrientationLandscapeRight";
				INFOPLIST_KEY_UISupportedInterfaceOrientations_iPhone = "UIInterfaceOrientationPortrait UIInterfaceOrientationLandscapeLeft UIInterfaceOrientationLandscapeRight";
				LD_RUNPATH_SEARCH_PATHS = (
					"$(inherited)",
					"@executable_path/Frameworks",
				);
				MARKETING_VERSION = 1.0;
				PRODUCT_BUNDLE_IDENTIFIER = choraeng.photoLock;
				PRODUCT_NAME = "$(TARGET_NAME)";
				SWIFT_EMIT_LOC_STRINGS = YES;
				SWIFT_VERSION = 5.0;
				TARGETED_DEVICE_FAMILY = "1,2";
			};
			name = Release;
		};
		DA9097A028A9435600BFB340 /* Debug */ = {
			isa = XCBuildConfiguration;
			buildSettings = {
				ALWAYS_SEARCH_USER_PATHS = NO;
				CLANG_ANALYZER_NONNULL = YES;
				CLANG_ANALYZER_NUMBER_OBJECT_CONVERSION = YES_AGGRESSIVE;
				CLANG_CXX_LANGUAGE_STANDARD = "gnu++17";
				CLANG_CXX_LIBRARY = "libc++";
				CLANG_ENABLE_MODULES = YES;
				CLANG_ENABLE_OBJC_ARC = YES;
				CLANG_ENABLE_OBJC_WEAK = YES;
				CLANG_WARN_BLOCK_CAPTURE_AUTORELEASING = YES;
				CLANG_WARN_BOOL_CONVERSION = YES;
				CLANG_WARN_COMMA = YES;
				CLANG_WARN_CONSTANT_CONVERSION = YES;
				CLANG_WARN_DEPRECATED_OBJC_IMPLEMENTATIONS = YES;
				CLANG_WARN_DIRECT_OBJC_ISA_USAGE = YES_ERROR;
				CLANG_WARN_DOCUMENTATION_COMMENTS = YES;
				CLANG_WARN_EMPTY_BODY = YES;
				CLANG_WARN_ENUM_CONVERSION = YES;
				CLANG_WARN_INFINITE_RECURSION = YES;
				CLANG_WARN_INT_CONVERSION = YES;
				CLANG_WARN_NON_LITERAL_NULL_CONVERSION = YES;
				CLANG_WARN_OBJC_IMPLICIT_RETAIN_SELF = YES;
				CLANG_WARN_OBJC_LITERAL_CONVERSION = YES;
				CLANG_WARN_OBJC_ROOT_CLASS = YES_ERROR;
				CLANG_WARN_QUOTED_INCLUDE_IN_FRAMEWORK_HEADER = YES;
				CLANG_WARN_RANGE_LOOP_ANALYSIS = YES;
				CLANG_WARN_STRICT_PROTOTYPES = YES;
				CLANG_WARN_SUSPICIOUS_MOVE = YES;
				CLANG_WARN_UNGUARDED_AVAILABILITY = YES_AGGRESSIVE;
				CLANG_WARN_UNREACHABLE_CODE = YES;
				CLANG_WARN__DUPLICATE_METHOD_MATCH = YES;
				COPY_PHASE_STRIP = NO;
				DEBUG_INFORMATION_FORMAT = dwarf;
				ENABLE_STRICT_OBJC_MSGSEND = YES;
				ENABLE_TESTABILITY = YES;
				GCC_C_LANGUAGE_STANDARD = gnu11;
				GCC_DYNAMIC_NO_PIC = NO;
				GCC_NO_COMMON_BLOCKS = YES;
				GCC_OPTIMIZATION_LEVEL = 0;
				GCC_PREPROCESSOR_DEFINITIONS = (
					"DEBUG=1",
					"$(inherited)",
				);
				GCC_WARN_64_TO_32_BIT_CONVERSION = YES;
				GCC_WARN_ABOUT_RETURN_TYPE = YES_ERROR;
				GCC_WARN_UNDECLARED_SELECTOR = YES;
				GCC_WARN_UNINITIALIZED_AUTOS = YES_AGGRESSIVE;
				GCC_WARN_UNUSED_FUNCTION = YES;
				GCC_WARN_UNUSED_VARIABLE = YES;
				IPHONEOS_DEPLOYMENT_TARGET = 15.2;
				MTL_ENABLE_DEBUG_INFO = INCLUDE_SOURCE;
				MTL_FAST_MATH = YES;
				ONLY_ACTIVE_ARCH = YES;
				SDKROOT = iphoneos;
				SWIFT_ACTIVE_COMPILATION_CONDITIONS = DEBUG;
				SWIFT_OPTIMIZATION_LEVEL = "-Onone";
			};
			name = Debug;
		};
		DA9097A128A9435600BFB340 /* Release */ = {
			isa = XCBuildConfiguration;
			buildSettings = {
				ALWAYS_SEARCH_USER_PATHS = NO;
				CLANG_ANALYZER_NONNULL = YES;
				CLANG_ANALYZER_NUMBER_OBJECT_CONVERSION = YES_AGGRESSIVE;
				CLANG_CXX_LANGUAGE_STANDARD = "gnu++17";
				CLANG_CXX_LIBRARY = "libc++";
				CLANG_ENABLE_MODULES = YES;
				CLANG_ENABLE_OBJC_ARC = YES;
				CLANG_ENABLE_OBJC_WEAK = YES;
				CLANG_WARN_BLOCK_CAPTURE_AUTORELEASING = YES;
				CLANG_WARN_BOOL_CONVERSION = YES;
				CLANG_WARN_COMMA = YES;
				CLANG_WARN_CONSTANT_CONVERSION = YES;
				CLANG_WARN_DEPRECATED_OBJC_IMPLEMENTATIONS = YES;
				CLANG_WARN_DIRECT_OBJC_ISA_USAGE = YES_ERROR;
				CLANG_WARN_DOCUMENTATION_COMMENTS = YES;
				CLANG_WARN_EMPTY_BODY = YES;
				CLANG_WARN_ENUM_CONVERSION = YES;
				CLANG_WARN_INFINITE_RECURSION = YES;
				CLANG_WARN_INT_CONVERSION = YES;
				CLANG_WARN_NON_LITERAL_NULL_CONVERSION = YES;
				CLANG_WARN_OBJC_IMPLICIT_RETAIN_SELF = YES;
				CLANG_WARN_OBJC_LITERAL_CONVERSION = YES;
				CLANG_WARN_OBJC_ROOT_CLASS = YES_ERROR;
				CLANG_WARN_QUOTED_INCLUDE_IN_FRAMEWORK_HEADER = YES;
				CLANG_WARN_RANGE_LOOP_ANALYSIS = YES;
				CLANG_WARN_STRICT_PROTOTYPES = YES;
				CLANG_WARN_SUSPICIOUS_MOVE = YES;
				CLANG_WARN_UNGUARDED_AVAILABILITY = YES_AGGRESSIVE;
				CLANG_WARN_UNREACHABLE_CODE = YES;
				CLANG_WARN__DUPLICATE_METHOD_MATCH = YES;
				COPY_PHASE_STRIP = NO;
				DEBUG_INFORMATION_FORMAT = "dwarf-with-dsym";
				ENABLE_NS_ASSERTIONS = NO;
				ENABLE_STRICT_OBJC_MSGSEND = YES;
				GCC_C_LANGUAGE_STANDARD = gnu11;
				GCC_NO_COMMON_BLOCKS = YES;
				GCC_WARN_64_TO_32_BIT_CONVERSION = YES;
				GCC_WARN_ABOUT_RETURN_TYPE = YES_ERROR;
				GCC_WARN_UNDECLARED_SELECTOR = YES;
				GCC_WARN_UNINITIALIZED_AUTOS = YES_AGGRESSIVE;
				GCC_WARN_UNUSED_FUNCTION = YES;
				GCC_WARN_UNUSED_VARIABLE = YES;
				IPHONEOS_DEPLOYMENT_TARGET = 15.2;
				MTL_ENABLE_DEBUG_INFO = NO;
				MTL_FAST_MATH = YES;
				SDKROOT = iphoneos;
				SWIFT_COMPILATION_MODE = wholemodule;
				SWIFT_OPTIMIZATION_LEVEL = "-O";
				VALIDATE_PRODUCT = YES;
			};
			name = Release;
		};
		DA9097A328A9435600BFB340 /* Debug */ = {
			isa = XCBuildConfiguration;
			buildSettings = {
				ASSETCATALOG_COMPILER_APPICON_NAME = AppIcon;
				ASSETCATALOG_COMPILER_GLOBAL_ACCENT_COLOR_NAME = AccentColor;
				CODE_SIGN_STYLE = Automatic;
				CURRENT_PROJECT_VERSION = 1;
				DEVELOPMENT_ASSET_PATHS = "\"photoLock/Preview Content\"";
				DEVELOPMENT_TEAM = 8SLPVCR4L7;
				ENABLE_PREVIEWS = YES;
				GENERATE_INFOPLIST_FILE = YES;
				INFOPLIST_FILE = photoLock/Info.plist;
				INFOPLIST_KEY_NSCameraUsageDescription = camera;
				INFOPLIST_KEY_NSMicrophoneUsageDescription = mic;
				INFOPLIST_KEY_NSPhotoLibraryUsageDescription = photo;
				INFOPLIST_KEY_UIApplicationSceneManifest_Generation = YES;
				INFOPLIST_KEY_UIApplicationSupportsIndirectInputEvents = YES;
				INFOPLIST_KEY_UILaunchScreen_Generation = YES;
				INFOPLIST_KEY_UISupportedInterfaceOrientations_iPad = "UIInterfaceOrientationPortrait UIInterfaceOrientationPortraitUpsideDown UIInterfaceOrientationLandscapeLeft UIInterfaceOrientationLandscapeRight";
				INFOPLIST_KEY_UISupportedInterfaceOrientations_iPhone = "UIInterfaceOrientationPortrait UIInterfaceOrientationLandscapeLeft UIInterfaceOrientationLandscapeRight";
				LD_RUNPATH_SEARCH_PATHS = (
					"$(inherited)",
					"@executable_path/Frameworks",
				);
				MARKETING_VERSION = 1.0;
				PRODUCT_BUNDLE_IDENTIFIER = choraeng.photoLock;
				PRODUCT_NAME = "$(TARGET_NAME)";
				SWIFT_EMIT_LOC_STRINGS = YES;
				SWIFT_VERSION = 5.0;
				TARGETED_DEVICE_FAMILY = "1,2";
			};
			name = Debug;
		};
		DA9097A428A9435600BFB340 /* Release */ = {
			isa = XCBuildConfiguration;
			buildSettings = {
				ASSETCATALOG_COMPILER_APPICON_NAME = AppIcon;
				ASSETCATALOG_COMPILER_GLOBAL_ACCENT_COLOR_NAME = AccentColor;
				CODE_SIGN_STYLE = Automatic;
				CURRENT_PROJECT_VERSION = 1;
				DEVELOPMENT_ASSET_PATHS = "\"photoLock/Preview Content\"";
				DEVELOPMENT_TEAM = 8SLPVCR4L7;
				ENABLE_PREVIEWS = YES;
				GENERATE_INFOPLIST_FILE = YES;
				INFOPLIST_FILE = photoLock/Info.plist;
				INFOPLIST_KEY_NSCameraUsageDescription = camera;
				INFOPLIST_KEY_NSMicrophoneUsageDescription = mic;
				INFOPLIST_KEY_NSPhotoLibraryUsageDescription = photo;
				INFOPLIST_KEY_UIApplicationSceneManifest_Generation = YES;
				INFOPLIST_KEY_UIApplicationSupportsIndirectInputEvents = YES;
				INFOPLIST_KEY_UILaunchScreen_Generation = YES;
				INFOPLIST_KEY_UISupportedInterfaceOrientations_iPad = "UIInterfaceOrientationPortrait UIInterfaceOrientationPortraitUpsideDown UIInterfaceOrientationLandscapeLeft UIInterfaceOrientationLandscapeRight";
				INFOPLIST_KEY_UISupportedInterfaceOrientations_iPhone = "UIInterfaceOrientationPortrait UIInterfaceOrientationLandscapeLeft UIInterfaceOrientationLandscapeRight";
				LD_RUNPATH_SEARCH_PATHS = (
					"$(inherited)",
					"@executable_path/Frameworks",
				);
				MARKETING_VERSION = 1.0;
				PRODUCT_BUNDLE_IDENTIFIER = choraeng.photoLock;
				PRODUCT_NAME = "$(TARGET_NAME)";
				SWIFT_EMIT_LOC_STRINGS = YES;
				SWIFT_VERSION = 5.0;
				TARGETED_DEVICE_FAMILY = "1,2";
			};
			name = Release;
		};
/* End XCBuildConfiguration section */

/* Begin XCConfigurationList section */
		DA5D6D6028C4B94A00126C14 /* Build configuration list for PBXNativeTarget "photoLock-dev" */ = {
			isa = XCConfigurationList;
			buildConfigurations = (
				DA5D6D6128C4B94A00126C14 /* Debug */,
				DA5D6D6228C4B94A00126C14 /* Release */,
			);
			defaultConfigurationIsVisible = 0;
			defaultConfigurationName = Release;
		};
		DA90978A28A9435500BFB340 /* Build configuration list for PBXProject "photoLock" */ = {
			isa = XCConfigurationList;
			buildConfigurations = (
				DA9097A028A9435600BFB340 /* Debug */,
				DA9097A128A9435600BFB340 /* Release */,
			);
			defaultConfigurationIsVisible = 0;
			defaultConfigurationName = Release;
		};
		DA9097A228A9435600BFB340 /* Build configuration list for PBXNativeTarget "photoLock" */ = {
			isa = XCConfigurationList;
			buildConfigurations = (
				DA9097A328A9435600BFB340 /* Debug */,
				DA9097A428A9435600BFB340 /* Release */,
			);
			defaultConfigurationIsVisible = 0;
			defaultConfigurationName = Release;
		};
/* End XCConfigurationList section */

/* Begin XCRemoteSwiftPackageReference section */
		DA5D6CBC28C4A8D300126C14 /* XCRemoteSwiftPackageReference "YPImagePicker" */ = {
			isa = XCRemoteSwiftPackageReference;
			repositoryURL = "https://github.com/Yummypets/YPImagePicker";
			requirement = {
				kind = upToNextMajorVersion;
				minimumVersion = 5.0.0;
			};
		};
		DA5D6D4E28C4B94A00126C14 /* XCRemoteSwiftPackageReference "YPImagePicker" */ = {
			isa = XCRemoteSwiftPackageReference;
			repositoryURL = "https://github.com/Yummypets/YPImagePicker";
			requirement = {
				kind = upToNextMajorVersion;
				minimumVersion = 5.0.0;
			};
		};
		DA5D6D6F28C4C42600126C14 /* XCRemoteSwiftPackageReference "SwiftUIBottomSheet" */ = {
			isa = XCRemoteSwiftPackageReference;
			repositoryURL = "https://github.com/SyrupMG/SwiftUIBottomSheet";
			requirement = {
				kind = upToNextMajorVersion;
				minimumVersion = 1.0.0;
			};
		};
/* End XCRemoteSwiftPackageReference section */

/* Begin XCSwiftPackageProductDependency section */
		DA5D6CBD28C4A8D300126C14 /* YPImagePicker */ = {
			isa = XCSwiftPackageProductDependency;
			package = DA5D6CBC28C4A8D300126C14 /* XCRemoteSwiftPackageReference "YPImagePicker" */;
			productName = YPImagePicker;
		};
		DA5D6D4D28C4B94A00126C14 /* YPImagePicker */ = {
			isa = XCSwiftPackageProductDependency;
			package = DA5D6D4E28C4B94A00126C14 /* XCRemoteSwiftPackageReference "YPImagePicker" */;
			productName = YPImagePicker;
		};
		DA5D6D7028C4C42600126C14 /* SwiftUIBottomSheet */ = {
			isa = XCSwiftPackageProductDependency;
			package = DA5D6D6F28C4C42600126C14 /* XCRemoteSwiftPackageReference "SwiftUIBottomSheet" */;
			productName = SwiftUIBottomSheet;
		};
		DA5D6D7228C4C44E00126C14 /* SwiftUIBottomSheet */ = {
			isa = XCSwiftPackageProductDependency;
			package = DA5D6D6F28C4C42600126C14 /* XCRemoteSwiftPackageReference "SwiftUIBottomSheet" */;
			productName = SwiftUIBottomSheet;
		};
/* End XCSwiftPackageProductDependency section */

/* Begin XCVersionGroup section */
		DA90979D28A9435600BFB340 /* photoLock.xcdatamodeld */ = {
			isa = XCVersionGroup;
			children = (
				DA90979E28A9435600BFB340 /* photoLock.xcdatamodel */,
			);
			currentVersion = DA90979E28A9435600BFB340 /* photoLock.xcdatamodel */;
			path = photoLock.xcdatamodeld;
			sourceTree = "<group>";
			versionGroupType = wrapper.xcdatamodel;
		};
/* End XCVersionGroup section */
	};
	rootObject = DA90978728A9435500BFB340 /* Project object */;
}
