// !$*UTF8*$!
{
	archiveVersion = 1;
	classes = {
	};
	objectVersion = 55;
	objects = {

/* Begin PBXBuildFile section */
		DA1026DE27A947C600C97A6F /* MyScrollView.swift in Sources */ = {isa = PBXBuildFile; fileRef = DA1026DD27A947C600C97A6F /* MyScrollView.swift */; };
		DA30C63D27A6897700BEE1D3 /* emtpyView.swift in Sources */ = {isa = PBXBuildFile; fileRef = DA30C63C27A6897700BEE1D3 /* emtpyView.swift */; };
		DA30C63F27A69A7B00BEE1D3 /* PhotoPicker.swift in Sources */ = {isa = PBXBuildFile; fileRef = DA30C63E27A69A7B00BEE1D3 /* PhotoPicker.swift */; };
		DA442B2F27ABBFAC00C6473B /* KeyboardResponder.swift in Sources */ = {isa = PBXBuildFile; fileRef = DA442B2E27ABBFAC00C6473B /* KeyboardResponder.swift */; };
		DA442B3227AD70DC00C6473B /* PageView.swift in Sources */ = {isa = PBXBuildFile; fileRef = DA442B3127AD70DC00C6473B /* PageView.swift */; };
		DA58459327A54E9A00104409 /* PhotoLockApp.swift in Sources */ = {isa = PBXBuildFile; fileRef = DA58459227A54E9A00104409 /* PhotoLockApp.swift */; };
		DA58459527A54E9A00104409 /* ContentView.swift in Sources */ = {isa = PBXBuildFile; fileRef = DA58459427A54E9A00104409 /* ContentView.swift */; };
		DA58459727A54E9B00104409 /* Assets.xcassets in Resources */ = {isa = PBXBuildFile; fileRef = DA58459627A54E9B00104409 /* Assets.xcassets */; };
		DA58459A27A54E9B00104409 /* Preview Assets.xcassets in Resources */ = {isa = PBXBuildFile; fileRef = DA58459927A54E9B00104409 /* Preview Assets.xcassets */; };
		DA58459C27A54E9B00104409 /* Persistence.swift in Sources */ = {isa = PBXBuildFile; fileRef = DA58459B27A54E9B00104409 /* Persistence.swift */; };
		DA5845D327A5551800104409 /* tempPasswordView.swift in Sources */ = {isa = PBXBuildFile; fileRef = DA5845A827A5551800104409 /* tempPasswordView.swift */; };
		DA5845D427A5551800104409 /* ResetPasswordView.swift in Sources */ = {isa = PBXBuildFile; fileRef = DA5845AA27A5551800104409 /* ResetPasswordView.swift */; };
		DA5845D527A5551800104409 /* UnlockAppView.swift in Sources */ = {isa = PBXBuildFile; fileRef = DA5845AB27A5551800104409 /* UnlockAppView.swift */; };
		DA5845D627A5551800104409 /* VerifyEmailView.swift in Sources */ = {isa = PBXBuildFile; fileRef = DA5845AC27A5551800104409 /* VerifyEmailView.swift */; };
		DA5845D727A5551800104409 /* passwordView.swift in Sources */ = {isa = PBXBuildFile; fileRef = DA5845AD27A5551800104409 /* passwordView.swift */; };
		DA5845D827A5551800104409 /* SetPasswordView.swift in Sources */ = {isa = PBXBuildFile; fileRef = DA5845AE27A5551800104409 /* SetPasswordView.swift */; };
		DA5845D927A5551800104409 /* PincodeKeyboard.swift in Sources */ = {isa = PBXBuildFile; fileRef = DA5845B027A5551800104409 /* PincodeKeyboard.swift */; };
		DA5845DA27A5551800104409 /* AlphanumericKeyboard.swift in Sources */ = {isa = PBXBuildFile; fileRef = DA5845B127A5551800104409 /* AlphanumericKeyboard.swift */; };
		DA5845DB27A5551800104409 /* NineNumberKeyboard.swift in Sources */ = {isa = PBXBuildFile; fileRef = DA5845B227A5551800104409 /* NineNumberKeyboard.swift */; };
		DA5845DC27A5551800104409 /* Utils.swift in Sources */ = {isa = PBXBuildFile; fileRef = DA5845B327A5551800104409 /* Utils.swift */; };
		DA5845DD27A5551800104409 /* SearchView.swift in Sources */ = {isa = PBXBuildFile; fileRef = DA5845B527A5551800104409 /* SearchView.swift */; };
		DA5845DE27A5551800104409 /* MainTabBar.swift in Sources */ = {isa = PBXBuildFile; fileRef = DA5845B627A5551800104409 /* MainTabBar.swift */; };
		DA5845DF27A5551800104409 /* MainGridView.swift in Sources */ = {isa = PBXBuildFile; fileRef = DA5845B727A5551800104409 /* MainGridView.swift */; };
		DA5845E027A5551800104409 /* ImageDetailView.swift in Sources */ = {isa = PBXBuildFile; fileRef = DA5845B827A5551800104409 /* ImageDetailView.swift */; };
		DA5845E127A5551800104409 /* DetailBottomTabBar.swift in Sources */ = {isa = PBXBuildFile; fileRef = DA5845B927A5551800104409 /* DetailBottomTabBar.swift */; };
		DA5845E227A5551800104409 /* MainListView.swift in Sources */ = {isa = PBXBuildFile; fileRef = DA5845BA27A5551800104409 /* MainListView.swift */; };
		DA5845E327A5551800104409 /* contents.swift in Sources */ = {isa = PBXBuildFile; fileRef = DA5845BC27A5551800104409 /* contents.swift */; };
		DA5845E427A5551800104409 /* mainContent.swift in Sources */ = {isa = PBXBuildFile; fileRef = DA5845BD27A5551800104409 /* mainContent.swift */; };
		DA5845E527A5551800104409 /* MainView.swift in Sources */ = {isa = PBXBuildFile; fileRef = DA5845BE27A5551800104409 /* MainView.swift */; };
		DA5845E627A5551800104409 /* SettingView.swift in Sources */ = {isa = PBXBuildFile; fileRef = DA5845BF27A5551800104409 /* SettingView.swift */; };
		DA5845E727A5551800104409 /* addViewOnBottomSheet.swift in Sources */ = {isa = PBXBuildFile; fileRef = DA5845C127A5551800104409 /* addViewOnBottomSheet.swift */; };
		DA5845E827A5551800104409 /* albumCell.swift in Sources */ = {isa = PBXBuildFile; fileRef = DA5845C227A5551800104409 /* albumCell.swift */; };
		DA5845E927A5551800104409 /* contentCell.swift in Sources */ = {isa = PBXBuildFile; fileRef = DA5845C327A5551800104409 /* contentCell.swift */; };
		DA5845EA27A5551800104409 /* floatingButton.swift in Sources */ = {isa = PBXBuildFile; fileRef = DA5845C427A5551800104409 /* floatingButton.swift */; };
		DA5845EB27A5551800104409 /* MainNavigationView.swift in Sources */ = {isa = PBXBuildFile; fileRef = DA5845C527A5551800104409 /* MainNavigationView.swift */; };
		DA5845EC27A5551800104409 /* NavigationBar.swift in Sources */ = {isa = PBXBuildFile; fileRef = DA5845C727A5551800104409 /* NavigationBar.swift */; };
		DA5845ED27A5551800104409 /* BottomSheet.swift in Sources */ = {isa = PBXBuildFile; fileRef = DA5845C827A5551800104409 /* BottomSheet.swift */; };
		DA5845EE27A5551800104409 /* CustomText.swift in Sources */ = {isa = PBXBuildFile; fileRef = DA5845C927A5551800104409 /* CustomText.swift */; };
		DA5845EF27A5551800104409 /* filterSheetView.swift in Sources */ = {isa = PBXBuildFile; fileRef = DA5845CA27A5551800104409 /* filterSheetView.swift */; };
		DA5845F027A5551800104409 /* toast.swift in Sources */ = {isa = PBXBuildFile; fileRef = DA5845CB27A5551800104409 /* toast.swift */; };
		DA5845F127A5551800104409 /* Palette.swift in Sources */ = {isa = PBXBuildFile; fileRef = DA5845CD27A5551800104409 /* Palette.swift */; };
		DA5845F227A5551800104409 /* PasswordModel.swift in Sources */ = {isa = PBXBuildFile; fileRef = DA5845CE27A5551800104409 /* PasswordModel.swift */; };
		DA5845F327A5551800104409 /* AppStateModel.swift in Sources */ = {isa = PBXBuildFile; fileRef = DA5845CF27A5551800104409 /* AppStateModel.swift */; };
		DA5845F427A5551800104409 /* CKCRUD.swift in Sources */ = {isa = PBXBuildFile; fileRef = DA5845D027A5551800104409 /* CKCRUD.swift */; };
		DA5845F527A5551800104409 /* ViewStateModel.swift in Sources */ = {isa = PBXBuildFile; fileRef = DA5845D127A5551800104409 /* ViewStateModel.swift */; };
		DA5845F627A5551800104409 /* ImageDataModel.swift in Sources */ = {isa = PBXBuildFile; fileRef = DA5845D227A5551800104409 /* ImageDataModel.swift */; };
		DAC15BD627A5925A008D4D32 /* PhotoLock.xcdatamodeld in Sources */ = {isa = PBXBuildFile; fileRef = DAC15BD427A5925A008D4D32 /* PhotoLock.xcdatamodeld */; };
/* End PBXBuildFile section */

/* Begin PBXFileReference section */
		DA1026DD27A947C600C97A6F /* MyScrollView.swift */ = {isa = PBXFileReference; lastKnownFileType = sourcecode.swift; path = MyScrollView.swift; sourceTree = "<group>"; };
		DA30C63C27A6897700BEE1D3 /* emtpyView.swift */ = {isa = PBXFileReference; lastKnownFileType = sourcecode.swift; path = emtpyView.swift; sourceTree = "<group>"; };
		DA30C63E27A69A7B00BEE1D3 /* PhotoPicker.swift */ = {isa = PBXFileReference; lastKnownFileType = sourcecode.swift; path = PhotoPicker.swift; sourceTree = "<group>"; };
		DA442B2E27ABBFAC00C6473B /* KeyboardResponder.swift */ = {isa = PBXFileReference; lastKnownFileType = sourcecode.swift; path = KeyboardResponder.swift; sourceTree = "<group>"; };
		DA442B3127AD70DC00C6473B /* PageView.swift */ = {isa = PBXFileReference; lastKnownFileType = sourcecode.swift; path = PageView.swift; sourceTree = "<group>"; };
		DA58458F27A54E9A00104409 /* PhotoLock.app */ = {isa = PBXFileReference; explicitFileType = wrapper.application; includeInIndex = 0; path = PhotoLock.app; sourceTree = BUILT_PRODUCTS_DIR; };
		DA58459227A54E9A00104409 /* PhotoLockApp.swift */ = {isa = PBXFileReference; lastKnownFileType = sourcecode.swift; path = PhotoLockApp.swift; sourceTree = "<group>"; };
		DA58459427A54E9A00104409 /* ContentView.swift */ = {isa = PBXFileReference; lastKnownFileType = sourcecode.swift; path = ContentView.swift; sourceTree = "<group>"; };
		DA58459627A54E9B00104409 /* Assets.xcassets */ = {isa = PBXFileReference; lastKnownFileType = folder.assetcatalog; path = Assets.xcassets; sourceTree = "<group>"; };
		DA58459927A54E9B00104409 /* Preview Assets.xcassets */ = {isa = PBXFileReference; lastKnownFileType = folder.assetcatalog; path = "Preview Assets.xcassets"; sourceTree = "<group>"; };
		DA58459B27A54E9B00104409 /* Persistence.swift */ = {isa = PBXFileReference; lastKnownFileType = sourcecode.swift; path = Persistence.swift; sourceTree = "<group>"; };
		DA5845A527A554F500104409 /* Info.plist */ = {isa = PBXFileReference; lastKnownFileType = text.plist; path = Info.plist; sourceTree = "<group>"; };
		DA5845A827A5551800104409 /* tempPasswordView.swift */ = {isa = PBXFileReference; fileEncoding = 4; lastKnownFileType = sourcecode.swift; path = tempPasswordView.swift; sourceTree = "<group>"; };
		DA5845AA27A5551800104409 /* ResetPasswordView.swift */ = {isa = PBXFileReference; fileEncoding = 4; lastKnownFileType = sourcecode.swift; path = ResetPasswordView.swift; sourceTree = "<group>"; };
		DA5845AB27A5551800104409 /* UnlockAppView.swift */ = {isa = PBXFileReference; fileEncoding = 4; lastKnownFileType = sourcecode.swift; path = UnlockAppView.swift; sourceTree = "<group>"; };
		DA5845AC27A5551800104409 /* VerifyEmailView.swift */ = {isa = PBXFileReference; fileEncoding = 4; lastKnownFileType = sourcecode.swift; path = VerifyEmailView.swift; sourceTree = "<group>"; };
		DA5845AD27A5551800104409 /* passwordView.swift */ = {isa = PBXFileReference; fileEncoding = 4; lastKnownFileType = sourcecode.swift; path = passwordView.swift; sourceTree = "<group>"; };
		DA5845AE27A5551800104409 /* SetPasswordView.swift */ = {isa = PBXFileReference; fileEncoding = 4; lastKnownFileType = sourcecode.swift; path = SetPasswordView.swift; sourceTree = "<group>"; };
		DA5845B027A5551800104409 /* PincodeKeyboard.swift */ = {isa = PBXFileReference; fileEncoding = 4; lastKnownFileType = sourcecode.swift; path = PincodeKeyboard.swift; sourceTree = "<group>"; };
		DA5845B127A5551800104409 /* AlphanumericKeyboard.swift */ = {isa = PBXFileReference; fileEncoding = 4; lastKnownFileType = sourcecode.swift; path = AlphanumericKeyboard.swift; sourceTree = "<group>"; };
		DA5845B227A5551800104409 /* NineNumberKeyboard.swift */ = {isa = PBXFileReference; fileEncoding = 4; lastKnownFileType = sourcecode.swift; path = NineNumberKeyboard.swift; sourceTree = "<group>"; };
		DA5845B327A5551800104409 /* Utils.swift */ = {isa = PBXFileReference; fileEncoding = 4; lastKnownFileType = sourcecode.swift; path = Utils.swift; sourceTree = "<group>"; };
		DA5845B527A5551800104409 /* SearchView.swift */ = {isa = PBXFileReference; fileEncoding = 4; lastKnownFileType = sourcecode.swift; path = SearchView.swift; sourceTree = "<group>"; };
		DA5845B627A5551800104409 /* MainTabBar.swift */ = {isa = PBXFileReference; fileEncoding = 4; lastKnownFileType = sourcecode.swift; path = MainTabBar.swift; sourceTree = "<group>"; };
		DA5845B727A5551800104409 /* MainGridView.swift */ = {isa = PBXFileReference; fileEncoding = 4; lastKnownFileType = sourcecode.swift; path = MainGridView.swift; sourceTree = "<group>"; };
		DA5845B827A5551800104409 /* ImageDetailView.swift */ = {isa = PBXFileReference; fileEncoding = 4; lastKnownFileType = sourcecode.swift; path = ImageDetailView.swift; sourceTree = "<group>"; };
		DA5845B927A5551800104409 /* DetailBottomTabBar.swift */ = {isa = PBXFileReference; fileEncoding = 4; lastKnownFileType = sourcecode.swift; path = DetailBottomTabBar.swift; sourceTree = "<group>"; };
		DA5845BA27A5551800104409 /* MainListView.swift */ = {isa = PBXFileReference; fileEncoding = 4; lastKnownFileType = sourcecode.swift; path = MainListView.swift; sourceTree = "<group>"; };
		DA5845BC27A5551800104409 /* contents.swift */ = {isa = PBXFileReference; fileEncoding = 4; lastKnownFileType = sourcecode.swift; path = contents.swift; sourceTree = "<group>"; };
		DA5845BD27A5551800104409 /* mainContent.swift */ = {isa = PBXFileReference; fileEncoding = 4; lastKnownFileType = sourcecode.swift; path = mainContent.swift; sourceTree = "<group>"; };
		DA5845BE27A5551800104409 /* MainView.swift */ = {isa = PBXFileReference; fileEncoding = 4; lastKnownFileType = sourcecode.swift; path = MainView.swift; sourceTree = "<group>"; };
		DA5845BF27A5551800104409 /* SettingView.swift */ = {isa = PBXFileReference; fileEncoding = 4; lastKnownFileType = sourcecode.swift; path = SettingView.swift; sourceTree = "<group>"; };
		DA5845C127A5551800104409 /* addViewOnBottomSheet.swift */ = {isa = PBXFileReference; fileEncoding = 4; lastKnownFileType = sourcecode.swift; path = addViewOnBottomSheet.swift; sourceTree = "<group>"; };
		DA5845C227A5551800104409 /* albumCell.swift */ = {isa = PBXFileReference; fileEncoding = 4; lastKnownFileType = sourcecode.swift; path = albumCell.swift; sourceTree = "<group>"; };
		DA5845C327A5551800104409 /* contentCell.swift */ = {isa = PBXFileReference; fileEncoding = 4; lastKnownFileType = sourcecode.swift; path = contentCell.swift; sourceTree = "<group>"; };
		DA5845C427A5551800104409 /* floatingButton.swift */ = {isa = PBXFileReference; fileEncoding = 4; lastKnownFileType = sourcecode.swift; path = floatingButton.swift; sourceTree = "<group>"; };
		DA5845C527A5551800104409 /* MainNavigationView.swift */ = {isa = PBXFileReference; fileEncoding = 4; lastKnownFileType = sourcecode.swift; path = MainNavigationView.swift; sourceTree = "<group>"; };
		DA5845C727A5551800104409 /* NavigationBar.swift */ = {isa = PBXFileReference; fileEncoding = 4; lastKnownFileType = sourcecode.swift; path = NavigationBar.swift; sourceTree = "<group>"; };
		DA5845C827A5551800104409 /* BottomSheet.swift */ = {isa = PBXFileReference; fileEncoding = 4; lastKnownFileType = sourcecode.swift; path = BottomSheet.swift; sourceTree = "<group>"; };
		DA5845C927A5551800104409 /* CustomText.swift */ = {isa = PBXFileReference; fileEncoding = 4; lastKnownFileType = sourcecode.swift; path = CustomText.swift; sourceTree = "<group>"; };
		DA5845CA27A5551800104409 /* filterSheetView.swift */ = {isa = PBXFileReference; fileEncoding = 4; lastKnownFileType = sourcecode.swift; path = filterSheetView.swift; sourceTree = "<group>"; };
		DA5845CB27A5551800104409 /* toast.swift */ = {isa = PBXFileReference; fileEncoding = 4; lastKnownFileType = sourcecode.swift; path = toast.swift; sourceTree = "<group>"; };
		DA5845CD27A5551800104409 /* Palette.swift */ = {isa = PBXFileReference; fileEncoding = 4; lastKnownFileType = sourcecode.swift; path = Palette.swift; sourceTree = "<group>"; };
		DA5845CE27A5551800104409 /* PasswordModel.swift */ = {isa = PBXFileReference; fileEncoding = 4; lastKnownFileType = sourcecode.swift; path = PasswordModel.swift; sourceTree = "<group>"; };
		DA5845CF27A5551800104409 /* AppStateModel.swift */ = {isa = PBXFileReference; fileEncoding = 4; lastKnownFileType = sourcecode.swift; path = AppStateModel.swift; sourceTree = "<group>"; };
		DA5845D027A5551800104409 /* CKCRUD.swift */ = {isa = PBXFileReference; fileEncoding = 4; lastKnownFileType = sourcecode.swift; path = CKCRUD.swift; sourceTree = "<group>"; };
		DA5845D127A5551800104409 /* ViewStateModel.swift */ = {isa = PBXFileReference; fileEncoding = 4; lastKnownFileType = sourcecode.swift; path = ViewStateModel.swift; sourceTree = "<group>"; };
		DA5845D227A5551800104409 /* ImageDataModel.swift */ = {isa = PBXFileReference; fileEncoding = 4; lastKnownFileType = sourcecode.swift; path = ImageDataModel.swift; sourceTree = "<group>"; };
		DAC15BD527A5925A008D4D32 /* PhotoLock.xcdatamodel */ = {isa = PBXFileReference; lastKnownFileType = wrapper.xcdatamodel; path = PhotoLock.xcdatamodel; sourceTree = "<group>"; };
/* End PBXFileReference section */

/* Begin PBXFrameworksBuildPhase section */
		DA58458C27A54E9A00104409 /* Frameworks */ = {
			isa = PBXFrameworksBuildPhase;
			buildActionMask = 2147483647;
			files = (
			);
			runOnlyForDeploymentPostprocessing = 0;
		};
/* End PBXFrameworksBuildPhase section */

/* Begin PBXGroup section */
		DA442B3027AD703A00C6473B /* PageView */ = {
			isa = PBXGroup;
			children = (
				DA442B3127AD70DC00C6473B /* PageView.swift */,
			);
			path = PageView;
			sourceTree = "<group>";
		};
		DA58458627A54E9A00104409 = {
			isa = PBXGroup;
			children = (
				DA58459127A54E9A00104409 /* PhotoLock */,
				DA58459027A54E9A00104409 /* Products */,
			);
			sourceTree = "<group>";
		};
		DA58459027A54E9A00104409 /* Products */ = {
			isa = PBXGroup;
			children = (
				DA58458F27A54E9A00104409 /* PhotoLock.app */,
			);
			name = Products;
			sourceTree = "<group>";
		};
		DA58459127A54E9A00104409 /* PhotoLock */ = {
			isa = PBXGroup;
			children = (
				DA5845CC27A5551800104409 /* Model */,
				DA5845A627A5551800104409 /* Views */,
				DA5845A527A554F500104409 /* Info.plist */,
				DA58459227A54E9A00104409 /* PhotoLockApp.swift */,
				DA58459427A54E9A00104409 /* ContentView.swift */,
				DA58459627A54E9B00104409 /* Assets.xcassets */,
				DA58459B27A54E9B00104409 /* Persistence.swift */,
				DA58459827A54E9B00104409 /* Preview Content */,
				DAC15BD427A5925A008D4D32 /* PhotoLock.xcdatamodeld */,
			);
			path = PhotoLock;
			sourceTree = "<group>";
		};
		DA58459827A54E9B00104409 /* Preview Content */ = {
			isa = PBXGroup;
			children = (
				DA58459927A54E9B00104409 /* Preview Assets.xcassets */,
			);
			path = "Preview Content";
			sourceTree = "<group>";
		};
		DA5845A627A5551800104409 /* Views */ = {
			isa = PBXGroup;
			children = (
				DA442B3027AD703A00C6473B /* PageView */,
				DA5845A727A5551800104409 /* tempView */,
				DA5845A927A5551800104409 /* Passwords */,
				DA5845B327A5551800104409 /* Utils.swift */,
				DA5845B427A5551800104409 /* main */,
				DA5845C627A5551800104409 /* Helpers */,
			);
			path = Views;
			sourceTree = "<group>";
		};
		DA5845A727A5551800104409 /* tempView */ = {
			isa = PBXGroup;
			children = (
				DA5845A827A5551800104409 /* tempPasswordView.swift */,
			);
			path = tempView;
			sourceTree = "<group>";
		};
		DA5845A927A5551800104409 /* Passwords */ = {
			isa = PBXGroup;
			children = (
				DA5845AA27A5551800104409 /* ResetPasswordView.swift */,
				DA5845AB27A5551800104409 /* UnlockAppView.swift */,
				DA5845AC27A5551800104409 /* VerifyEmailView.swift */,
				DA5845AD27A5551800104409 /* passwordView.swift */,
				DA5845AE27A5551800104409 /* SetPasswordView.swift */,
				DA5845AF27A5551800104409 /* help */,
			);
			path = Passwords;
			sourceTree = "<group>";
		};
		DA5845AF27A5551800104409 /* help */ = {
			isa = PBXGroup;
			children = (
				DA5845B027A5551800104409 /* PincodeKeyboard.swift */,
				DA5845B127A5551800104409 /* AlphanumericKeyboard.swift */,
				DA5845B227A5551800104409 /* NineNumberKeyboard.swift */,
			);
			path = help;
			sourceTree = "<group>";
		};
		DA5845B427A5551800104409 /* main */ = {
			isa = PBXGroup;
			children = (
				DA5845B527A5551800104409 /* SearchView.swift */,
				DA5845B627A5551800104409 /* MainTabBar.swift */,
				DA5845B727A5551800104409 /* MainGridView.swift */,
				DA5845B827A5551800104409 /* ImageDetailView.swift */,
				DA5845B927A5551800104409 /* DetailBottomTabBar.swift */,
				DA5845BA27A5551800104409 /* MainListView.swift */,
				DA5845BB27A5551800104409 /* Model */,
				DA5845BE27A5551800104409 /* MainView.swift */,
				DA5845BF27A5551800104409 /* SettingView.swift */,
				DA5845C027A5551800104409 /* help */,
				DA5845C527A5551800104409 /* MainNavigationView.swift */,
				DA1026DD27A947C600C97A6F /* MyScrollView.swift */,
			);
			path = main;
			sourceTree = "<group>";
		};
		DA5845BB27A5551800104409 /* Model */ = {
			isa = PBXGroup;
			children = (
				DA5845BC27A5551800104409 /* contents.swift */,
				DA5845BD27A5551800104409 /* mainContent.swift */,
			);
			path = Model;
			sourceTree = "<group>";
		};
		DA5845C027A5551800104409 /* help */ = {
			isa = PBXGroup;
			children = (
				DA5845C127A5551800104409 /* addViewOnBottomSheet.swift */,
				DA5845C227A5551800104409 /* albumCell.swift */,
				DA5845C327A5551800104409 /* contentCell.swift */,
				DA5845C427A5551800104409 /* floatingButton.swift */,
				DA30C63C27A6897700BEE1D3 /* emtpyView.swift */,
				DA30C63E27A69A7B00BEE1D3 /* PhotoPicker.swift */,
			);
			path = help;
			sourceTree = "<group>";
		};
		DA5845C627A5551800104409 /* Helpers */ = {
			isa = PBXGroup;
			children = (
				DA5845C727A5551800104409 /* NavigationBar.swift */,
				DA5845C827A5551800104409 /* BottomSheet.swift */,
				DA5845C927A5551800104409 /* CustomText.swift */,
				DA5845CA27A5551800104409 /* filterSheetView.swift */,
				DA5845CB27A5551800104409 /* toast.swift */,
			);
			path = Helpers;
			sourceTree = "<group>";
		};
		DA5845CC27A5551800104409 /* Model */ = {
			isa = PBXGroup;
			children = (
				DA5845CD27A5551800104409 /* Palette.swift */,
				DA5845CE27A5551800104409 /* PasswordModel.swift */,
				DA5845CF27A5551800104409 /* AppStateModel.swift */,
				DA5845D027A5551800104409 /* CKCRUD.swift */,
				DA5845D127A5551800104409 /* ViewStateModel.swift */,
				DA5845D227A5551800104409 /* ImageDataModel.swift */,
				DA442B2E27ABBFAC00C6473B /* KeyboardResponder.swift */,
			);
			path = Model;
			sourceTree = "<group>";
		};
/* End PBXGroup section */

/* Begin PBXNativeTarget section */
		DA58458E27A54E9A00104409 /* PhotoLock */ = {
			isa = PBXNativeTarget;
			buildConfigurationList = DA5845A227A54E9B00104409 /* Build configuration list for PBXNativeTarget "PhotoLock" */;
			buildPhases = (
				DA58458B27A54E9A00104409 /* Sources */,
				DA58458C27A54E9A00104409 /* Frameworks */,
				DA58458D27A54E9A00104409 /* Resources */,
			);
			buildRules = (
			);
			dependencies = (
			);
			name = PhotoLock;
			productName = PhotoLock;
			productReference = DA58458F27A54E9A00104409 /* PhotoLock.app */;
			productType = "com.apple.product-type.application";
		};
/* End PBXNativeTarget section */

/* Begin PBXProject section */
		DA58458727A54E9A00104409 /* Project object */ = {
			isa = PBXProject;
			attributes = {
				BuildIndependentTargetsInParallel = 1;
				LastSwiftUpdateCheck = 1320;
				LastUpgradeCheck = 1320;
				TargetAttributes = {
					DA58458E27A54E9A00104409 = {
						CreatedOnToolsVersion = 13.2.1;
					};
				};
			};
			buildConfigurationList = DA58458A27A54E9A00104409 /* Build configuration list for PBXProject "PhotoLock" */;
			compatibilityVersion = "Xcode 13.0";
			developmentRegion = en;
			hasScannedForEncodings = 0;
			knownRegions = (
				en,
				Base,
			);
			mainGroup = DA58458627A54E9A00104409;
			productRefGroup = DA58459027A54E9A00104409 /* Products */;
			projectDirPath = "";
			projectRoot = "";
			targets = (
				DA58458E27A54E9A00104409 /* PhotoLock */,
			);
		};
/* End PBXProject section */

/* Begin PBXResourcesBuildPhase section */
		DA58458D27A54E9A00104409 /* Resources */ = {
			isa = PBXResourcesBuildPhase;
			buildActionMask = 2147483647;
			files = (
				DA58459A27A54E9B00104409 /* Preview Assets.xcassets in Resources */,
				DA58459727A54E9B00104409 /* Assets.xcassets in Resources */,
			);
			runOnlyForDeploymentPostprocessing = 0;
		};
/* End PBXResourcesBuildPhase section */

/* Begin PBXSourcesBuildPhase section */
		DA58458B27A54E9A00104409 /* Sources */ = {
			isa = PBXSourcesBuildPhase;
			buildActionMask = 2147483647;
			files = (
				DA5845D627A5551800104409 /* VerifyEmailView.swift in Sources */,
				DA5845E127A5551800104409 /* DetailBottomTabBar.swift in Sources */,
				DA5845DF27A5551800104409 /* MainGridView.swift in Sources */,
				DA5845D527A5551800104409 /* UnlockAppView.swift in Sources */,
				DA58459C27A54E9B00104409 /* Persistence.swift in Sources */,
				DA5845EC27A5551800104409 /* NavigationBar.swift in Sources */,
				DA5845F227A5551800104409 /* PasswordModel.swift in Sources */,
				DA5845E227A5551800104409 /* MainListView.swift in Sources */,
				DA5845DC27A5551800104409 /* Utils.swift in Sources */,
				DA30C63D27A6897700BEE1D3 /* emtpyView.swift in Sources */,
				DA5845F327A5551800104409 /* AppStateModel.swift in Sources */,
				DA5845E427A5551800104409 /* mainContent.swift in Sources */,
				DA5845DB27A5551800104409 /* NineNumberKeyboard.swift in Sources */,
				DA5845EE27A5551800104409 /* CustomText.swift in Sources */,
				DA5845D827A5551800104409 /* SetPasswordView.swift in Sources */,
				DA58459527A54E9A00104409 /* ContentView.swift in Sources */,
				DA5845E327A5551800104409 /* contents.swift in Sources */,
				DA5845E827A5551800104409 /* albumCell.swift in Sources */,
				DAC15BD627A5925A008D4D32 /* PhotoLock.xcdatamodeld in Sources */,
				DA5845D927A5551800104409 /* PincodeKeyboard.swift in Sources */,
				DA5845D427A5551800104409 /* ResetPasswordView.swift in Sources */,
				DA30C63F27A69A7B00BEE1D3 /* PhotoPicker.swift in Sources */,
				DA5845DD27A5551800104409 /* SearchView.swift in Sources */,
				DA5845F627A5551800104409 /* ImageDataModel.swift in Sources */,
				DA5845F427A5551800104409 /* CKCRUD.swift in Sources */,
				DA442B3227AD70DC00C6473B /* PageView.swift in Sources */,
				DA442B2F27ABBFAC00C6473B /* KeyboardResponder.swift in Sources */,
				DA5845D327A5551800104409 /* tempPasswordView.swift in Sources */,
				DA5845DE27A5551800104409 /* MainTabBar.swift in Sources */,
				DA5845EA27A5551800104409 /* floatingButton.swift in Sources */,
				DA5845F527A5551800104409 /* ViewStateModel.swift in Sources */,
				DA5845E927A5551800104409 /* contentCell.swift in Sources */,
				DA5845D727A5551800104409 /* passwordView.swift in Sources */,
				DA5845E527A5551800104409 /* MainView.swift in Sources */,
				DA5845F027A5551800104409 /* toast.swift in Sources */,
				DA5845ED27A5551800104409 /* BottomSheet.swift in Sources */,
				DA1026DE27A947C600C97A6F /* MyScrollView.swift in Sources */,
				DA5845F127A5551800104409 /* Palette.swift in Sources */,
				DA5845EB27A5551800104409 /* MainNavigationView.swift in Sources */,
				DA58459327A54E9A00104409 /* PhotoLockApp.swift in Sources */,
				DA5845E627A5551800104409 /* SettingView.swift in Sources */,
				DA5845DA27A5551800104409 /* AlphanumericKeyboard.swift in Sources */,
				DA5845E027A5551800104409 /* ImageDetailView.swift in Sources */,
				DA5845EF27A5551800104409 /* filterSheetView.swift in Sources */,
				DA5845E727A5551800104409 /* addViewOnBottomSheet.swift in Sources */,
			);
			runOnlyForDeploymentPostprocessing = 0;
		};
/* End PBXSourcesBuildPhase section */

/* Begin XCBuildConfiguration section */
		DA5845A027A54E9B00104409 /* Debug */ = {
			isa = XCBuildConfiguration;
			buildSettings = {
				ALWAYS_SEARCH_USER_PATHS = NO;
				CLANG_ANALYZER_NONNULL = YES;
				CLANG_ANALYZER_NUMBER_OBJECT_CONVERSION = YES_AGGRESSIVE;
				CLANG_CXX_LANGUAGE_STANDARD = "gnu++17";
				CLANG_CXX_LIBRARY = "libc++";
				CLANG_ENABLE_MODULES = YES;
				CLANG_ENABLE_OBJC_ARC = YES;
				CLANG_ENABLE_OBJC_WEAK = YES;
				CLANG_WARN_BLOCK_CAPTURE_AUTORELEASING = YES;
				CLANG_WARN_BOOL_CONVERSION = YES;
				CLANG_WARN_COMMA = YES;
				CLANG_WARN_CONSTANT_CONVERSION = YES;
				CLANG_WARN_DEPRECATED_OBJC_IMPLEMENTATIONS = YES;
				CLANG_WARN_DIRECT_OBJC_ISA_USAGE = YES_ERROR;
				CLANG_WARN_DOCUMENTATION_COMMENTS = YES;
				CLANG_WARN_EMPTY_BODY = YES;
				CLANG_WARN_ENUM_CONVERSION = YES;
				CLANG_WARN_INFINITE_RECURSION = YES;
				CLANG_WARN_INT_CONVERSION = YES;
				CLANG_WARN_NON_LITERAL_NULL_CONVERSION = YES;
				CLANG_WARN_OBJC_IMPLICIT_RETAIN_SELF = YES;
				CLANG_WARN_OBJC_LITERAL_CONVERSION = YES;
				CLANG_WARN_OBJC_ROOT_CLASS = YES_ERROR;
				CLANG_WARN_QUOTED_INCLUDE_IN_FRAMEWORK_HEADER = YES;
				CLANG_WARN_RANGE_LOOP_ANALYSIS = YES;
				CLANG_WARN_STRICT_PROTOTYPES = YES;
				CLANG_WARN_SUSPICIOUS_MOVE = YES;
				CLANG_WARN_UNGUARDED_AVAILABILITY = YES_AGGRESSIVE;
				CLANG_WARN_UNREACHABLE_CODE = YES;
				CLANG_WARN__DUPLICATE_METHOD_MATCH = YES;
				COPY_PHASE_STRIP = NO;
				DEBUG_INFORMATION_FORMAT = dwarf;
				ENABLE_STRICT_OBJC_MSGSEND = YES;
				ENABLE_TESTABILITY = YES;
				GCC_C_LANGUAGE_STANDARD = gnu11;
				GCC_DYNAMIC_NO_PIC = NO;
				GCC_NO_COMMON_BLOCKS = YES;
				GCC_OPTIMIZATION_LEVEL = 0;
				GCC_PREPROCESSOR_DEFINITIONS = (
					"DEBUG=1",
					"$(inherited)",
				);
				GCC_WARN_64_TO_32_BIT_CONVERSION = YES;
				GCC_WARN_ABOUT_RETURN_TYPE = YES_ERROR;
				GCC_WARN_UNDECLARED_SELECTOR = YES;
				GCC_WARN_UNINITIALIZED_AUTOS = YES_AGGRESSIVE;
				GCC_WARN_UNUSED_FUNCTION = YES;
				GCC_WARN_UNUSED_VARIABLE = YES;
				IPHONEOS_DEPLOYMENT_TARGET = 14.0;
				MTL_ENABLE_DEBUG_INFO = INCLUDE_SOURCE;
				MTL_FAST_MATH = YES;
				ONLY_ACTIVE_ARCH = YES;
				SDKROOT = iphoneos;
				SWIFT_ACTIVE_COMPILATION_CONDITIONS = DEBUG;
				SWIFT_OPTIMIZATION_LEVEL = "-Onone";
			};
			name = Debug;
		};
		DA5845A127A54E9B00104409 /* Release */ = {
			isa = XCBuildConfiguration;
			buildSettings = {
				ALWAYS_SEARCH_USER_PATHS = NO;
				CLANG_ANALYZER_NONNULL = YES;
				CLANG_ANALYZER_NUMBER_OBJECT_CONVERSION = YES_AGGRESSIVE;
				CLANG_CXX_LANGUAGE_STANDARD = "gnu++17";
				CLANG_CXX_LIBRARY = "libc++";
				CLANG_ENABLE_MODULES = YES;
				CLANG_ENABLE_OBJC_ARC = YES;
				CLANG_ENABLE_OBJC_WEAK = YES;
				CLANG_WARN_BLOCK_CAPTURE_AUTORELEASING = YES;
				CLANG_WARN_BOOL_CONVERSION = YES;
				CLANG_WARN_COMMA = YES;
				CLANG_WARN_CONSTANT_CONVERSION = YES;
				CLANG_WARN_DEPRECATED_OBJC_IMPLEMENTATIONS = YES;
				CLANG_WARN_DIRECT_OBJC_ISA_USAGE = YES_ERROR;
				CLANG_WARN_DOCUMENTATION_COMMENTS = YES;
				CLANG_WARN_EMPTY_BODY = YES;
				CLANG_WARN_ENUM_CONVERSION = YES;
				CLANG_WARN_INFINITE_RECURSION = YES;
				CLANG_WARN_INT_CONVERSION = YES;
				CLANG_WARN_NON_LITERAL_NULL_CONVERSION = YES;
				CLANG_WARN_OBJC_IMPLICIT_RETAIN_SELF = YES;
				CLANG_WARN_OBJC_LITERAL_CONVERSION = YES;
				CLANG_WARN_OBJC_ROOT_CLASS = YES_ERROR;
				CLANG_WARN_QUOTED_INCLUDE_IN_FRAMEWORK_HEADER = YES;
				CLANG_WARN_RANGE_LOOP_ANALYSIS = YES;
				CLANG_WARN_STRICT_PROTOTYPES = YES;
				CLANG_WARN_SUSPICIOUS_MOVE = YES;
				CLANG_WARN_UNGUARDED_AVAILABILITY = YES_AGGRESSIVE;
				CLANG_WARN_UNREACHABLE_CODE = YES;
				CLANG_WARN__DUPLICATE_METHOD_MATCH = YES;
				COPY_PHASE_STRIP = NO;
				DEBUG_INFORMATION_FORMAT = "dwarf-with-dsym";
				ENABLE_NS_ASSERTIONS = NO;
				ENABLE_STRICT_OBJC_MSGSEND = YES;
				GCC_C_LANGUAGE_STANDARD = gnu11;
				GCC_NO_COMMON_BLOCKS = YES;
				GCC_WARN_64_TO_32_BIT_CONVERSION = YES;
				GCC_WARN_ABOUT_RETURN_TYPE = YES_ERROR;
				GCC_WARN_UNDECLARED_SELECTOR = YES;
				GCC_WARN_UNINITIALIZED_AUTOS = YES_AGGRESSIVE;
				GCC_WARN_UNUSED_FUNCTION = YES;
				GCC_WARN_UNUSED_VARIABLE = YES;
				IPHONEOS_DEPLOYMENT_TARGET = 14.0;
				MTL_ENABLE_DEBUG_INFO = NO;
				MTL_FAST_MATH = YES;
				SDKROOT = iphoneos;
				SWIFT_COMPILATION_MODE = wholemodule;
				SWIFT_OPTIMIZATION_LEVEL = "-O";
				VALIDATE_PRODUCT = YES;
			};
			name = Release;
		};
		DA5845A327A54E9B00104409 /* Debug */ = {
			isa = XCBuildConfiguration;
			buildSettings = {
				ASSETCATALOG_COMPILER_APPICON_NAME = AppIcon;
				ASSETCATALOG_COMPILER_GLOBAL_ACCENT_COLOR_NAME = AccentColor;
				CODE_SIGN_STYLE = Automatic;
				CURRENT_PROJECT_VERSION = 1;
				DEVELOPMENT_ASSET_PATHS = "\"PhotoLock/Preview Content\"";
				DEVELOPMENT_TEAM = 8SLPVCR4L7;
				ENABLE_PREVIEWS = YES;
				GENERATE_INFOPLIST_FILE = YES;
				INFOPLIST_FILE = PhotoLock/Info.plist;
				INFOPLIST_KEY_NSFaceIDUsageDescription = "페이스 아이디로 잠금해제를 할 수 있습니다.\n등록하시겠습니까?";
				INFOPLIST_KEY_NSPhotoLibraryAddUsageDescription = "사진 허용";
				INFOPLIST_KEY_UIApplicationSceneManifest_Generation = YES;
				INFOPLIST_KEY_UIApplicationSupportsIndirectInputEvents = YES;
				INFOPLIST_KEY_UILaunchScreen_Generation = YES;
				INFOPLIST_KEY_UISupportedInterfaceOrientations_iPad = "UIInterfaceOrientationPortrait UIInterfaceOrientationPortraitUpsideDown UIInterfaceOrientationLandscapeLeft UIInterfaceOrientationLandscapeRight";
				INFOPLIST_KEY_UISupportedInterfaceOrientations_iPhone = "UIInterfaceOrientationPortrait UIInterfaceOrientationLandscapeLeft UIInterfaceOrientationLandscapeRight";
				IPHONEOS_DEPLOYMENT_TARGET = 14.0;
				LD_RUNPATH_SEARCH_PATHS = (
					"$(inherited)",
					"@executable_path/Frameworks",
				);
				MARKETING_VERSION = 1.0;
				PRODUCT_BUNDLE_IDENTIFIER = choraeng.PhotoLock;
				PRODUCT_NAME = "$(TARGET_NAME)";
				SWIFT_EMIT_LOC_STRINGS = YES;
				SWIFT_VERSION = 5.0;
				TARGETED_DEVICE_FAMILY = "1,2";
			};
			name = Debug;
		};
		DA5845A427A54E9B00104409 /* Release */ = {
			isa = XCBuildConfiguration;
			buildSettings = {
				ASSETCATALOG_COMPILER_APPICON_NAME = AppIcon;
				ASSETCATALOG_COMPILER_GLOBAL_ACCENT_COLOR_NAME = AccentColor;
				CODE_SIGN_STYLE = Automatic;
				CURRENT_PROJECT_VERSION = 1;
				DEVELOPMENT_ASSET_PATHS = "\"PhotoLock/Preview Content\"";
				DEVELOPMENT_TEAM = 8SLPVCR4L7;
				ENABLE_PREVIEWS = YES;
				GENERATE_INFOPLIST_FILE = YES;
				INFOPLIST_FILE = PhotoLock/Info.plist;
				INFOPLIST_KEY_NSFaceIDUsageDescription = "페이스 아이디로 잠금해제를 할 수 있습니다.\n등록하시겠습니까?";
				INFOPLIST_KEY_NSPhotoLibraryAddUsageDescription = "사진 허용";
				INFOPLIST_KEY_UIApplicationSceneManifest_Generation = YES;
				INFOPLIST_KEY_UIApplicationSupportsIndirectInputEvents = YES;
				INFOPLIST_KEY_UILaunchScreen_Generation = YES;
				INFOPLIST_KEY_UISupportedInterfaceOrientations_iPad = "UIInterfaceOrientationPortrait UIInterfaceOrientationPortraitUpsideDown UIInterfaceOrientationLandscapeLeft UIInterfaceOrientationLandscapeRight";
				INFOPLIST_KEY_UISupportedInterfaceOrientations_iPhone = "UIInterfaceOrientationPortrait UIInterfaceOrientationLandscapeLeft UIInterfaceOrientationLandscapeRight";
				IPHONEOS_DEPLOYMENT_TARGET = 14.0;
				LD_RUNPATH_SEARCH_PATHS = (
					"$(inherited)",
					"@executable_path/Frameworks",
				);
				MARKETING_VERSION = 1.0;
				PRODUCT_BUNDLE_IDENTIFIER = choraeng.PhotoLock;
				PRODUCT_NAME = "$(TARGET_NAME)";
				SWIFT_EMIT_LOC_STRINGS = YES;
				SWIFT_VERSION = 5.0;
				TARGETED_DEVICE_FAMILY = "1,2";
			};
			name = Release;
		};
/* End XCBuildConfiguration section */

/* Begin XCConfigurationList section */
		DA58458A27A54E9A00104409 /* Build configuration list for PBXProject "PhotoLock" */ = {
			isa = XCConfigurationList;
			buildConfigurations = (
				DA5845A027A54E9B00104409 /* Debug */,
				DA5845A127A54E9B00104409 /* Release */,
			);
			defaultConfigurationIsVisible = 0;
			defaultConfigurationName = Release;
		};
		DA5845A227A54E9B00104409 /* Build configuration list for PBXNativeTarget "PhotoLock" */ = {
			isa = XCConfigurationList;
			buildConfigurations = (
				DA5845A327A54E9B00104409 /* Debug */,
				DA5845A427A54E9B00104409 /* Release */,
			);
			defaultConfigurationIsVisible = 0;
			defaultConfigurationName = Release;
		};
/* End XCConfigurationList section */

/* Begin XCVersionGroup section */
		DAC15BD427A5925A008D4D32 /* PhotoLock.xcdatamodeld */ = {
			isa = XCVersionGroup;
			children = (
				DAC15BD527A5925A008D4D32 /* PhotoLock.xcdatamodel */,
			);
			currentVersion = DAC15BD527A5925A008D4D32 /* PhotoLock.xcdatamodel */;
			path = PhotoLock.xcdatamodeld;
			sourceTree = "<group>";
			versionGroupType = wrapper.xcdatamodel;
		};
/* End XCVersionGroup section */
	};
	rootObject = DA58458727A54E9A00104409 /* Project object */;
}
