// !$*UTF8*$!
{
	archiveVersion = 1;
	classes = {
	};
	objectVersion = 55;
	objects = {

/* Begin PBXBuildFile section */
		DA2B361327523D19002A2C87 /* PasswordModel.swift in Sources */ = {isa = PBXBuildFile; fileRef = DA2B361227523D19002A2C87 /* PasswordModel.swift */; };
		DA2B362727525318002A2C87 /* VerifyEmailView.swift in Sources */ = {isa = PBXBuildFile; fileRef = DA2B362627525318002A2C87 /* VerifyEmailView.swift */; };
		DA2B36292754D615002A2C87 /* NavigationBar.swift in Sources */ = {isa = PBXBuildFile; fileRef = DA2B36282754D615002A2C87 /* NavigationBar.swift */; };
		DA306A5227632CB70092B2BE /* albumCell.swift in Sources */ = {isa = PBXBuildFile; fileRef = DA306A5127632CB70092B2BE /* albumCell.swift */; };
		DA32144C272D65F40017C42A /* PhotoLockApp.swift in Sources */ = {isa = PBXBuildFile; fileRef = DA32144B272D65F40017C42A /* PhotoLockApp.swift */; };
		DA32144E272D65F40017C42A /* ContentView.swift in Sources */ = {isa = PBXBuildFile; fileRef = DA32144D272D65F40017C42A /* ContentView.swift */; };
		DA321450272D65F50017C42A /* Assets.xcassets in Resources */ = {isa = PBXBuildFile; fileRef = DA32144F272D65F50017C42A /* Assets.xcassets */; };
		DA321453272D65F50017C42A /* Preview Assets.xcassets in Resources */ = {isa = PBXBuildFile; fileRef = DA321452272D65F50017C42A /* Preview Assets.xcassets */; };
		DA321455272D65F50017C42A /* Persistence.swift in Sources */ = {isa = PBXBuildFile; fileRef = DA321454272D65F50017C42A /* Persistence.swift */; };
		DA321458272D65F50017C42A /* PhotoLock.xcdatamodeld in Sources */ = {isa = PBXBuildFile; fileRef = DA321456272D65F50017C42A /* PhotoLock.xcdatamodeld */; };
		DA32146D273143C30017C42A /* tempPasswordView.swift in Sources */ = {isa = PBXBuildFile; fileRef = DA32146C273143C30017C42A /* tempPasswordView.swift */; };
		DA321471273147AE0017C42A /* Pincode.swift in Sources */ = {isa = PBXBuildFile; fileRef = DA321470273147AE0017C42A /* Pincode.swift */; };
		DA321473273147B40017C42A /* Alphanumeric.swift in Sources */ = {isa = PBXBuildFile; fileRef = DA321472273147B40017C42A /* Alphanumeric.swift */; };
		DA321475273153000017C42A /* passwordView.swift in Sources */ = {isa = PBXBuildFile; fileRef = DA321474273153000017C42A /* passwordView.swift */; };
		DA321477273153450017C42A /* Keyboard.swift in Sources */ = {isa = PBXBuildFile; fileRef = DA321476273153450017C42A /* Keyboard.swift */; };
		DA32147A273153C20017C42A /* SetPasswordView.swift in Sources */ = {isa = PBXBuildFile; fileRef = DA321479273153C20017C42A /* SetPasswordView.swift */; };
		DA32147D273154760017C42A /* toast.swift in Sources */ = {isa = PBXBuildFile; fileRef = DA32147C273154760017C42A /* toast.swift */; };
		DA32147F273155840017C42A /* ResetPasswordView.swift in Sources */ = {isa = PBXBuildFile; fileRef = DA32147E273155840017C42A /* ResetPasswordView.swift */; };
		DA32148127315F5F0017C42A /* AppStateModel.swift in Sources */ = {isa = PBXBuildFile; fileRef = DA32148027315F5F0017C42A /* AppStateModel.swift */; };
		DA3214832736477D0017C42A /* Palette.swift in Sources */ = {isa = PBXBuildFile; fileRef = DA3214822736477D0017C42A /* Palette.swift */; };
		DA32148527379F1C0017C42A /* UnlockAppView.swift in Sources */ = {isa = PBXBuildFile; fileRef = DA32148427379F1C0017C42A /* UnlockAppView.swift */; };
		DA5C24C9275F87B6005BAC61 /* PartialSheet in Frameworks */ = {isa = PBXBuildFile; productRef = DA5C24C8275F87B6005BAC61 /* PartialSheet */; };
		DA5C24CB275F98F9005BAC61 /* BottomSheet.swift in Sources */ = {isa = PBXBuildFile; fileRef = DA5C24CA275F98F9005BAC61 /* BottomSheet.swift */; };
		DA5C24D12760D2BC005BAC61 /* MainGridView.swift in Sources */ = {isa = PBXBuildFile; fileRef = DA5C24D02760D2BC005BAC61 /* MainGridView.swift */; };
		DA5C24D32760D2EF005BAC61 /* MainListView.swift in Sources */ = {isa = PBXBuildFile; fileRef = DA5C24D22760D2EF005BAC61 /* MainListView.swift */; };
		DA5C24D52760D3FF005BAC61 /* photoDataList.swift in Sources */ = {isa = PBXBuildFile; fileRef = DA5C24D42760D3FF005BAC61 /* photoDataList.swift */; };
		DA85112627619189009D23A4 /* MainView.swift in Sources */ = {isa = PBXBuildFile; fileRef = DA85112527619189009D23A4 /* MainView.swift */; };
		DA8511282761921D009D23A4 /* MainNavigationView.swift in Sources */ = {isa = PBXBuildFile; fileRef = DA8511272761921D009D23A4 /* MainNavigationView.swift */; };
		DA85112A2761BBEA009D23A4 /* MainTabBar.swift in Sources */ = {isa = PBXBuildFile; fileRef = DA8511292761BBEA009D23A4 /* MainTabBar.swift */; };
/* End PBXBuildFile section */

/* Begin PBXFileReference section */
		DA2B361227523D19002A2C87 /* PasswordModel.swift */ = {isa = PBXFileReference; fileEncoding = 4; lastKnownFileType = sourcecode.swift; path = PasswordModel.swift; sourceTree = "<group>"; };
		DA2B362627525318002A2C87 /* VerifyEmailView.swift */ = {isa = PBXFileReference; fileEncoding = 4; lastKnownFileType = sourcecode.swift; path = VerifyEmailView.swift; sourceTree = "<group>"; };
		DA2B36282754D615002A2C87 /* NavigationBar.swift */ = {isa = PBXFileReference; lastKnownFileType = sourcecode.swift; path = NavigationBar.swift; sourceTree = "<group>"; };
		DA306A5127632CB70092B2BE /* albumCell.swift */ = {isa = PBXFileReference; lastKnownFileType = sourcecode.swift; path = albumCell.swift; sourceTree = "<group>"; };
		DA321448272D65F40017C42A /* PhotoLock.app */ = {isa = PBXFileReference; explicitFileType = wrapper.application; includeInIndex = 0; path = PhotoLock.app; sourceTree = BUILT_PRODUCTS_DIR; };
		DA32144B272D65F40017C42A /* PhotoLockApp.swift */ = {isa = PBXFileReference; lastKnownFileType = sourcecode.swift; path = PhotoLockApp.swift; sourceTree = "<group>"; };
		DA32144D272D65F40017C42A /* ContentView.swift */ = {isa = PBXFileReference; lastKnownFileType = sourcecode.swift; path = ContentView.swift; sourceTree = "<group>"; };
		DA32144F272D65F50017C42A /* Assets.xcassets */ = {isa = PBXFileReference; lastKnownFileType = folder.assetcatalog; path = Assets.xcassets; sourceTree = "<group>"; };
		DA321452272D65F50017C42A /* Preview Assets.xcassets */ = {isa = PBXFileReference; lastKnownFileType = folder.assetcatalog; path = "Preview Assets.xcassets"; sourceTree = "<group>"; };
		DA321454272D65F50017C42A /* Persistence.swift */ = {isa = PBXFileReference; lastKnownFileType = sourcecode.swift; path = Persistence.swift; sourceTree = "<group>"; };
		DA321457272D65F50017C42A /* PhotoLock.xcdatamodel */ = {isa = PBXFileReference; lastKnownFileType = wrapper.xcdatamodel; path = PhotoLock.xcdatamodel; sourceTree = "<group>"; };
		DA32146C273143C30017C42A /* tempPasswordView.swift */ = {isa = PBXFileReference; lastKnownFileType = sourcecode.swift; path = tempPasswordView.swift; sourceTree = "<group>"; };
		DA321470273147AE0017C42A /* Pincode.swift */ = {isa = PBXFileReference; lastKnownFileType = sourcecode.swift; path = Pincode.swift; sourceTree = "<group>"; };
		DA321472273147B40017C42A /* Alphanumeric.swift */ = {isa = PBXFileReference; lastKnownFileType = sourcecode.swift; path = Alphanumeric.swift; sourceTree = "<group>"; };
		DA321474273153000017C42A /* passwordView.swift */ = {isa = PBXFileReference; lastKnownFileType = sourcecode.swift; path = passwordView.swift; sourceTree = "<group>"; };
		DA321476273153450017C42A /* Keyboard.swift */ = {isa = PBXFileReference; lastKnownFileType = sourcecode.swift; path = Keyboard.swift; sourceTree = "<group>"; };
		DA321479273153C20017C42A /* SetPasswordView.swift */ = {isa = PBXFileReference; lastKnownFileType = sourcecode.swift; path = SetPasswordView.swift; sourceTree = "<group>"; };
		DA32147C273154760017C42A /* toast.swift */ = {isa = PBXFileReference; lastKnownFileType = sourcecode.swift; path = toast.swift; sourceTree = "<group>"; };
		DA32147E273155840017C42A /* ResetPasswordView.swift */ = {isa = PBXFileReference; lastKnownFileType = sourcecode.swift; path = ResetPasswordView.swift; sourceTree = "<group>"; };
		DA32148027315F5F0017C42A /* AppStateModel.swift */ = {isa = PBXFileReference; lastKnownFileType = sourcecode.swift; path = AppStateModel.swift; sourceTree = "<group>"; };
		DA3214822736477D0017C42A /* Palette.swift */ = {isa = PBXFileReference; lastKnownFileType = sourcecode.swift; path = Palette.swift; sourceTree = "<group>"; };
		DA32148427379F1C0017C42A /* UnlockAppView.swift */ = {isa = PBXFileReference; lastKnownFileType = sourcecode.swift; path = UnlockAppView.swift; sourceTree = "<group>"; };
		DA3214862737E7A10017C42A /* Info.plist */ = {isa = PBXFileReference; lastKnownFileType = text.plist; path = Info.plist; sourceTree = "<group>"; };
		DA5C24CA275F98F9005BAC61 /* BottomSheet.swift */ = {isa = PBXFileReference; lastKnownFileType = sourcecode.swift; path = BottomSheet.swift; sourceTree = "<group>"; };
		DA5C24D02760D2BC005BAC61 /* MainGridView.swift */ = {isa = PBXFileReference; lastKnownFileType = sourcecode.swift; path = MainGridView.swift; sourceTree = "<group>"; };
		DA5C24D22760D2EF005BAC61 /* MainListView.swift */ = {isa = PBXFileReference; lastKnownFileType = sourcecode.swift; path = MainListView.swift; sourceTree = "<group>"; };
		DA5C24D42760D3FF005BAC61 /* photoDataList.swift */ = {isa = PBXFileReference; lastKnownFileType = sourcecode.swift; path = photoDataList.swift; sourceTree = "<group>"; };
		DA85112527619189009D23A4 /* MainView.swift */ = {isa = PBXFileReference; lastKnownFileType = sourcecode.swift; path = MainView.swift; sourceTree = "<group>"; };
		DA8511272761921D009D23A4 /* MainNavigationView.swift */ = {isa = PBXFileReference; lastKnownFileType = sourcecode.swift; path = MainNavigationView.swift; sourceTree = "<group>"; };
		DA8511292761BBEA009D23A4 /* MainTabBar.swift */ = {isa = PBXFileReference; lastKnownFileType = sourcecode.swift; path = MainTabBar.swift; sourceTree = "<group>"; };
/* End PBXFileReference section */

/* Begin PBXFrameworksBuildPhase section */
		DA321445272D65F40017C42A /* Frameworks */ = {
			isa = PBXFrameworksBuildPhase;
			buildActionMask = 2147483647;
			files = (
				DA5C24C9275F87B6005BAC61 /* PartialSheet in Frameworks */,
			);
			runOnlyForDeploymentPostprocessing = 0;
		};
/* End PBXFrameworksBuildPhase section */

/* Begin PBXGroup section */
		DA32143F272D65F40017C42A = {
			isa = PBXGroup;
			children = (
				DA32144A272D65F40017C42A /* PhotoLock */,
				DA321449272D65F40017C42A /* Products */,
			);
			sourceTree = "<group>";
		};
		DA321449272D65F40017C42A /* Products */ = {
			isa = PBXGroup;
			children = (
				DA321448272D65F40017C42A /* PhotoLock.app */,
			);
			name = Products;
			sourceTree = "<group>";
		};
		DA32144A272D65F40017C42A /* PhotoLock */ = {
			isa = PBXGroup;
			children = (
				DA3214862737E7A10017C42A /* Info.plist */,
				DA321460272D667E0017C42A /* Resources */,
				DA32145F272D66770017C42A /* Views */,
				DA32145E272D666E0017C42A /* Model */,
				DA32144B272D65F40017C42A /* PhotoLockApp.swift */,
				DA32144D272D65F40017C42A /* ContentView.swift */,
				DA32144F272D65F50017C42A /* Assets.xcassets */,
				DA321454272D65F50017C42A /* Persistence.swift */,
				DA321456272D65F50017C42A /* PhotoLock.xcdatamodeld */,
				DA321451272D65F50017C42A /* Preview Content */,
			);
			path = PhotoLock;
			sourceTree = "<group>";
		};
		DA321451272D65F50017C42A /* Preview Content */ = {
			isa = PBXGroup;
			children = (
				DA321452272D65F50017C42A /* Preview Assets.xcassets */,
			);
			path = "Preview Content";
			sourceTree = "<group>";
		};
		DA32145E272D666E0017C42A /* Model */ = {
			isa = PBXGroup;
			children = (
				DA2B361227523D19002A2C87 /* PasswordModel.swift */,
				DA32148027315F5F0017C42A /* AppStateModel.swift */,
				DA3214822736477D0017C42A /* Palette.swift */,
			);
			path = Model;
			sourceTree = "<group>";
		};
		DA32145F272D66770017C42A /* Views */ = {
			isa = PBXGroup;
			children = (
				DA5C24CC2760CD29005BAC61 /* main */,
				DA32147B2731546D0017C42A /* help */,
				DA32146B273143B30017C42A /* tempView */,
				DA321461272D668B0017C42A /* Password */,
			);
			path = Views;
			sourceTree = "<group>";
		};
		DA321460272D667E0017C42A /* Resources */ = {
			isa = PBXGroup;
			children = (
			);
			path = Resources;
			sourceTree = "<group>";
		};
		DA321461272D668B0017C42A /* Password */ = {
			isa = PBXGroup;
			children = (
				DA2B362627525318002A2C87 /* VerifyEmailView.swift */,
				DA321478273153AF0017C42A /* help */,
				DA321474273153000017C42A /* passwordView.swift */,
				DA321479273153C20017C42A /* SetPasswordView.swift */,
				DA32147E273155840017C42A /* ResetPasswordView.swift */,
				DA32148427379F1C0017C42A /* UnlockAppView.swift */,
			);
			path = Password;
			sourceTree = "<group>";
		};
		DA32146B273143B30017C42A /* tempView */ = {
			isa = PBXGroup;
			children = (
				DA32146C273143C30017C42A /* tempPasswordView.swift */,
			);
			path = tempView;
			sourceTree = "<group>";
		};
		DA321478273153AF0017C42A /* help */ = {
			isa = PBXGroup;
			children = (
				DA321470273147AE0017C42A /* Pincode.swift */,
				DA321472273147B40017C42A /* Alphanumeric.swift */,
				DA321476273153450017C42A /* Keyboard.swift */,
			);
			path = help;
			sourceTree = "<group>";
		};
		DA32147B2731546D0017C42A /* help */ = {
			isa = PBXGroup;
			children = (
				DA32147C273154760017C42A /* toast.swift */,
				DA2B36282754D615002A2C87 /* NavigationBar.swift */,
				DA5C24CA275F98F9005BAC61 /* BottomSheet.swift */,
			);
			path = help;
			sourceTree = "<group>";
		};
		DA5C24CC2760CD29005BAC61 /* main */ = {
			isa = PBXGroup;
			children = (
				DA5C24CD2760CD41005BAC61 /* help */,
				DA5C24D02760D2BC005BAC61 /* MainGridView.swift */,
				DA5C24D22760D2EF005BAC61 /* MainListView.swift */,
				DA5C24D42760D3FF005BAC61 /* photoDataList.swift */,
				DA85112527619189009D23A4 /* MainView.swift */,
				DA8511272761921D009D23A4 /* MainNavigationView.swift */,
				DA8511292761BBEA009D23A4 /* MainTabBar.swift */,
			);
			path = main;
			sourceTree = "<group>";
		};
		DA5C24CD2760CD41005BAC61 /* help */ = {
			isa = PBXGroup;
			children = (
				DA306A5127632CB70092B2BE /* albumCell.swift */,
			);
			path = help;
			sourceTree = "<group>";
		};
/* End PBXGroup section */

/* Begin PBXNativeTarget section */
		DA321447272D65F40017C42A /* PhotoLock */ = {
			isa = PBXNativeTarget;
			buildConfigurationList = DA32145B272D65F50017C42A /* Build configuration list for PBXNativeTarget "PhotoLock" */;
			buildPhases = (
				DA321444272D65F40017C42A /* Sources */,
				DA321445272D65F40017C42A /* Frameworks */,
				DA321446272D65F40017C42A /* Resources */,
			);
			buildRules = (
			);
			dependencies = (
			);
			name = PhotoLock;
			packageProductDependencies = (
				DA5C24C8275F87B6005BAC61 /* PartialSheet */,
			);
			productName = PhotoLock;
			productReference = DA321448272D65F40017C42A /* PhotoLock.app */;
			productType = "com.apple.product-type.application";
		};
/* End PBXNativeTarget section */

/* Begin PBXProject section */
		DA321440272D65F40017C42A /* Project object */ = {
			isa = PBXProject;
			attributes = {
				BuildIndependentTargetsInParallel = 1;
				LastSwiftUpdateCheck = 1300;
				LastUpgradeCheck = 1300;
				TargetAttributes = {
					DA321447272D65F40017C42A = {
						CreatedOnToolsVersion = 13.0;
					};
				};
			};
			buildConfigurationList = DA321443272D65F40017C42A /* Build configuration list for PBXProject "PhotoLock" */;
			compatibilityVersion = "Xcode 13.0";
			developmentRegion = en;
			hasScannedForEncodings = 0;
			knownRegions = (
				en,
				Base,
			);
			mainGroup = DA32143F272D65F40017C42A;
			packageReferences = (
				DA5C24C7275F87B6005BAC61 /* XCRemoteSwiftPackageReference "PartialSheet" */,
			);
			productRefGroup = DA321449272D65F40017C42A /* Products */;
			projectDirPath = "";
			projectRoot = "";
			targets = (
				DA321447272D65F40017C42A /* PhotoLock */,
			);
		};
/* End PBXProject section */

/* Begin PBXResourcesBuildPhase section */
		DA321446272D65F40017C42A /* Resources */ = {
			isa = PBXResourcesBuildPhase;
			buildActionMask = 2147483647;
			files = (
				DA321453272D65F50017C42A /* Preview Assets.xcassets in Resources */,
				DA321450272D65F50017C42A /* Assets.xcassets in Resources */,
			);
			runOnlyForDeploymentPostprocessing = 0;
		};
/* End PBXResourcesBuildPhase section */

/* Begin PBXSourcesBuildPhase section */
		DA321444272D65F40017C42A /* Sources */ = {
			isa = PBXSourcesBuildPhase;
			buildActionMask = 2147483647;
			files = (
				DA32147D273154760017C42A /* toast.swift in Sources */,
				DA85112627619189009D23A4 /* MainView.swift in Sources */,
				DA2B361327523D19002A2C87 /* PasswordModel.swift in Sources */,
				DA5C24D12760D2BC005BAC61 /* MainGridView.swift in Sources */,
				DA321455272D65F50017C42A /* Persistence.swift in Sources */,
				DA321477273153450017C42A /* Keyboard.swift in Sources */,
				DA321458272D65F50017C42A /* PhotoLock.xcdatamodeld in Sources */,
				DA3214832736477D0017C42A /* Palette.swift in Sources */,
				DA5C24CB275F98F9005BAC61 /* BottomSheet.swift in Sources */,
				DA32148527379F1C0017C42A /* UnlockAppView.swift in Sources */,
				DA2B362727525318002A2C87 /* VerifyEmailView.swift in Sources */,
				DA32144E272D65F40017C42A /* ContentView.swift in Sources */,
				DA85112A2761BBEA009D23A4 /* MainTabBar.swift in Sources */,
				DA306A5227632CB70092B2BE /* albumCell.swift in Sources */,
				DA32147F273155840017C42A /* ResetPasswordView.swift in Sources */,
				DA321471273147AE0017C42A /* Pincode.swift in Sources */,
				DA32146D273143C30017C42A /* tempPasswordView.swift in Sources */,
				DA321473273147B40017C42A /* Alphanumeric.swift in Sources */,
				DA5C24D32760D2EF005BAC61 /* MainListView.swift in Sources */,
				DA321475273153000017C42A /* passwordView.swift in Sources */,
				DA2B36292754D615002A2C87 /* NavigationBar.swift in Sources */,
				DA32148127315F5F0017C42A /* AppStateModel.swift in Sources */,
				DA32147A273153C20017C42A /* SetPasswordView.swift in Sources */,
				DA32144C272D65F40017C42A /* PhotoLockApp.swift in Sources */,
				DA8511282761921D009D23A4 /* MainNavigationView.swift in Sources */,
				DA5C24D52760D3FF005BAC61 /* photoDataList.swift in Sources */,
			);
			runOnlyForDeploymentPostprocessing = 0;
		};
/* End PBXSourcesBuildPhase section */

/* Begin XCBuildConfiguration section */
		DA321459272D65F50017C42A /* Debug */ = {
			isa = XCBuildConfiguration;
			buildSettings = {
				ALWAYS_SEARCH_USER_PATHS = NO;
				CLANG_ANALYZER_NONNULL = YES;
				CLANG_ANALYZER_NUMBER_OBJECT_CONVERSION = YES_AGGRESSIVE;
				CLANG_CXX_LANGUAGE_STANDARD = "gnu++17";
				CLANG_CXX_LIBRARY = "libc++";
				CLANG_ENABLE_MODULES = YES;
				CLANG_ENABLE_OBJC_ARC = YES;
				CLANG_ENABLE_OBJC_WEAK = YES;
				CLANG_WARN_BLOCK_CAPTURE_AUTORELEASING = YES;
				CLANG_WARN_BOOL_CONVERSION = YES;
				CLANG_WARN_COMMA = YES;
				CLANG_WARN_CONSTANT_CONVERSION = YES;
				CLANG_WARN_DEPRECATED_OBJC_IMPLEMENTATIONS = YES;
				CLANG_WARN_DIRECT_OBJC_ISA_USAGE = YES_ERROR;
				CLANG_WARN_DOCUMENTATION_COMMENTS = YES;
				CLANG_WARN_EMPTY_BODY = YES;
				CLANG_WARN_ENUM_CONVERSION = YES;
				CLANG_WARN_INFINITE_RECURSION = YES;
				CLANG_WARN_INT_CONVERSION = YES;
				CLANG_WARN_NON_LITERAL_NULL_CONVERSION = YES;
				CLANG_WARN_OBJC_IMPLICIT_RETAIN_SELF = YES;
				CLANG_WARN_OBJC_LITERAL_CONVERSION = YES;
				CLANG_WARN_OBJC_ROOT_CLASS = YES_ERROR;
				CLANG_WARN_QUOTED_INCLUDE_IN_FRAMEWORK_HEADER = YES;
				CLANG_WARN_RANGE_LOOP_ANALYSIS = YES;
				CLANG_WARN_STRICT_PROTOTYPES = YES;
				CLANG_WARN_SUSPICIOUS_MOVE = YES;
				CLANG_WARN_UNGUARDED_AVAILABILITY = YES_AGGRESSIVE;
				CLANG_WARN_UNREACHABLE_CODE = YES;
				CLANG_WARN__DUPLICATE_METHOD_MATCH = YES;
				COPY_PHASE_STRIP = NO;
				DEBUG_INFORMATION_FORMAT = dwarf;
				ENABLE_STRICT_OBJC_MSGSEND = YES;
				ENABLE_TESTABILITY = YES;
				GCC_C_LANGUAGE_STANDARD = gnu11;
				GCC_DYNAMIC_NO_PIC = NO;
				GCC_NO_COMMON_BLOCKS = YES;
				GCC_OPTIMIZATION_LEVEL = 0;
				GCC_PREPROCESSOR_DEFINITIONS = (
					"DEBUG=1",
					"$(inherited)",
				);
				GCC_WARN_64_TO_32_BIT_CONVERSION = YES;
				GCC_WARN_ABOUT_RETURN_TYPE = YES_ERROR;
				GCC_WARN_UNDECLARED_SELECTOR = YES;
				GCC_WARN_UNINITIALIZED_AUTOS = YES_AGGRESSIVE;
				GCC_WARN_UNUSED_FUNCTION = YES;
				GCC_WARN_UNUSED_VARIABLE = YES;
				IPHONEOS_DEPLOYMENT_TARGET = 15.0;
				MTL_ENABLE_DEBUG_INFO = INCLUDE_SOURCE;
				MTL_FAST_MATH = YES;
				ONLY_ACTIVE_ARCH = YES;
				SDKROOT = iphoneos;
				SWIFT_ACTIVE_COMPILATION_CONDITIONS = DEBUG;
				SWIFT_OPTIMIZATION_LEVEL = "-Onone";
			};
			name = Debug;
		};
		DA32145A272D65F50017C42A /* Release */ = {
			isa = XCBuildConfiguration;
			buildSettings = {
				ALWAYS_SEARCH_USER_PATHS = NO;
				CLANG_ANALYZER_NONNULL = YES;
				CLANG_ANALYZER_NUMBER_OBJECT_CONVERSION = YES_AGGRESSIVE;
				CLANG_CXX_LANGUAGE_STANDARD = "gnu++17";
				CLANG_CXX_LIBRARY = "libc++";
				CLANG_ENABLE_MODULES = YES;
				CLANG_ENABLE_OBJC_ARC = YES;
				CLANG_ENABLE_OBJC_WEAK = YES;
				CLANG_WARN_BLOCK_CAPTURE_AUTORELEASING = YES;
				CLANG_WARN_BOOL_CONVERSION = YES;
				CLANG_WARN_COMMA = YES;
				CLANG_WARN_CONSTANT_CONVERSION = YES;
				CLANG_WARN_DEPRECATED_OBJC_IMPLEMENTATIONS = YES;
				CLANG_WARN_DIRECT_OBJC_ISA_USAGE = YES_ERROR;
				CLANG_WARN_DOCUMENTATION_COMMENTS = YES;
				CLANG_WARN_EMPTY_BODY = YES;
				CLANG_WARN_ENUM_CONVERSION = YES;
				CLANG_WARN_INFINITE_RECURSION = YES;
				CLANG_WARN_INT_CONVERSION = YES;
				CLANG_WARN_NON_LITERAL_NULL_CONVERSION = YES;
				CLANG_WARN_OBJC_IMPLICIT_RETAIN_SELF = YES;
				CLANG_WARN_OBJC_LITERAL_CONVERSION = YES;
				CLANG_WARN_OBJC_ROOT_CLASS = YES_ERROR;
				CLANG_WARN_QUOTED_INCLUDE_IN_FRAMEWORK_HEADER = YES;
				CLANG_WARN_RANGE_LOOP_ANALYSIS = YES;
				CLANG_WARN_STRICT_PROTOTYPES = YES;
				CLANG_WARN_SUSPICIOUS_MOVE = YES;
				CLANG_WARN_UNGUARDED_AVAILABILITY = YES_AGGRESSIVE;
				CLANG_WARN_UNREACHABLE_CODE = YES;
				CLANG_WARN__DUPLICATE_METHOD_MATCH = YES;
				COPY_PHASE_STRIP = NO;
				DEBUG_INFORMATION_FORMAT = "dwarf-with-dsym";
				ENABLE_NS_ASSERTIONS = NO;
				ENABLE_STRICT_OBJC_MSGSEND = YES;
				GCC_C_LANGUAGE_STANDARD = gnu11;
				GCC_NO_COMMON_BLOCKS = YES;
				GCC_WARN_64_TO_32_BIT_CONVERSION = YES;
				GCC_WARN_ABOUT_RETURN_TYPE = YES_ERROR;
				GCC_WARN_UNDECLARED_SELECTOR = YES;
				GCC_WARN_UNINITIALIZED_AUTOS = YES_AGGRESSIVE;
				GCC_WARN_UNUSED_FUNCTION = YES;
				GCC_WARN_UNUSED_VARIABLE = YES;
				IPHONEOS_DEPLOYMENT_TARGET = 15.0;
				MTL_ENABLE_DEBUG_INFO = NO;
				MTL_FAST_MATH = YES;
				SDKROOT = iphoneos;
				SWIFT_COMPILATION_MODE = wholemodule;
				SWIFT_OPTIMIZATION_LEVEL = "-O";
				VALIDATE_PRODUCT = YES;
			};
			name = Release;
		};
		DA32145C272D65F50017C42A /* Debug */ = {
			isa = XCBuildConfiguration;
			buildSettings = {
				ASSETCATALOG_COMPILER_APPICON_NAME = AppIcon;
				ASSETCATALOG_COMPILER_GLOBAL_ACCENT_COLOR_NAME = AccentColor;
				CODE_SIGN_STYLE = Automatic;
				CURRENT_PROJECT_VERSION = 1;
				DEVELOPMENT_ASSET_PATHS = "\"PhotoLock/Preview Content\"";
				DEVELOPMENT_TEAM = 8SLPVCR4L7;
				ENABLE_PREVIEWS = YES;
				GENERATE_INFOPLIST_FILE = YES;
				INFOPLIST_FILE = PhotoLock/Info.plist;
				INFOPLIST_KEY_NSFaceIDUsageDescription = "페이스 아이디로 잠금해제를 할 수 있습니다.\n등록하시겠습니까?";
				INFOPLIST_KEY_UIApplicationSceneManifest_Generation = YES;
				INFOPLIST_KEY_UIApplicationSupportsIndirectInputEvents = YES;
				INFOPLIST_KEY_UILaunchScreen_Generation = YES;
				INFOPLIST_KEY_UISupportedInterfaceOrientations_iPad = "UIInterfaceOrientationPortrait UIInterfaceOrientationPortraitUpsideDown UIInterfaceOrientationLandscapeLeft UIInterfaceOrientationLandscapeRight";
				INFOPLIST_KEY_UISupportedInterfaceOrientations_iPhone = "UIInterfaceOrientationPortrait UIInterfaceOrientationLandscapeLeft UIInterfaceOrientationLandscapeRight";
				IPHONEOS_DEPLOYMENT_TARGET = 14.0;
				LD_RUNPATH_SEARCH_PATHS = (
					"$(inherited)",
					"@executable_path/Frameworks",
				);
				MARKETING_VERSION = 1.0.3;
				PRODUCT_BUNDLE_IDENTIFIER = choraeng.PhotoLock;
				PRODUCT_NAME = "$(TARGET_NAME)";
				SWIFT_EMIT_LOC_STRINGS = YES;
				SWIFT_VERSION = 5.0;
				TARGETED_DEVICE_FAMILY = 1;
			};
			name = Debug;
		};
		DA32145D272D65F50017C42A /* Release */ = {
			isa = XCBuildConfiguration;
			buildSettings = {
				ASSETCATALOG_COMPILER_APPICON_NAME = AppIcon;
				ASSETCATALOG_COMPILER_GLOBAL_ACCENT_COLOR_NAME = AccentColor;
				CODE_SIGN_STYLE = Automatic;
				CURRENT_PROJECT_VERSION = 1;
				DEVELOPMENT_ASSET_PATHS = "\"PhotoLock/Preview Content\"";
				DEVELOPMENT_TEAM = 8SLPVCR4L7;
				ENABLE_PREVIEWS = YES;
				GENERATE_INFOPLIST_FILE = YES;
				INFOPLIST_FILE = PhotoLock/Info.plist;
				INFOPLIST_KEY_NSFaceIDUsageDescription = "페이스 아이디로 잠금해제를 할 수 있습니다.\n등록하시겠습니까?";
				INFOPLIST_KEY_UIApplicationSceneManifest_Generation = YES;
				INFOPLIST_KEY_UIApplicationSupportsIndirectInputEvents = YES;
				INFOPLIST_KEY_UILaunchScreen_Generation = YES;
				INFOPLIST_KEY_UISupportedInterfaceOrientations_iPad = "UIInterfaceOrientationPortrait UIInterfaceOrientationPortraitUpsideDown UIInterfaceOrientationLandscapeLeft UIInterfaceOrientationLandscapeRight";
				INFOPLIST_KEY_UISupportedInterfaceOrientations_iPhone = "UIInterfaceOrientationPortrait UIInterfaceOrientationLandscapeLeft UIInterfaceOrientationLandscapeRight";
				IPHONEOS_DEPLOYMENT_TARGET = 14.0;
				LD_RUNPATH_SEARCH_PATHS = (
					"$(inherited)",
					"@executable_path/Frameworks",
				);
				MARKETING_VERSION = 1.0.3;
				PRODUCT_BUNDLE_IDENTIFIER = choraeng.PhotoLock;
				PRODUCT_NAME = "$(TARGET_NAME)";
				SWIFT_EMIT_LOC_STRINGS = YES;
				SWIFT_VERSION = 5.0;
				TARGETED_DEVICE_FAMILY = 1;
			};
			name = Release;
		};
/* End XCBuildConfiguration section */

/* Begin XCConfigurationList section */
		DA321443272D65F40017C42A /* Build configuration list for PBXProject "PhotoLock" */ = {
			isa = XCConfigurationList;
			buildConfigurations = (
				DA321459272D65F50017C42A /* Debug */,
				DA32145A272D65F50017C42A /* Release */,
			);
			defaultConfigurationIsVisible = 0;
			defaultConfigurationName = Release;
		};
		DA32145B272D65F50017C42A /* Build configuration list for PBXNativeTarget "PhotoLock" */ = {
			isa = XCConfigurationList;
			buildConfigurations = (
				DA32145C272D65F50017C42A /* Debug */,
				DA32145D272D65F50017C42A /* Release */,
			);
			defaultConfigurationIsVisible = 0;
			defaultConfigurationName = Release;
		};
/* End XCConfigurationList section */

/* Begin XCRemoteSwiftPackageReference section */
		DA5C24C7275F87B6005BAC61 /* XCRemoteSwiftPackageReference "PartialSheet" */ = {
			isa = XCRemoteSwiftPackageReference;
			repositoryURL = "https://github.com/AndreaMiotto/PartialSheet";
			requirement = {
				kind = upToNextMajorVersion;
				minimumVersion = 2.0.0;
			};
		};
/* End XCRemoteSwiftPackageReference section */

/* Begin XCSwiftPackageProductDependency section */
		DA5C24C8275F87B6005BAC61 /* PartialSheet */ = {
			isa = XCSwiftPackageProductDependency;
			package = DA5C24C7275F87B6005BAC61 /* XCRemoteSwiftPackageReference "PartialSheet" */;
			productName = PartialSheet;
		};
/* End XCSwiftPackageProductDependency section */

/* Begin XCVersionGroup section */
		DA321456272D65F50017C42A /* PhotoLock.xcdatamodeld */ = {
			isa = XCVersionGroup;
			children = (
				DA321457272D65F50017C42A /* PhotoLock.xcdatamodel */,
			);
			currentVersion = DA321457272D65F50017C42A /* PhotoLock.xcdatamodel */;
			path = PhotoLock.xcdatamodeld;
			sourceTree = "<group>";
			versionGroupType = wrapper.xcdatamodel;
		};
/* End XCVersionGroup section */
	};
	rootObject = DA321440272D65F40017C42A /* Project object */;
}
